version = 1
revision = 3
requires-python = ">=3.9"
resolution-markers = [
    "python_full_version >= '3.10'",
    "python_full_version < '3.10'",
]

[[package]]
name = "anyio"
version = "4.12.1"
source = { registry = "https://pypi.org/simple" }
resolution-markers = [
    "python_full_version < '3.10'",
]
dependencies = [
    { name = "exceptiongroup", marker = "python_full_version < '3.10'" },
    { name = "idna", marker = "python_full_version < '3.10'" },
    { name = "typing-extensions", marker = "python_full_version < '3.10'" },
]
sdist = { url = "https://files.pythonhosted.org/packages/96/f0/5eb65b2bb0d09ac6776f2eb54adee6abe8228ea05b20a5ad0e4945de8aac/anyio-4.12.1.tar.gz", hash = "sha256:41cfcc3a4c85d3f05c932da7c26d0201ac36f72abd4435ba90d0464a3ffed703", size = 228685, upload-time = "2026-01-06T11:45:21.246Z" }
wheels = [
    { url = "https://files.pythonhosted.org/packages/38/0e/27be9fdef66e72d64c0cdc3cc2823101b80585f8119b5c112c2e8f5f7dab/anyio-4.12.1-py3-none-any.whl", hash = "sha256:d405828884fc140aa80a3c667b8beed277f1dfedec42ba031bd6ac3db606ab6c", size = 113592, upload-time = "2026-01-06T11:45:19.497Z" },
]

[[package]]
name = "anyio"
version = "4.13.0"
source = { registry = "https://pypi.org/simple" }
resolution-markers = [
    "python_full_version >= '3.10'",
]
dependencies = [
    { name = "exceptiongroup", marker = "python_full_version == '3.10.*'" },
    { name = "idna", marker = "python_full_version >= '3.10'" },
    { name = "typing-extensions", marker = "python_full_version >= '3.10' and python_full_version < '3.13'" },
]
sdist = { url = "https://files.pythonhosted.org/packages/19/14/2c5dd9f512b66549ae92767a9c7b330ae88e1932ca57876909410251fe13/anyio-4.13.0.tar.gz", hash = "sha256:334b70e641fd2221c1505b3890c69882fe4a2df910cba14d97019b90b24439dc", size = 231622, upload-time = "2026-03-24T12:59:09.671Z" }
wheels = [
    { url = "https://files.pythonhosted.org/packages/da/42/e921fccf5015463e32a3cf6ee7f980a6ed0f395ceeaa45060b61d86486c2/anyio-4.13.0-py3-none-any.whl", hash = "sha256:08b310f9e24a9594186fd75b4f73f4a4152069e3853f1ed8bfbf58369f4ad708", size = 114353, upload-time = "2026-03-24T12:59:08.246Z" },
]

[[package]]
name = "click"
version = "8.1.8"
source = { registry = "https://pypi.org/simple" }
resolution-markers = [
    "python_full_version < '3.10'",
]
dependencies = [
    { name = "colorama", marker = "python_full_version < '3.10' and sys_platform == 'win32'" },
]
sdist = { url = "https://files.pythonhosted.org/packages/b9/2e/0090cbf739cee7d23781ad4b89a9894a41538e4fcf4c31dcdd705b78eb8b/click-8.1.8.tar.gz", hash = "sha256:ed53c9d8990d83c2a27deae68e4ee337473f6330c040a31d4225c9574d16096a", size = 226593, upload-time = "2024-12-21T18:38:44.339Z" }
wheels = [
    { url = "https://files.pythonhosted.org/packages/7e/d4/7ebdbd03970677812aac39c869717059dbb71a4cfc033ca6e5221787892c/click-8.1.8-py3-none-any.whl", hash = "sha256:63c132bbbed01578a06712a2d1f497bb62d9c1c0d329b7903a866228027263b2", size = 98188, upload-time = "2024-12-21T18:38:41.666Z" },
]

[[package]]
name = "click"
version = "8.3.1"
source = { registry = "https://pypi.org/simple" }
resolution-markers = [
    "python_full_version >= '3.10'",
]
dependencies = [
    { name = "colorama", marker = "python_full_version >= '3.10' and sys_platform == 'win32'" },
]
sdist = { url = "https://files.pythonhosted.org/packages/3d/fa/656b739db8587d7b5dfa22e22ed02566950fbfbcdc20311993483657a5c0/click-8.3.1.tar.gz", hash = "sha256:12ff4785d337a1bb490bb7e9c2b1ee5da3112e94a8622f26a6c77f5d2fc6842a", size = 295065, upload-time = "2025-11-15T20:45:42.706Z" }
wheels = [
    { url = "https://files.pythonhosted.org/packages/98/78/01c019cdb5d6498122777c1a43056ebb3ebfeef2076d9d026bfe15583b2b/click-8.3.1-py3-none-any.whl", hash = "sha256:981153a64e25f12d547d3426c367a4857371575ee7ad18df2a6183ab0545b2a6", size = 108274, upload-time = "2025-11-15T20:45:41.139Z" },
]

[[package]]
name = "colorama"
version = "0.4.6"
source = { registry = "https://pypi.org/simple" }
sdist = { url = "https://files.pythonhosted.org/packages/d8/53/6f443c9a4a8358a93a6792e2acffb9d9d5cb0a5cfd8802644b7b1c9a02e4/colorama-0.4.6.tar.gz", hash = "sha256:08695f5cb7ed6e0531a20572697297273c47b8cae5a63ffc6d6ed5c201be6e44", size = 27697, upload-time = "2022-10-25T02:36:22.414Z" }
wheels = [
    { url = "https://files.pythonhosted.org/packages/d1/d6/3965ed04c63042e047cb6a3e6ed1a63a35087b6a609aa3a15ed8ac56c221/colorama-0.4.6-py2.py3-none-any.whl", hash = "sha256:4f1d9991f5acc0ca119f9d443620b77f9d6b33703e51011c16baf57afb285fc6", size = 25335, upload-time = "2022-10-25T02:36:20.889Z" },
]

[[package]]
name = "dnspython"
version = "2.7.0"
source = { registry = "https://pypi.org/simple" }
resolution-markers = [
    "python_full_version < '3.10'",
]
sdist = { url = "https://files.pythonhosted.org/packages/b5/4a/263763cb2ba3816dd94b08ad3a33d5fdae34ecb856678773cc40a3605829/dnspython-2.7.0.tar.gz", hash = "sha256:ce9c432eda0dc91cf618a5cedf1a4e142651196bbcd2c80e89ed5a907e5cfaf1", size = 345197, upload-time = "2024-10-05T20:14:59.362Z" }
wheels = [
    { url = "https://files.pythonhosted.org/packages/68/1b/e0a87d256e40e8c888847551b20a017a6b98139178505dc7ffb96f04e954/dnspython-2.7.0-py3-none-any.whl", hash = "sha256:b4c34b7d10b51bcc3a5071e7b8dee77939f1e878477eeecc965e9835f63c6c86", size = 313632, upload-time = "2024-10-05T20:14:57.687Z" },
]

[[package]]
name = "dnspython"
version = "2.8.0"
source = { registry = "https://pypi.org/simple" }
resolution-markers = [
    "python_full_version >= '3.10'",
]
sdist = { url = "https://files.pythonhosted.org/packages/8c/8b/57666417c0f90f08bcafa776861060426765fdb422eb10212086fb811d26/dnspython-2.8.0.tar.gz", hash = "sha256:181d3c6996452cb1189c4046c61599b84a5a86e099562ffde77d26984ff26d0f", size = 368251, upload-time = "2025-09-07T18:58:00.022Z" }
wheels = [
    { url = "https://files.pythonhosted.org/packages/ba/5a/18ad964b0086c6e62e2e7500f7edc89e3faa45033c71c1893d34eed2b2de/dnspython-2.8.0-py3-none-any.whl", hash = "sha256:01d9bbc4a2d76bf0db7c1f729812ded6d912bd318d3b1cf81d30c0f845dbf3af", size = 331094, upload-time = "2025-09-07T18:57:58.071Z" },
]

[[package]]
name = "exceptiongroup"
version = "1.3.1"
source = { registry = "https://pypi.org/simple" }
dependencies = [
    { name = "typing-extensions", marker = "python_full_version < '3.13'" },
]
sdist = { url = "https://files.pythonhosted.org/packages/50/79/66800aadf48771f6b62f7eb014e352e5d06856655206165d775e675a02c9/exceptiongroup-1.3.1.tar.gz", hash = "sha256:8b412432c6055b0b7d14c310000ae93352ed6754f70fa8f7c34141f91c4e3219", size = 30371, upload-time = "2025-11-21T23:01:54.787Z" }
wheels = [
    { url = "https://files.pythonhosted.org/packages/8a/0e/97c33bf5009bdbac74fd2beace167cab3f978feb69cc36f1ef79360d6c4e/exceptiongroup-1.3.1-py3-none-any.whl", hash = "sha256:a7a39a3bd276781e98394987d3a5701d0c4edffb633bb7a5144577f82c773598", size = 16740, upload-time = "2025-11-21T23:01:53.443Z" },
]

[[package]]
name = "h11"
version = "0.16.0"
source = { registry = "https://pypi.org/simple" }
sdist = { url = "https://files.pythonhosted.org/packages/01/ee/02a2c011bdab74c6fb3c75474d40b3052059d95df7e73351460c8588d963/h11-0.16.0.tar.gz", hash = "sha256:4e35b956cf45792e4caa5885e69fba00bdbc6ffafbfa020300e549b208ee5ff1", size = 101250, upload-time = "2025-04-24T03:35:25.427Z" }
wheels = [
    { url = "https://files.pythonhosted.org/packages/04/4b/29cac41a4d98d144bf5f6d33995617b185d14b22401f75ca86f384e87ff1/h11-0.16.0-py3-none-any.whl", hash = "sha256:63cf8bbe7522de3bf65932fda1d9c2772064ffb3dae62d55932da54b31cb6c86", size = 37515, upload-time = "2025-04-24T03:35:24.344Z" },
]

[[package]]
name = "idna"
version = "3.11"
source = { registry = "https://pypi.org/simple" }
sdist = { url = "https://files.pythonhosted.org/packages/6f/6d/0703ccc57f3a7233505399edb88de3cbd678da106337b9fcde432b65ed60/idna-3.11.tar.gz", hash = "sha256:795dafcc9c04ed0c1fb032c2aa73654d8e8c5023a7df64a53f39190ada629902", size = 194582, upload-time = "2025-10-12T14:55:20.501Z" }
wheels = [
    { url = "https://files.pythonhosted.org/packages/0e/61/66938bbb5fc52dbdf84594873d5b51fb1f7c7794e9c0f5bd885f30bc507b/idna-3.11-py3-none-any.whl", hash = "sha256:771a87f49d9defaf64091e6e6fe9c18d4833f140bd19464795bc32d966ca37ea", size = 71008, upload-time = "2025-10-12T14:55:18.883Z" },
]

[[package]]
name = "mongo-app"
version = "0.1.0"
source = { editable = "." }
dependencies = [
    { name = "pymongo" },
    { name = "starlette" },
    { name = "uvicorn" },
]

[package.metadata]
requires-dist = [
    { name = "pymongo", specifier = "==4.10.1" },
    { name = "starlette", specifier = "==0.41.3" },
    { name = "uvicorn", specifier = "==0.32.1" },
]

[[package]]
name = "pymongo"
version = "4.10.1"
source = { registry = "https://pypi.org/simple" }
dependencies = [
    { name = "dnspython", version = "2.7.0", source = { registry = "https://pypi.org/simple" }, marker = "python_full_version < '3.10'" },
    { name = "dnspython", version = "2.8.0", source = { registry = "https://pypi.org/simple" }, marker = "python_full_version >= '3.10'" },
]
sdist = { url = "https://files.pythonhosted.org/packages/1a/35/b62a3139f908c68b69aac6a6a3f8cc146869de0a7929b994600e2c587c77/pymongo-4.10.1.tar.gz", hash = "sha256:a9de02be53b6bb98efe0b9eda84ffa1ec027fcb23a2de62c4f941d9a2f2f3330", size = 1903902, upload-time = "2024-10-01T23:07:58.525Z" }
wheels = [
    { url = "https://files.pythonhosted.org/packages/c1/ca/f56b1dd84541de658d246f86828be27e32285f2151fab97efbce1db3ed57/pymongo-4.10.1-cp310-cp310-macosx_10_9_x86_64.whl", hash = "sha256:e699aa68c4a7dea2ab5a27067f7d3e08555f8d2c0dc6a0c8c60cfd9ff2e6a4b1", size = 835459, upload-time = "2024-10-01T23:06:19.654Z" },
    { url = "https://files.pythonhosted.org/packages/97/01/fe4ee34b33c6863be6a09d1e805ceb1122d9cd5d4a5d1664e360b91adf7e/pymongo-4.10.1-cp310-cp310-macosx_11_0_arm64.whl", hash = "sha256:70645abc714f06b4ad6b72d5bf73792eaad14e3a2cfe29c62a9c81ada69d9e4b", size = 835716, upload-time = "2024-10-01T23:06:22.252Z" },
    { url = "https://files.pythonhosted.org/packages/46/ff/9eb21c1d5861729ae1c91669b02f5bfbd23221ba9809fb97fade761f3f3b/pymongo-4.10.1-cp310-cp310-manylinux_2_17_aarch64.manylinux2014_aarch64.whl", hash = "sha256:ae2fd94c9fe048c94838badcc6e992d033cb9473eb31e5710b3707cba5e8aee2", size = 1407173, upload-time = "2024-10-01T23:06:24.204Z" },
    { url = "https://files.pythonhosted.org/packages/e5/d9/8cf042449d6804e00e38d3bb138b0e9acb8a8e0c9dd9dd989ffffd481c3b/pymongo-4.10.1-cp310-cp310-manylinux_2_17_ppc64le.manylinux2014_ppc64le.whl", hash = "sha256:5ded27a4a5374dae03a92e084a60cdbcecd595306555bda553b833baf3fc4868", size = 1456455, upload-time = "2024-10-01T23:06:26.125Z" },
    { url = "https://files.pythonhosted.org/packages/37/9a/da0d121f98c1413853e1172e2095fe77c1629c83a1db107d45a37ca935c2/pymongo-4.10.1-cp310-cp310-manylinux_2_17_s390x.manylinux2014_s390x.whl", hash = "sha256:1ecc2455e3974a6c429687b395a0bc59636f2d6aedf5785098cf4e1f180f1c71", size = 1433360, upload-time = "2024-10-01T23:06:27.898Z" },
    { url = "https://files.pythonhosted.org/packages/7d/6d/50480f0452e2fb59256d9d641d192366c0079920c36851b818ebeff0cec9/pymongo-4.10.1-cp310-cp310-manylinux_2_17_x86_64.manylinux2014_x86_64.whl", hash = "sha256:a920fee41f7d0259f5f72c1f1eb331bc26ffbdc952846f9bd8c3b119013bb52c", size = 1410758, upload-time = "2024-10-01T23:06:29.546Z" },
    { url = "https://files.pythonhosted.org/packages/cd/8f/b83b9910c54f63bfff34305074e79cd08cf5e12dda22d1a2b4ad009b32b3/pymongo-4.10.1-cp310-cp310-manylinux_2_5_i686.manylinux1_i686.manylinux_2_17_i686.manylinux2014_i686.whl", hash = "sha256:e0a15665b2d6cf364f4cd114d62452ce01d71abfbd9c564ba8c74dcd7bbd6822", size = 1380257, upload-time = "2024-10-01T23:06:30.895Z" },
    { url = "https://files.pythonhosted.org/packages/ed/e3/8f381b576e5f912cf0fe34218c6b0ef23d7afdef13fed592900fb52f0ed4/pymongo-4.10.1-cp310-cp310-win32.whl", hash = "sha256:29e1c323c28a4584b7095378ff046815e39ff82cdb8dc4cc6dfe3acf6f9ad1f8", size = 812324, upload-time = "2024-10-01T23:06:32.717Z" },
    { url = "https://files.pythonhosted.org/packages/ab/14/1cae5359e2c4677856527a2965c999c23f596cced4b7828d880cb8fc0f54/pymongo-4.10.1-cp310-cp310-win_amd64.whl", hash = "sha256:88dc4aa45f8744ccfb45164aedb9a4179c93567bbd98a33109d7dc400b00eb08", size = 826774, upload-time = "2024-10-01T23:06:34.386Z" },
    { url = "https://files.pythonhosted.org/packages/e4/a3/d6403ec53fa2fe922b4a5c86388ea5fada01dd51d803e17bb2a7c9cda839/pymongo-4.10.1-cp311-cp311-macosx_10_9_x86_64.whl", hash = "sha256:57ee6becae534e6d47848c97f6a6dff69e3cce7c70648d6049bd586764febe59", size = 889238, upload-time = "2024-10-01T23:06:36.03Z" },
    { url = "https://files.pythonhosted.org/packages/29/a2/9643450424bcf241e80bb713497ec2e3273c183d548b4eca357f75d71885/pymongo-4.10.1-cp311-cp311-macosx_11_0_arm64.whl", hash = "sha256:6f437a612f4d4f7aca1812311b1e84477145e950fdafe3285b687ab8c52541f3", size = 889504, upload-time = "2024-10-01T23:06:37.328Z" },
    { url = "https://files.pythonhosted.org/packages/ec/40/4759984f34415509e9111be8ee863034611affdc1e0b41016c9d53b2f1b3/pymongo-4.10.1-cp311-cp311-manylinux_2_17_aarch64.manylinux2014_aarch64.whl", hash = "sha256:1a970fd3117ab40a4001c3dad333bbf3c43687d90f35287a6237149b5ccae61d", size = 1649069, upload-time = "2024-10-01T23:06:38.553Z" },
    { url = "https://files.pythonhosted.org/packages/56/0f/b6e917478a3ada81e768475516cd544982cc42cbb7d3be325182768139e1/pymongo-4.10.1-cp311-cp311-manylinux_2_17_ppc64le.manylinux2014_ppc64le.whl", hash = "sha256:7c4d0e7cd08ef9f8fbf2d15ba281ed55604368a32752e476250724c3ce36c72e", size = 1714927, upload-time = "2024-10-01T23:06:40.292Z" },
    { url = "https://files.pythonhosted.org/packages/56/c5/4237d94dfa19ebdf9a92b1071e2139c91f48908c5782e592c571c33b67ab/pymongo-4.10.1-cp311-cp311-manylinux_2_17_s390x.manylinux2014_s390x.whl", hash = "sha256:ca6f700cff6833de4872a4e738f43123db34400173558b558ae079b5535857a4", size = 1683454, upload-time = "2024-10-01T23:06:42.257Z" },
    { url = "https://files.pythonhosted.org/packages/9a/16/dbffca9d4ad66f2a325c280f1177912fa23235987f7b9033e283da889b7a/pymongo-4.10.1-cp311-cp311-manylinux_2_17_x86_64.manylinux2014_x86_64.whl", hash = "sha256:cec237c305fcbeef75c0bcbe9d223d1e22a6e3ba1b53b2f0b79d3d29c742b45b", size = 1653840, upload-time = "2024-10-01T23:06:43.991Z" },
    { url = "https://files.pythonhosted.org/packages/2b/4d/21df934ef5cf8f0e587bac922a129e13d4c0346c54e9bf2371b90dd31112/pymongo-4.10.1-cp311-cp311-manylinux_2_5_i686.manylinux1_i686.manylinux_2_17_i686.manylinux2014_i686.whl", hash = "sha256:b3337804ea0394a06e916add4e5fac1c89902f1b6f33936074a12505cab4ff05", size = 1613233, upload-time = "2024-10-01T23:06:46.113Z" },
    { url = "https://files.pythonhosted.org/packages/24/07/dd9c3db30e754680606295d5574521956898005db0629411a89163cc6eee/pymongo-4.10.1-cp311-cp311-win32.whl", hash = "sha256:778ac646ce6ac1e469664062dfe9ae1f5c9961f7790682809f5ec3b8fda29d65", size = 857331, upload-time = "2024-10-01T23:06:47.812Z" },
    { url = "https://files.pythonhosted.org/packages/02/68/b71c4106d03eef2482eade440c6f5737c2a4a42f6155726009f80ea38d06/pymongo-4.10.1-cp311-cp311-win_amd64.whl", hash = "sha256:9df4ab5594fdd208dcba81be815fa8a8a5d8dedaf3b346cbf8b61c7296246a7a", size = 876473, upload-time = "2024-10-01T23:06:49.201Z" },
    { url = "https://files.pythonhosted.org/packages/10/d1/60ad99fe3f64d45e6c71ac0e3078e88d9b64112b1bae571fc3707344d6d1/pymongo-4.10.1-cp312-cp312-macosx_10_13_x86_64.whl", hash = "sha256:fbedc4617faa0edf423621bb0b3b8707836687161210d470e69a4184be9ca011", size = 943356, upload-time = "2024-10-01T23:06:50.9Z" },
    { url = "https://files.pythonhosted.org/packages/ca/9b/21d4c6b4ee9c1fa9691c68dc2a52565e0acb644b9e95148569b4736a4ebd/pymongo-4.10.1-cp312-cp312-macosx_11_0_arm64.whl", hash = "sha256:7bd26b2aec8ceeb95a5d948d5cc0f62b0eb6d66f3f4230705c1e3d3d2c04ec76", size = 943142, upload-time = "2024-10-01T23:06:52.146Z" },
    { url = "https://files.pythonhosted.org/packages/07/af/691b7454e219a8eb2d1641aecedd607e3a94b93650c2011ad8a8fd74ef9f/pymongo-4.10.1-cp312-cp312-manylinux_2_17_aarch64.manylinux2014_aarch64.whl", hash = "sha256:fb104c3c2a78d9d85571c8ac90ec4f95bca9b297c6eee5ada71fabf1129e1674", size = 1909129, upload-time = "2024-10-01T23:06:53.551Z" },
    { url = "https://files.pythonhosted.org/packages/0c/74/fd75d5ad4181d6e71ce0fca32404fb71b5046ac84d9a1a2f0862262dd032/pymongo-4.10.1-cp312-cp312-manylinux_2_17_ppc64le.manylinux2014_ppc64le.whl", hash = "sha256:4924355245a9c79f77b5cda2db36e0f75ece5faf9f84d16014c0a297f6d66786", size = 1987763, upload-time = "2024-10-01T23:06:55.304Z" },
    { url = "https://files.pythonhosted.org/packages/8a/56/6d3d0ef63c6d8cb98c7c653a3a2e617675f77a95f3853851d17a7664876a/pymongo-4.10.1-cp312-cp312-manylinux_2_17_s390x.manylinux2014_s390x.whl", hash = "sha256:11280809e5dacaef4971113f0b4ff4696ee94cfdb720019ff4fa4f9635138252", size = 1950821, upload-time = "2024-10-01T23:06:57.541Z" },
    { url = "https://files.pythonhosted.org/packages/70/ed/1603fa0c0e51444752c3fa91f16c3a97e6d92eb9fe5e553dae4f18df16f6/pymongo-4.10.1-cp312-cp312-manylinux_2_17_x86_64.manylinux2014_x86_64.whl", hash = "sha256:e5d55f2a82e5eb23795f724991cac2bffbb1c0f219c0ba3bf73a835f97f1bb2e", size = 1912247, upload-time = "2024-10-01T23:06:59.023Z" },
    { url = "https://files.pythonhosted.org/packages/c1/66/e98b2308971d45667cb8179d4d66deca47336c90663a7e0527589f1038b7/pymongo-4.10.1-cp312-cp312-manylinux_2_5_i686.manylinux1_i686.manylinux_2_17_i686.manylinux2014_i686.whl", hash = "sha256:e974ab16a60be71a8dfad4e5afccf8dd05d41c758060f5d5bda9a758605d9a5d", size = 1862230, upload-time = "2024-10-01T23:07:01.407Z" },
    { url = "https://files.pythonhosted.org/packages/6c/80/ba9b7ed212a5f8cf8ad7037ed5bbebc1c587fc09242108f153776e4a338b/pymongo-4.10.1-cp312-cp312-win32.whl", hash = "sha256:544890085d9641f271d4f7a47684450ed4a7344d6b72d5968bfae32203b1bb7c", size = 903045, upload-time = "2024-10-01T23:07:02.973Z" },
    { url = "https://files.pythonhosted.org/packages/76/8b/5afce891d78159912c43726fab32641e3f9718f14be40f978c148ea8db48/pymongo-4.10.1-cp312-cp312-win_amd64.whl", hash = "sha256:dcc07b1277e8b4bf4d7382ca133850e323b7ab048b8353af496d050671c7ac52", size = 926686, upload-time = "2024-10-01T23:07:04.403Z" },
    { url = "https://files.pythonhosted.org/packages/83/76/df0fd0622a85b652ad0f91ec8a0ebfd0cb86af6caec8999a22a1f7481203/pymongo-4.10.1-cp313-cp313-macosx_10_13_x86_64.whl", hash = "sha256:90bc6912948dfc8c363f4ead54d54a02a15a7fee6cfafb36dc450fc8962d2cb7", size = 996981, upload-time = "2024-10-01T23:07:06.001Z" },
    { url = "https://files.pythonhosted.org/packages/4c/39/fa50531de8d1d8af8c253caeed20c18ccbf1de5d970119c4a42c89f2bd09/pymongo-4.10.1-cp313-cp313-macosx_11_0_arm64.whl", hash = "sha256:594dd721b81f301f33e843453638e02d92f63c198358e5a0fa8b8d0b1218dabc", size = 996769, upload-time = "2024-10-01T23:07:07.855Z" },
    { url = "https://files.pythonhosted.org/packages/bf/50/6936612c1b2e32d95c30e860552d3bc9e55cfa79a4f73b73225fa05a028c/pymongo-4.10.1-cp313-cp313-manylinux_2_17_aarch64.manylinux2014_aarch64.whl", hash = "sha256:0783e0c8e95397c84e9cf8ab092ab1e5dd7c769aec0ef3a5838ae7173b98dea0", size = 2169159, upload-time = "2024-10-01T23:07:09.963Z" },
    { url = "https://files.pythonhosted.org/packages/78/8c/45cb23096e66c7b1da62bb8d9c7ac2280e7c1071e13841e7fb71bd44fd9f/pymongo-4.10.1-cp313-cp313-manylinux_2_17_ppc64le.manylinux2014_ppc64le.whl", hash = "sha256:6fb6a72e88df46d1c1040fd32cd2d2c5e58722e5d3e31060a0393f04ad3283de", size = 2260569, upload-time = "2024-10-01T23:07:11.856Z" },
    { url = "https://files.pythonhosted.org/packages/29/b6/e5ec697087e527a6a15c5f8daa5bcbd641edb8813487345aaf963d3537dc/pymongo-4.10.1-cp313-cp313-manylinux_2_17_s390x.manylinux2014_s390x.whl", hash = "sha256:2e3a593333e20c87415420a4fb76c00b7aae49b6361d2e2205b6fece0563bf40", size = 2218142, upload-time = "2024-10-01T23:07:13.61Z" },
    { url = "https://files.pythonhosted.org/packages/ad/8a/c0b45bee0f0c57732c5c36da5122c1796efd5a62d585fbc504e2f1401244/pymongo-4.10.1-cp313-cp313-manylinux_2_17_x86_64.manylinux2014_x86_64.whl", hash = "sha256:72e2ace7456167c71cfeca7dcb47bd5dceda7db2231265b80fc625c5e8073186", size = 2170623, upload-time = "2024-10-01T23:07:15.319Z" },
    { url = "https://files.pythonhosted.org/packages/3b/26/6c0a5360a571df24c9bfbd51b1dae279f4f0c511bdbc0906f6df6d1543fa/pymongo-4.10.1-cp313-cp313-manylinux_2_5_i686.manylinux1_i686.manylinux_2_17_i686.manylinux2014_i686.whl", hash = "sha256:8ad05eb9c97e4f589ed9e74a00fcaac0d443ccd14f38d1258eb4c39a35dd722b", size = 2111112, upload-time = "2024-10-01T23:07:16.859Z" },
    { url = "https://files.pythonhosted.org/packages/38/bc/5b91b728e1cf505d931f04e24cbac71ae519523785570ed046cdc31e6efc/pymongo-4.10.1-cp313-cp313-win32.whl", hash = "sha256:ee4c86d8e6872a61f7888fc96577b0ea165eb3bdb0d841962b444fa36001e2bb", size = 948727, upload-time = "2024-10-01T23:07:18.275Z" },
    { url = "https://files.pythonhosted.org/packages/0d/2a/7c24a6144eaa06d18ed52822ea2b0f119fd9267cd1abbb75dae4d89a3803/pymongo-4.10.1-cp313-cp313-win_amd64.whl", hash = "sha256:45ee87a4e12337353242bc758accc7fb47a2f2d9ecc0382a61e64c8f01e86708", size = 976873, upload-time = "2024-10-01T23:07:19.721Z" },
    { url = "https://files.pythonhosted.org/packages/39/69/a13a61fd9a19e659cb43cb98240a75dab2f8e7b60bee568c309a123f8edc/pymongo-4.10.1-cp39-cp39-macosx_10_9_x86_64.whl", hash = "sha256:15b1492cc5c7cd260229590be7218261e81684b8da6d6de2660cf743445500ce", size = 781650, upload-time = "2024-10-01T23:07:39.173Z" },
    { url = "https://files.pythonhosted.org/packages/14/13/a5a3da69ee146bac81baacc7b27995849bfbb89eaabfb3d19824c7056fb4/pymongo-4.10.1-cp39-cp39-macosx_11_0_arm64.whl", hash = "sha256:95207503c41b97e7ecc7e596d84a61f441b4935f11aa8332828a754e7ada8c82", size = 781929, upload-time = "2024-10-01T23:07:40.666Z" },
    { url = "https://files.pythonhosted.org/packages/b0/65/118bc20fc66451ae4b8ceafbd9aab1168bb13cf4e5699b81807bb911a443/pymongo-4.10.1-cp39-cp39-manylinux_2_17_aarch64.manylinux2014_aarch64.whl", hash = "sha256:bb99f003c720c6d83be02c8f1a7787c22384a8ca9a4181e406174db47a048619", size = 1167200, upload-time = "2024-10-01T23:07:42.37Z" },
    { url = "https://files.pythonhosted.org/packages/d1/4a/19c3d45659835f814efef8b250456923899cc7542c52f8beb1a6a164106f/pymongo-4.10.1-cp39-cp39-manylinux_2_17_ppc64le.manylinux2014_ppc64le.whl", hash = "sha256:f2bc1ee4b1ca2c4e7e6b7a5e892126335ec8d9215bcd3ac2fe075870fefc3358", size = 1200021, upload-time = "2024-10-01T23:07:44.061Z" },
    { url = "https://files.pythonhosted.org/packages/1c/03/69cee6f23463251a8f6de6670fb665e2531cc0df500d61150e57d1aedf70/pymongo-4.10.1-cp39-cp39-manylinux_2_17_s390x.manylinux2014_s390x.whl", hash = "sha256:93a0833c10a967effcd823b4e7445ec491f0bf6da5de0ca33629c0528f42b748", size = 1185518, upload-time = "2024-10-01T23:07:45.613Z" },
    { url = "https://files.pythonhosted.org/packages/00/58/01d8b3b374e45931581364752bf7a4693e9c7422704f81e6e91ffa42c38d/pymongo-4.10.1-cp39-cp39-manylinux_2_17_x86_64.manylinux2014_x86_64.whl", hash = "sha256:0f56707497323150bd2ed5d63067f4ffce940d0549d4ea2dfae180deec7f9363", size = 1169799, upload-time = "2024-10-01T23:07:47.656Z" },
    { url = "https://files.pythonhosted.org/packages/be/6f/9aa0ba2f4cfa4c30c962bd1f5a38b2eb95b23e3965918d211da82ebaacf6/pymongo-4.10.1-cp39-cp39-manylinux_2_5_i686.manylinux1_i686.manylinux_2_17_i686.manylinux2014_i686.whl", hash = "sha256:409ab7d6c4223e5c85881697f365239dd3ed1b58f28e4124b846d9d488c86880", size = 1149344, upload-time = "2024-10-01T23:07:49.945Z" },
    { url = "https://files.pythonhosted.org/packages/fc/af/40f0112605f75f5ae5da554b2f779a83c40ecf2298c57e120e6d7bfcff65/pymongo-4.10.1-cp39-cp39-manylinux_2_5_i686.manylinux1_i686.whl", hash = "sha256:dac78a650dc0637d610905fd06b5fa6419ae9028cf4d04d6a2657bc18a66bbce", size = 1134277, upload-time = "2024-10-01T23:07:51.544Z" },
    { url = "https://files.pythonhosted.org/packages/a1/92/9a4afaf02d4d633c3211b7535e6bfbb2527524ca8ac8039b8d7eb3c765eb/pymongo-4.10.1-cp39-cp39-manylinux_2_5_x86_64.manylinux1_x86_64.whl", hash = "sha256:1ec3fa88b541e0481aff3c35194c9fac96e4d57ec5d1c122376000eb28c01431", size = 1167588, upload-time = "2024-10-01T23:07:53.31Z" },
    { url = "https://files.pythonhosted.org/packages/29/de/3c23e7739b0d0dafa4d802e9773011cf54e305c7cb788a52d50c3ef585d2/pymongo-4.10.1-cp39-cp39-win32.whl", hash = "sha256:e0e961923a7b8a1c801c43552dcb8153e45afa41749d9efbd3a6d33f45489f7a", size = 767325, upload-time = "2024-10-01T23:07:54.92Z" },
    { url = "https://files.pythonhosted.org/packages/36/d4/49198168f296838c49d732743ae073f9ca9e8f65f15f5209637456892968/pymongo-4.10.1-cp39-cp39-win_amd64.whl", hash = "sha256:dabe8bf1ad644e6b93f3acf90ff18536d94538ca4d27e583c6db49889e98e48f", size = 777078, upload-time = "2024-10-01T23:07:56.542Z" },
]

[[package]]
name = "starlette"
version = "0.41.3"
source = { registry = "https://pypi.org/simple" }
dependencies = [
    { name = "anyio", version = "4.12.1", source = { registry = "https://pypi.org/simple" }, marker = "python_full_version < '3.10'" },
    { name = "anyio", version = "4.13.0", source = { registry = "https://pypi.org/simple" }, marker = "python_full_version >= '3.10'" },
    { name = "typing-extensions", marker = "python_full_version < '3.10'" },
]
sdist = { url = "https://files.pythonhosted.org/packages/1a/4c/9b5764bd22eec91c4039ef4c55334e9187085da2d8a2df7bd570869aae18/starlette-0.41.3.tar.gz", hash = "sha256:0e4ab3d16522a255be6b28260b938eae2482f98ce5cc934cb08dce8dc3ba5835", size = 2574159, upload-time = "2024-11-18T19:45:04.283Z" }
wheels = [
    { url = "https://files.pythonhosted.org/packages/96/00/2b325970b3060c7cecebab6d295afe763365822b1306a12eeab198f74323/starlette-0.41.3-py3-none-any.whl", hash = "sha256:44cedb2b7c77a9de33a8b74b2b90e9f50d11fcf25d8270ea525ad71a25374ff7", size = 73225, upload-time = "2024-11-18T19:45:02.027Z" },
]

[[package]]
name = "typing-extensions"
version = "4.15.0"
source = { registry = "https://pypi.org/simple" }
sdist = { url = "https://files.pythonhosted.org/packages/72/94/1a15dd82efb362ac84269196e94cf00f187f7ed21c242792a923cdb1c61f/typing_extensions-4.15.0.tar.gz", hash = "sha256:0cea48d173cc12fa28ecabc3b837ea3cf6f38c6d1136f85cbaaf598984861466", size = 109391, upload-time = "2025-08-25T13:49:26.313Z" }
wheels = [
    { url = "https://files.pythonhosted.org/packages/18/67/36e9267722cc04a6b9f15c7f3441c2363321a3ea07da7ae0c0707beb2a9c/typing_extensions-4.15.0-py3-none-any.whl", hash = "sha256:f0fa19c6845758ab08074a0cfa8b7aecb71c999ca73d62883bc25cc018c4e548", size = 44614, upload-time = "2025-08-25T13:49:24.86Z" },
]

[[package]]
name = "uvicorn"
version = "0.32.1"
source = { registry = "https://pypi.org/simple" }
dependencies = [
    { name = "click", version = "8.1.8", source = { registry = "https://pypi.org/simple" }, marker = "python_full_version < '3.10'" },
    { name = "click", version = "8.3.1", source = { registry = "https://pypi.org/simple" }, marker = "python_full_version >= '3.10'" },
    { name = "h11" },
    { name = "typing-extensions", marker = "python_full_version < '3.11'" },
]
sdist = { url = "https://files.pythonhosted.org/packages/6a/3c/21dba3e7d76138725ef307e3d7ddd29b763119b3aa459d02cc05fefcff75/uvicorn-0.32.1.tar.gz", hash = "sha256:ee9519c246a72b1c084cea8d3b44ed6026e78a4a309cbedae9c37e4cb9fbb175", size = 77630, upload-time = "2024-11-20T19:41:13.341Z" }
wheels = [
    { url = "https://files.pythonhosted.org/packages/50/c1/2d27b0a15826c2b71dcf6e2f5402181ef85acf439617bb2f1453125ce1f3/uvicorn-0.32.1-py3-none-any.whl", hash = "sha256:82ad92fd58da0d12af7482ecdb5f2470a04c9c9a53ced65b9bbb4a205377602e", size = 63828, upload-time = "2024-11-20T19:41:11.244Z" },
]
