version = 1
revision = 3
requires-python = ">=3.9"
resolution-markers = [
    "python_full_version >= '3.10'",
    "python_full_version < '3.10'",
]

[[package]]
name = "anyio"
version = "4.12.1"
source = { registry = "https://pypi.org/simple" }
resolution-markers = [
    "python_full_version < '3.10'",
]
dependencies = [
    { name = "exceptiongroup", marker = "python_full_version < '3.10'" },
    { name = "idna", marker = "python_full_version < '3.10'" },
    { name = "typing-extensions", marker = "python_full_version < '3.10'" },
]
sdist = { url = "https://files.pythonhosted.org/packages/96/f0/5eb65b2bb0d09ac6776f2eb54adee6abe8228ea05b20a5ad0e4945de8aac/anyio-4.12.1.tar.gz", hash = "sha256:41cfcc3a4c85d3f05c932da7c26d0201ac36f72abd4435ba90d0464a3ffed703", size = 228685, upload-time = "2026-01-06T11:45:21.246Z" }
wheels = [
    { url = "https://files.pythonhosted.org/packages/38/0e/27be9fdef66e72d64c0cdc3cc2823101b80585f8119b5c112c2e8f5f7dab/anyio-4.12.1-py3-none-any.whl", hash = "sha256:d405828884fc140aa80a3c667b8beed277f1dfedec42ba031bd6ac3db606ab6c", size = 113592, upload-time = "2026-01-06T11:45:19.497Z" },
]

[[package]]
name = "anyio"
version = "4.13.0"
source = { registry = "https://pypi.org/simple" }
resolution-markers = [
    "python_full_version >= '3.10'",
]
dependencies = [
    { name = "exceptiongroup", marker = "python_full_version == '3.10.*'" },
    { name = "idna", marker = "python_full_version >= '3.10'" },
    { name = "typing-extensions", marker = "python_full_version >= '3.10' and python_full_version < '3.13'" },
]
sdist = { url = "https://files.pythonhosted.org/packages/19/14/2c5dd9f512b66549ae92767a9c7b330ae88e1932ca57876909410251fe13/anyio-4.13.0.tar.gz", hash = "sha256:334b70e641fd2221c1505b3890c69882fe4a2df910cba14d97019b90b24439dc", size = 231622, upload-time = "2026-03-24T12:59:09.671Z" }
wheels = [
    { url = "https://files.pythonhosted.org/packages/da/42/e921fccf5015463e32a3cf6ee7f980a6ed0f395ceeaa45060b61d86486c2/anyio-4.13.0-py3-none-any.whl", hash = "sha256:08b310f9e24a9594186fd75b4f73f4a4152069e3853f1ed8bfbf58369f4ad708", size = 114353, upload-time = "2026-03-24T12:59:08.246Z" },
]

[[package]]
name = "click"
version = "8.1.8"
source = { registry = "https://pypi.org/simple" }
resolution-markers = [
    "python_full_version < '3.10'",
]
dependencies = [
    { name = "colorama", marker = "python_full_version < '3.10' and sys_platform == 'win32'" },
]
sdist = { url = "https://files.pythonhosted.org/packages/b9/2e/0090cbf739cee7d23781ad4b89a9894a41538e4fcf4c31dcdd705b78eb8b/click-8.1.8.tar.gz", hash = "sha256:ed53c9d8990d83c2a27deae68e4ee337473f6330c040a31d4225c9574d16096a", size = 226593, upload-time = "2024-12-21T18:38:44.339Z" }
wheels = [
    { url = "https://files.pythonhosted.org/packages/7e/d4/7ebdbd03970677812aac39c869717059dbb71a4cfc033ca6e5221787892c/click-8.1.8-py3-none-any.whl", hash = "sha256:63c132bbbed01578a06712a2d1f497bb62d9c1c0d329b7903a866228027263b2", size = 98188, upload-time = "2024-12-21T18:38:41.666Z" },
]

[[package]]
name = "click"
version = "8.3.1"
source = { registry = "https://pypi.org/simple" }
resolution-markers = [
    "python_full_version >= '3.10'",
]
dependencies = [
    { name = "colorama", marker = "python_full_version >= '3.10' and sys_platform == 'win32'" },
]
sdist = { url = "https://files.pythonhosted.org/packages/3d/fa/656b739db8587d7b5dfa22e22ed02566950fbfbcdc20311993483657a5c0/click-8.3.1.tar.gz", hash = "sha256:12ff4785d337a1bb490bb7e9c2b1ee5da3112e94a8622f26a6c77f5d2fc6842a", size = 295065, upload-time = "2025-11-15T20:45:42.706Z" }
wheels = [
    { url = "https://files.pythonhosted.org/packages/98/78/01c019cdb5d6498122777c1a43056ebb3ebfeef2076d9d026bfe15583b2b/click-8.3.1-py3-none-any.whl", hash = "sha256:981153a64e25f12d547d3426c367a4857371575ee7ad18df2a6183ab0545b2a6", size = 108274, upload-time = "2025-11-15T20:45:41.139Z" },
]

[[package]]
name = "colorama"
version = "0.4.6"
source = { registry = "https://pypi.org/simple" }
sdist = { url = "https://files.pythonhosted.org/packages/d8/53/6f443c9a4a8358a93a6792e2acffb9d9d5cb0a5cfd8802644b7b1c9a02e4/colorama-0.4.6.tar.gz", hash = "sha256:08695f5cb7ed6e0531a20572697297273c47b8cae5a63ffc6d6ed5c201be6e44", size = 27697, upload-time = "2022-10-25T02:36:22.414Z" }
wheels = [
    { url = "https://files.pythonhosted.org/packages/d1/d6/3965ed04c63042e047cb6a3e6ed1a63a35087b6a609aa3a15ed8ac56c221/colorama-0.4.6-py2.py3-none-any.whl", hash = "sha256:4f1d9991f5acc0ca119f9d443620b77f9d6b33703e51011c16baf57afb285fc6", size = 25335, upload-time = "2022-10-25T02:36:20.889Z" },
]

[[package]]
name = "exceptiongroup"
version = "1.3.1"
source = { registry = "https://pypi.org/simple" }
dependencies = [
    { name = "typing-extensions", marker = "python_full_version < '3.13'" },
]
sdist = { url = "https://files.pythonhosted.org/packages/50/79/66800aadf48771f6b62f7eb014e352e5d06856655206165d775e675a02c9/exceptiongroup-1.3.1.tar.gz", hash = "sha256:8b412432c6055b0b7d14c310000ae93352ed6754f70fa8f7c34141f91c4e3219", size = 30371, upload-time = "2025-11-21T23:01:54.787Z" }
wheels = [
    { url = "https://files.pythonhosted.org/packages/8a/0e/97c33bf5009bdbac74fd2beace167cab3f978feb69cc36f1ef79360d6c4e/exceptiongroup-1.3.1-py3-none-any.whl", hash = "sha256:a7a39a3bd276781e98394987d3a5701d0c4edffb633bb7a5144577f82c773598", size = 16740, upload-time = "2025-11-21T23:01:53.443Z" },
]

[[package]]
name = "grpc-app"
version = "0.1.0"
source = { editable = "." }
dependencies = [
    { name = "grpcio" },
    { name = "grpcio-tools" },
    { name = "protobuf" },
    { name = "starlette" },
    { name = "uvicorn" },
]

[package.metadata]
requires-dist = [
    { name = "grpcio", specifier = "==1.68.1" },
    { name = "grpcio-tools", specifier = "==1.68.1" },
    { name = "protobuf", specifier = "==5.29.6" },
    { name = "starlette", specifier = "==0.41.3" },
    { name = "uvicorn", specifier = "==0.32.1" },
]

[[package]]
name = "grpcio"
version = "1.68.1"
source = { registry = "https://pypi.org/simple" }
sdist = { url = "https://files.pythonhosted.org/packages/91/ec/b76ff6d86bdfd1737a5ec889394b54c18b1ec3832d91041e25023fbcb67d/grpcio-1.68.1.tar.gz", hash = "sha256:44a8502dd5de653ae6a73e2de50a401d84184f0331d0ac3daeb044e66d5c5054", size = 12694654, upload-time = "2024-12-02T05:26:03.953Z" }
wheels = [
    { url = "https://files.pythonhosted.org/packages/f5/88/d1ac9676a0809e3efec154d45246474ec12a4941686da71ffb3d34190294/grpcio-1.68.1-cp310-cp310-linux_armv7l.whl", hash = "sha256:d35740e3f45f60f3c37b1e6f2f4702c23867b9ce21c6410254c9c682237da68d", size = 5171054, upload-time = "2024-12-02T05:19:21.787Z" },
    { url = "https://files.pythonhosted.org/packages/ec/cb/94ca41e100201fee8876a4b44d64e43ac7405929909afe1fa943d65b25ef/grpcio-1.68.1-cp310-cp310-macosx_12_0_universal2.whl", hash = "sha256:d99abcd61760ebb34bdff37e5a3ba333c5cc09feda8c1ad42547bea0416ada78", size = 11078566, upload-time = "2024-12-02T05:19:24.981Z" },
    { url = "https://files.pythonhosted.org/packages/d5/b0/ad4c66f2e3181b4eab99885686c960c403ae2300bacfe427526282facc07/grpcio-1.68.1-cp310-cp310-manylinux_2_17_aarch64.whl", hash = "sha256:f8261fa2a5f679abeb2a0a93ad056d765cdca1c47745eda3f2d87f874ff4b8c9", size = 5690039, upload-time = "2024-12-02T05:19:28.78Z" },
    { url = "https://files.pythonhosted.org/packages/67/1e/f5d3410674d021831c9fef2d1d7ca2357b08d09c840ad4e054ea8ffc302e/grpcio-1.68.1-cp310-cp310-manylinux_2_17_i686.manylinux2014_i686.whl", hash = "sha256:0feb02205a27caca128627bd1df4ee7212db051019a9afa76f4bb6a1a80ca95e", size = 6317470, upload-time = "2024-12-02T05:19:31.631Z" },
    { url = "https://files.pythonhosted.org/packages/91/93/701d5f33b163a621c8f2d4453f9e22f6c14e996baed54118d0dea93fc8c7/grpcio-1.68.1-cp310-cp310-manylinux_2_17_x86_64.manylinux2014_x86_64.whl", hash = "sha256:919d7f18f63bcad3a0f81146188e90274fde800a94e35d42ffe9eadf6a9a6330", size = 5941884, upload-time = "2024-12-02T05:19:34.694Z" },
    { url = "https://files.pythonhosted.org/packages/67/44/06917ffaa35ca463b93dde60f324015fe4192312b0f4dd0faec061e7ca7f/grpcio-1.68.1-cp310-cp310-musllinux_1_1_i686.whl", hash = "sha256:963cc8d7d79b12c56008aabd8b457f400952dbea8997dd185f155e2f228db079", size = 6646332, upload-time = "2024-12-02T05:19:37.619Z" },
    { url = "https://files.pythonhosted.org/packages/d4/94/074db039532687ec8ef07ebbcc747c46547c94329016e22b97d97b9e5f3b/grpcio-1.68.1-cp310-cp310-musllinux_1_1_x86_64.whl", hash = "sha256:ccf2ebd2de2d6661e2520dae293298a3803a98ebfc099275f113ce1f6c2a80f1", size = 6212515, upload-time = "2024-12-02T05:19:40.759Z" },
    { url = "https://files.pythonhosted.org/packages/c5/f2/0c939264c36c6038fae1732a2a3e01a7075ba171a2154d86842ee0ac9b0a/grpcio-1.68.1-cp310-cp310-win32.whl", hash = "sha256:2cc1fd04af8399971bcd4f43bd98c22d01029ea2e56e69c34daf2bf8470e47f5", size = 3650459, upload-time = "2024-12-02T05:19:44.038Z" },
    { url = "https://files.pythonhosted.org/packages/b6/90/b0e9278e88f747879d13b79fb893c9acb381fb90541ad9e416c7816c5eaf/grpcio-1.68.1-cp310-cp310-win_amd64.whl", hash = "sha256:ee2e743e51cb964b4975de572aa8fb95b633f496f9fcb5e257893df3be854746", size = 4399144, upload-time = "2024-12-02T05:19:47.337Z" },
    { url = "https://files.pythonhosted.org/packages/fe/0d/fde5a5777d65696c39bb3e622fe1239dd0a878589bf6c5066980e7d19154/grpcio-1.68.1-cp311-cp311-linux_armv7l.whl", hash = "sha256:55857c71641064f01ff0541a1776bfe04a59db5558e82897d35a7793e525774c", size = 5180919, upload-time = "2024-12-02T05:19:49.456Z" },
    { url = "https://files.pythonhosted.org/packages/07/fd/e5fa75b5ddf5d9f16606196973f9c2b4b1adf5a1735117eb7129fc33d2ec/grpcio-1.68.1-cp311-cp311-macosx_10_9_universal2.whl", hash = "sha256:4b177f5547f1b995826ef529d2eef89cca2f830dd8b2c99ffd5fde4da734ba73", size = 11150922, upload-time = "2024-12-02T05:19:52.029Z" },
    { url = "https://files.pythonhosted.org/packages/86/1e/aaf5a1dae87fe47f277c5a1be72b31d2c209d095bebb0ce1d2df5cb8779c/grpcio-1.68.1-cp311-cp311-manylinux_2_17_aarch64.whl", hash = "sha256:3522c77d7e6606d6665ec8d50e867f13f946a4e00c7df46768f1c85089eae515", size = 5685685, upload-time = "2024-12-02T05:19:54.757Z" },
    { url = "https://files.pythonhosted.org/packages/a9/69/c4fdf87d5c5696207e2ed232e4bdde656d8c99ba91f361927f3f06aa41ca/grpcio-1.68.1-cp311-cp311-manylinux_2_17_i686.manylinux2014_i686.whl", hash = "sha256:9d1fae6bbf0816415b81db1e82fb3bf56f7857273c84dcbe68cbe046e58e1ccd", size = 6316535, upload-time = "2024-12-02T05:19:56.999Z" },
    { url = "https://files.pythonhosted.org/packages/6f/c6/539660516ea7db7bc3d39e07154512ae807961b14ec6b5b0c58d15657ff1/grpcio-1.68.1-cp311-cp311-manylinux_2_17_x86_64.manylinux2014_x86_64.whl", hash = "sha256:298ee7f80e26f9483f0b6f94cc0a046caf54400a11b644713bb5b3d8eb387600", size = 5939920, upload-time = "2024-12-02T05:19:59.583Z" },
    { url = "https://files.pythonhosted.org/packages/38/f3/97a74dc4dd95bf195168d6da2ca4731ab7d3d0b03078f2833b4ff9c4f48f/grpcio-1.68.1-cp311-cp311-musllinux_1_1_i686.whl", hash = "sha256:cbb5780e2e740b6b4f2d208e90453591036ff80c02cc605fea1af8e6fc6b1bbe", size = 6644770, upload-time = "2024-12-02T05:20:03.579Z" },
    { url = "https://files.pythonhosted.org/packages/cb/36/79a5e04073e58106aff442509a0c459151fa4f43202395db3eb8f77b78e9/grpcio-1.68.1-cp311-cp311-musllinux_1_1_x86_64.whl", hash = "sha256:ddda1aa22495d8acd9dfbafff2866438d12faec4d024ebc2e656784d96328ad0", size = 6211743, upload-time = "2024-12-02T05:20:06.134Z" },
    { url = "https://files.pythonhosted.org/packages/73/0f/2250f4a0de1a0bec0726c47a021cbf71af6105f512ecaf67703e2eb1ad2f/grpcio-1.68.1-cp311-cp311-win32.whl", hash = "sha256:b33bd114fa5a83f03ec6b7b262ef9f5cac549d4126f1dc702078767b10c46ed9", size = 3650734, upload-time = "2024-12-02T05:20:08.493Z" },
    { url = "https://files.pythonhosted.org/packages/4b/29/061c93a35f498238dc35eb8fb039ce168aa99cac2f0f1ce0c8a0a4bdb274/grpcio-1.68.1-cp311-cp311-win_amd64.whl", hash = "sha256:7f20ebec257af55694d8f993e162ddf0d36bd82d4e57f74b31c67b3c6d63d8b2", size = 4400816, upload-time = "2024-12-02T05:20:11.035Z" },
    { url = "https://files.pythonhosted.org/packages/f5/15/674a1468fef234fa996989509bbdfc0d695878cbb385b9271f5d690d5cd3/grpcio-1.68.1-cp312-cp312-linux_armv7l.whl", hash = "sha256:8829924fffb25386995a31998ccbbeaa7367223e647e0122043dfc485a87c666", size = 5148351, upload-time = "2024-12-02T05:20:15.009Z" },
    { url = "https://files.pythonhosted.org/packages/62/f5/edce368682d6d0b3573b883b134df022a44b1c888ea416dd7d78d480ab24/grpcio-1.68.1-cp312-cp312-macosx_10_9_universal2.whl", hash = "sha256:3aed6544e4d523cd6b3119b0916cef3d15ef2da51e088211e4d1eb91a6c7f4f1", size = 11127559, upload-time = "2024-12-02T05:20:18.124Z" },
    { url = "https://files.pythonhosted.org/packages/ce/14/a6fde3114eafd9e4e345d1ebd0291c544d83b22f0554b1678a2968ae39e1/grpcio-1.68.1-cp312-cp312-manylinux_2_17_aarch64.whl", hash = "sha256:4efac5481c696d5cb124ff1c119a78bddbfdd13fc499e3bc0ca81e95fc573684", size = 5645221, upload-time = "2024-12-02T05:20:22.592Z" },
    { url = "https://files.pythonhosted.org/packages/21/21/d1865bd6a22f9a26217e4e1b35f9105f7a0cdfb7a5fffe8be48e1a1afafc/grpcio-1.68.1-cp312-cp312-manylinux_2_17_i686.manylinux2014_i686.whl", hash = "sha256:6ab2d912ca39c51f46baf2a0d92aa265aa96b2443266fc50d234fa88bf877d8e", size = 6292270, upload-time = "2024-12-02T05:20:26.199Z" },
    { url = "https://files.pythonhosted.org/packages/3a/f6/19798be6c3515a7b1fb9570198c91710472e2eb21f1900109a76834829e3/grpcio-1.68.1-cp312-cp312-manylinux_2_17_x86_64.manylinux2014_x86_64.whl", hash = "sha256:95c87ce2a97434dffe7327a4071839ab8e8bffd0054cc74cbe971fba98aedd60", size = 5905978, upload-time = "2024-12-02T05:20:28.825Z" },
    { url = "https://files.pythonhosted.org/packages/9b/43/c3670a657445cd55be1246f64dbc3a6a33cab0f0141c5836df2e04f794c8/grpcio-1.68.1-cp312-cp312-musllinux_1_1_i686.whl", hash = "sha256:e4842e4872ae4ae0f5497bf60a0498fa778c192cc7a9e87877abd2814aca9475", size = 6630444, upload-time = "2024-12-02T05:20:32.898Z" },
    { url = "https://files.pythonhosted.org/packages/80/69/fbbebccffd266bea4268b685f3e8e03613405caba69e93125dc783036465/grpcio-1.68.1-cp312-cp312-musllinux_1_1_x86_64.whl", hash = "sha256:255b1635b0ed81e9f91da4fcc8d43b7ea5520090b9a9ad9340d147066d1d3613", size = 6200324, upload-time = "2024-12-02T05:20:35.476Z" },
    { url = "https://files.pythonhosted.org/packages/65/5c/27a26c21916f94f0c1585111974a5d5a41d8420dcb42c2717ee514c97a97/grpcio-1.68.1-cp312-cp312-win32.whl", hash = "sha256:7dfc914cc31c906297b30463dde0b9be48e36939575eaf2a0a22a8096e69afe5", size = 3638381, upload-time = "2024-12-02T05:20:37.875Z" },
    { url = "https://files.pythonhosted.org/packages/a3/ba/ba6b65ccc93c7df1031c6b41e45b79a5a37e46b81d816bb3ea68ba476d77/grpcio-1.68.1-cp312-cp312-win_amd64.whl", hash = "sha256:a0c8ddabef9c8f41617f213e527254c41e8b96ea9d387c632af878d05db9229c", size = 4389959, upload-time = "2024-12-02T05:20:40.646Z" },
    { url = "https://files.pythonhosted.org/packages/37/1a/15ccc08da339a5536690e6f877963422a5abf3f6dfeed96b3175f5c816b9/grpcio-1.68.1-cp313-cp313-linux_armv7l.whl", hash = "sha256:a47faedc9ea2e7a3b6569795c040aae5895a19dde0c728a48d3c5d7995fda385", size = 5149822, upload-time = "2024-12-02T05:20:43.252Z" },
    { url = "https://files.pythonhosted.org/packages/bc/fe/91bb4b160cd251d5b5ee722e6342355f76d1ffe176c50a6ef0e8256fbb47/grpcio-1.68.1-cp313-cp313-macosx_10_13_universal2.whl", hash = "sha256:390eee4225a661c5cd133c09f5da1ee3c84498dc265fd292a6912b65c421c78c", size = 11085016, upload-time = "2024-12-02T05:20:46.245Z" },
    { url = "https://files.pythonhosted.org/packages/55/2d/0bb2478410f5896da1090b9f43c2979dd72e7e97d10bc223bfbdddcf8eca/grpcio-1.68.1-cp313-cp313-manylinux_2_17_aarch64.whl", hash = "sha256:66a24f3d45c33550703f0abb8b656515b0ab777970fa275693a2f6dc8e35f1c1", size = 5645634, upload-time = "2024-12-02T05:20:50.102Z" },
    { url = "https://files.pythonhosted.org/packages/f5/6c/e2d22d963b695f87a09965246beb1c3224b09ffc666fc0b285820926499a/grpcio-1.68.1-cp313-cp313-manylinux_2_17_i686.manylinux2014_i686.whl", hash = "sha256:c08079b4934b0bf0a8847f42c197b1d12cba6495a3d43febd7e99ecd1cdc8d54", size = 6291096, upload-time = "2024-12-02T05:20:53.582Z" },
    { url = "https://files.pythonhosted.org/packages/6f/f6/21d9204e2c4c0804ad72be8c830c44f0e1355e649c173f87508b7f0e5488/grpcio-1.68.1-cp313-cp313-manylinux_2_17_x86_64.manylinux2014_x86_64.whl", hash = "sha256:8720c25cd9ac25dd04ee02b69256d0ce35bf8a0f29e20577427355272230965a", size = 5906528, upload-time = "2024-12-02T05:20:57.445Z" },
    { url = "https://files.pythonhosted.org/packages/39/2a/bf6ae4fef13755ca236d587d630b82207cfad43cf956870adead97fd1ef1/grpcio-1.68.1-cp313-cp313-musllinux_1_1_i686.whl", hash = "sha256:04cfd68bf4f38f5bb959ee2361a7546916bd9a50f78617a346b3aeb2b42e2161", size = 6634215, upload-time = "2024-12-02T05:21:00.975Z" },
    { url = "https://files.pythonhosted.org/packages/5b/83/9c96a6adfbea5e8a9ed408410c0259942713be64173b8816c7bf6ac2d830/grpcio-1.68.1-cp313-cp313-musllinux_1_1_x86_64.whl", hash = "sha256:c28848761a6520c5c6071d2904a18d339a796ebe6b800adc8b3f474c5ce3c3ad", size = 6200750, upload-time = "2024-12-02T05:21:03.567Z" },
    { url = "https://files.pythonhosted.org/packages/b4/3e/af42f87759c6301c4fed894b3dd801b13162ba1d8e2942412e788ac749eb/grpcio-1.68.1-cp313-cp313-win32.whl", hash = "sha256:77d65165fc35cff6e954e7fd4229e05ec76102d4406d4576528d3a3635fc6172", size = 3637594, upload-time = "2024-12-02T05:21:06.082Z" },
    { url = "https://files.pythonhosted.org/packages/7e/d1/3bef33a3d5d26d4ea9284e1b464f481d6d21ed8ae1c3da381b05f62c701d/grpcio-1.68.1-cp313-cp313-win_amd64.whl", hash = "sha256:a8040f85dcb9830d8bbb033ae66d272614cec6faceee88d37a88a9bd1a7a704e", size = 4391184, upload-time = "2024-12-02T05:21:08.772Z" },
    { url = "https://files.pythonhosted.org/packages/c7/44/8ad69230a2ecb248d0cb1e46c7b14a9e5625e61961f5118127e726c6dfa3/grpcio-1.68.1-cp39-cp39-linux_armv7l.whl", hash = "sha256:cb400138e73969eb5e0535d1d06cae6a6f7a15f2cc74add320e2130b8179211a", size = 5171490, upload-time = "2024-12-02T05:21:41.63Z" },
    { url = "https://files.pythonhosted.org/packages/28/a8/21f4a3d13c4a940442aaa691dd4883768f2d8f5733ed52ac335b05b80a6a/grpcio-1.68.1-cp39-cp39-macosx_10_9_universal2.whl", hash = "sha256:a1b988b40f2fd9de5c820f3a701a43339d8dcf2cb2f1ca137e2c02671cc83ac1", size = 11144164, upload-time = "2024-12-02T05:21:44.626Z" },
    { url = "https://files.pythonhosted.org/packages/20/e9/ad4a4ebbee59994717a8cd0d43810d7838e48ff879680cb512054464a731/grpcio-1.68.1-cp39-cp39-manylinux_2_17_aarch64.whl", hash = "sha256:96f473cdacfdd506008a5d7579c9f6a7ff245a9ade92c3c0265eb76cc591914f", size = 5688618, upload-time = "2024-12-02T05:21:47.921Z" },
    { url = "https://files.pythonhosted.org/packages/63/a6/e9eea6ea8d51e9bcb3a1ceadf696d099ff9f822d92a4b872f4c7f42dc3f8/grpcio-1.68.1-cp39-cp39-manylinux_2_17_i686.manylinux2014_i686.whl", hash = "sha256:37ea3be171f3cf3e7b7e412a98b77685eba9d4fd67421f4a34686a63a65d99f9", size = 6317135, upload-time = "2024-12-02T05:21:50.779Z" },
    { url = "https://files.pythonhosted.org/packages/f7/2f/44e2f3199565da84d58df5e26ec68577ba8c1f8a19b1c8413919f75df845/grpcio-1.68.1-cp39-cp39-manylinux_2_17_x86_64.manylinux2014_x86_64.whl", hash = "sha256:3ceb56c4285754e33bb3c2fa777d055e96e6932351a3082ce3559be47f8024f0", size = 5941760, upload-time = "2024-12-02T05:21:53.941Z" },
    { url = "https://files.pythonhosted.org/packages/51/cf/f00e13b50db135dace2351fbdcefef74eeb847cdf1eef85ac0a8c06044f5/grpcio-1.68.1-cp39-cp39-musllinux_1_1_i686.whl", hash = "sha256:dffd29a2961f3263a16d73945b57cd44a8fd0b235740cb14056f0612329b345e", size = 6647728, upload-time = "2024-12-02T05:21:56.729Z" },
    { url = "https://files.pythonhosted.org/packages/ee/a3/35d5b641d80696feee278166c5fea013fad65673dca6abf2245174beb179/grpcio-1.68.1-cp39-cp39-musllinux_1_1_x86_64.whl", hash = "sha256:025f790c056815b3bf53da850dd70ebb849fd755a4b1ac822cb65cd631e37d43", size = 6212372, upload-time = "2024-12-02T05:21:59.721Z" },
    { url = "https://files.pythonhosted.org/packages/28/38/ec2c6dde7274fca6ecfc39cde8ae8b437871c9a90679f72704d7e4fae33f/grpcio-1.68.1-cp39-cp39-win32.whl", hash = "sha256:1098f03dedc3b9810810568060dea4ac0822b4062f537b0f53aa015269be0a76", size = 3649692, upload-time = "2024-12-02T05:22:02.286Z" },
    { url = "https://files.pythonhosted.org/packages/58/fb/73d7686fd51955de6fe0d635404eca5a9efbee415f04c1c572b5becd010b/grpcio-1.68.1-cp39-cp39-win_amd64.whl", hash = "sha256:334ab917792904245a028f10e803fcd5b6f36a7b2173a820c0b5b076555825e1", size = 4398968, upload-time = "2024-12-02T05:22:05.535Z" },
]

[[package]]
name = "grpcio-tools"
version = "1.68.1"
source = { registry = "https://pypi.org/simple" }
dependencies = [
    { name = "grpcio" },
    { name = "protobuf" },
    { name = "setuptools" },
]
sdist = { url = "https://files.pythonhosted.org/packages/2a/2f/d2fc30b79d892050a3c40ef8d17d602f4c6eced066d584621c7bbf195b0e/grpcio_tools-1.68.1.tar.gz", hash = "sha256:2413a17ad16c9c821b36e4a67fc64c37b9e4636ab1c3a07778018801378739ba", size = 5275384, upload-time = "2024-12-02T05:26:19.586Z" }
wheels = [
    { url = "https://files.pythonhosted.org/packages/77/ea/7f40e041c12a26d41fbadaada47f6a3d0c4e04819d89ead62cf60a547414/grpcio_tools-1.68.1-cp310-cp310-linux_armv7l.whl", hash = "sha256:3a93ea324c5cbccdff55110777410d026dc1e69c3d47684ac97f57f7a77b9c70", size = 2342738, upload-time = "2024-12-02T05:23:35.063Z" },
    { url = "https://files.pythonhosted.org/packages/51/36/33f04c77aa7c1df26031a32cb22e738ac58fd4708ff983cf3cc24b38705a/grpcio_tools-1.68.1-cp310-cp310-macosx_12_0_universal2.whl", hash = "sha256:94cbfb9482cfd7bdb5f081b94fa137a16e4fe031daa57a2cd85d8cb4e18dce25", size = 5556562, upload-time = "2024-12-02T05:23:37.436Z" },
    { url = "https://files.pythonhosted.org/packages/3d/27/c5c9f8cab6b0769d758e014dc6e0c0d87da25f9bb4843675050abd094f20/grpcio_tools-1.68.1-cp310-cp310-manylinux_2_17_aarch64.whl", hash = "sha256:bbe7e1641859c858d0f4631f7f7c09e7302433f1aa037028d2419c1410945fac", size = 2306481, upload-time = "2024-12-02T05:23:39.559Z" },
    { url = "https://files.pythonhosted.org/packages/9b/81/2e42ccd1cfb7a38aecd327942775cbd4b412f41d3d8c5e3c8eb33f093d55/grpcio_tools-1.68.1-cp310-cp310-manylinux_2_17_i686.manylinux2014_i686.whl", hash = "sha256:55c0f91c4294c5807796ed26af42509f3d68497942a92d9ee9f43b08768d6c3c", size = 2679631, upload-time = "2024-12-02T05:23:42.92Z" },
    { url = "https://files.pythonhosted.org/packages/4c/cf/c758ba07d4213bf706e90e4adde3dbf47f93d80cb8407fd449cc662f27aa/grpcio_tools-1.68.1-cp310-cp310-manylinux_2_17_x86_64.manylinux2014_x86_64.whl", hash = "sha256:85adc798fd3b57ab3e998b5897c5daab6840211ac16cdf3ba99901cb9b90094a", size = 2425826, upload-time = "2024-12-02T05:23:44.996Z" },
    { url = "https://files.pythonhosted.org/packages/fc/c6/a582490a64d9a7f626b83dbbe92eb7f10c2069b35d573ca9b2b622c994bd/grpcio_tools-1.68.1-cp310-cp310-musllinux_1_1_i686.whl", hash = "sha256:f0bdccb00709bf6180a80a353a99fa844cc0bb2d450cdf7fc6ab22c988bb6b4c", size = 3289537, upload-time = "2024-12-02T05:23:47.913Z" },
    { url = "https://files.pythonhosted.org/packages/44/53/6318e9ecb495ee1aa922ea66d500c4c2f4cad7218ed67de955cb61fffc38/grpcio_tools-1.68.1-cp310-cp310-musllinux_1_1_x86_64.whl", hash = "sha256:2465e4d347b35dc0c007e074c79d5ded0a89c3aa26651e690f83593e0cc28af8", size = 2903792, upload-time = "2024-12-02T05:23:49.832Z" },
    { url = "https://files.pythonhosted.org/packages/c1/e1/4e9992d8a3a36c7d1934535aa665b5d4cd2480de8e8f263a602132543df6/grpcio_tools-1.68.1-cp310-cp310-win32.whl", hash = "sha256:83c124a1776c1027da7d36584c8044cfed7a9f10e90f08dafde8d2a4cb822319", size = 946368, upload-time = "2024-12-02T05:23:51.561Z" },
    { url = "https://files.pythonhosted.org/packages/ff/cc/b8c8fe96afec8fa07f76a9c93e147384f7b8803a5ae2cde06f9cf030fcb9/grpcio_tools-1.68.1-cp310-cp310-win_amd64.whl", hash = "sha256:283fd1359d619d42c3346f1d8f0a70636a036a421178803a1ab8083fa4228a38", size = 1097477, upload-time = "2024-12-02T05:23:53.682Z" },
    { url = "https://files.pythonhosted.org/packages/2c/a4/427a28cd46f28dbb59cb99d65e3462a0241eb0830033d10eb038585107fa/grpcio_tools-1.68.1-cp311-cp311-linux_armv7l.whl", hash = "sha256:02f04de42834129eb54bb12469160ab631a0395d6a2b77975381c02b994086c3", size = 2342416, upload-time = "2024-12-02T05:23:55.744Z" },
    { url = "https://files.pythonhosted.org/packages/2f/d0/837814621a1c6304b204e55a8638c79f2979b8d20fc9b471dc94e1fa0f4a/grpcio_tools-1.68.1-cp311-cp311-macosx_10_9_universal2.whl", hash = "sha256:92b6aab37095879ef9ee428dd171740ff794f4c7a66bc1cc7280cd0051f8cd96", size = 5587916, upload-time = "2024-12-02T05:23:58.128Z" },
    { url = "https://files.pythonhosted.org/packages/25/a9/3ef5757103bca0efe16f5cab7bb45aff9131c6af099fdfe72b7a25cb9eb1/grpcio_tools-1.68.1-cp311-cp311-manylinux_2_17_aarch64.whl", hash = "sha256:1f0ac6ac5e1e33b998511981b3ef36489501833413354f3597b97a3452d7d7ba", size = 2306366, upload-time = "2024-12-02T05:24:00.16Z" },
    { url = "https://files.pythonhosted.org/packages/a6/eb/a0f09fba1b113bbf7b2a252e0f1a41373acee150f4245f4b41fdbab0b93d/grpcio_tools-1.68.1-cp311-cp311-manylinux_2_17_i686.manylinux2014_i686.whl", hash = "sha256:28e0bca3a262af86557f30e30ddf2fadc2324ee05cd7352716924cc7f83541f1", size = 2679521, upload-time = "2024-12-02T05:24:02.282Z" },
    { url = "https://files.pythonhosted.org/packages/ad/3f/875693dc5094ece347c009e4b720f6076b25d48381de957187ade66265ba/grpcio_tools-1.68.1-cp311-cp311-manylinux_2_17_x86_64.manylinux2014_x86_64.whl", hash = "sha256:12239cf5ca6b7b4937103953cf35c49683d935e32e98596fe52dd35168aa86e6", size = 2425894, upload-time = "2024-12-02T05:24:04.31Z" },
    { url = "https://files.pythonhosted.org/packages/ca/5f/bfe51ffe1e940dcaf06b98fdc00de558fc3299c5b8c521a825e283dde3f8/grpcio_tools-1.68.1-cp311-cp311-musllinux_1_1_i686.whl", hash = "sha256:8e48d8884fcf6b182c73d0560a183404458e30a0f479918b88ca8fbd48b8b05f", size = 3288922, upload-time = "2024-12-02T05:24:07.164Z" },
    { url = "https://files.pythonhosted.org/packages/a8/d2/b597da5421f206fb15fa779e55bb573dad0d0966ff844b230d1a29519304/grpcio_tools-1.68.1-cp311-cp311-musllinux_1_1_x86_64.whl", hash = "sha256:e4e8059469847441855322da16fa2c0f9787b996c237a98778210e31188a8652", size = 2903909, upload-time = "2024-12-02T05:24:10.26Z" },
    { url = "https://files.pythonhosted.org/packages/eb/60/ba6f428b7038107f263e59204dc06d204382b74caff88feb60c839284841/grpcio_tools-1.68.1-cp311-cp311-win32.whl", hash = "sha256:21815d54a83effbd2600d16382a7897298cfeffe578557fc9a47b642cc8ddafe", size = 946125, upload-time = "2024-12-02T05:24:12.059Z" },
    { url = "https://files.pythonhosted.org/packages/34/ce/9b5dbf31480999ad815dc9fb923b4318ba7872d27159ed171e90bdd56c1b/grpcio_tools-1.68.1-cp311-cp311-win_amd64.whl", hash = "sha256:2114528723d9f12d3e24af3d433ec6f140deea1dd64d3bb1b4ebced217f1867c", size = 1097283, upload-time = "2024-12-02T05:24:14.468Z" },
    { url = "https://files.pythonhosted.org/packages/f6/d0/45b59ef7f3b88cbf501558cccc5278ad7048e9ed367b947372a69c05aaf9/grpcio_tools-1.68.1-cp312-cp312-linux_armv7l.whl", hash = "sha256:d67a9d1ad22ff0d22715dba1d5f8f23ebd47cea84ccd20c90bf4690d988adc5b", size = 2342316, upload-time = "2024-12-02T05:24:17.805Z" },
    { url = "https://files.pythonhosted.org/packages/56/2e/845b627d16833d0117c23c40f54f4d25845ec3457303928e3d4b879f10b9/grpcio_tools-1.68.1-cp312-cp312-macosx_10_9_universal2.whl", hash = "sha256:c7f1e704ff73eb01afac51b63b74868a35aaa5d6f791fc63bd41af44a51aa232", size = 5585983, upload-time = "2024-12-02T05:24:20.192Z" },
    { url = "https://files.pythonhosted.org/packages/8c/f1/1c5d01761a41614e56e1872c6727dfec24df6f97de6ea9f0762dc0aa3494/grpcio_tools-1.68.1-cp312-cp312-manylinux_2_17_aarch64.whl", hash = "sha256:e9f69988bd77db014795511c498e89a0db24bd47877e65921364114f88de3bee", size = 2306179, upload-time = "2024-12-02T05:24:22.607Z" },
    { url = "https://files.pythonhosted.org/packages/8b/84/0a9b64167b6e41f7399bb27c2800124d7a3766682e656384434ceb12dba4/grpcio_tools-1.68.1-cp312-cp312-manylinux_2_17_i686.manylinux2014_i686.whl", hash = "sha256:8585ec7d11fcc2bb635b39605a4466ca9fa28dbae0c184fe58f456da72cb9031", size = 2679655, upload-time = "2024-12-02T05:24:25.773Z" },
    { url = "https://files.pythonhosted.org/packages/98/a7/8a120bf17ed6462461a20f5dd10905e28b99caa5df2ad2c50b0ec3501d31/grpcio_tools-1.68.1-cp312-cp312-manylinux_2_17_x86_64.manylinux2014_x86_64.whl", hash = "sha256:c81d0be6c46fcbcd2cd126804060a95531cdf6d779436b2fbc68c8b4a7db2dc1", size = 2425466, upload-time = "2024-12-02T05:24:28.224Z" },
    { url = "https://files.pythonhosted.org/packages/0b/5d/42e53a214024d85991eeaca3602ed991297c8e0cd361df7394f794dabfa1/grpcio_tools-1.68.1-cp312-cp312-musllinux_1_1_i686.whl", hash = "sha256:6efdb02e75baf289935b5dad665f0e0f7c3311d86aae0cd2c709e2a8a34bb620", size = 3289402, upload-time = "2024-12-02T05:24:31.473Z" },
    { url = "https://files.pythonhosted.org/packages/09/f6/2c4f713d140ef1b5085130d468c2a12476e2fc963e0212033ce879d88224/grpcio_tools-1.68.1-cp312-cp312-musllinux_1_1_x86_64.whl", hash = "sha256:8ea367639e771e5a05f7320eb4ae2b27e09d2ec3baeae9819d1c590cc7eaaa08", size = 2903930, upload-time = "2024-12-02T05:24:34.64Z" },
    { url = "https://files.pythonhosted.org/packages/9f/db/1256e1b75f78833cebd4d764902ba389c1437e9f208766f81d12fa64f473/grpcio_tools-1.68.1-cp312-cp312-win32.whl", hash = "sha256:a5b1021c9942bba7eca1555061e2d308f506198088a3a539fcb3633499c6635f", size = 946040, upload-time = "2024-12-02T05:24:36.856Z" },
    { url = "https://files.pythonhosted.org/packages/e0/b2/f39c7c18ef4e7cca60a5aadff6e684209cb62e97d50ce66d0b9860090955/grpcio_tools-1.68.1-cp312-cp312-win_amd64.whl", hash = "sha256:315ad9c28940c95e85e57aeca309d298113175c2d5e8221501a05a51072f5477", size = 1096719, upload-time = "2024-12-02T05:24:40.775Z" },
    { url = "https://files.pythonhosted.org/packages/68/d9/ebea463de32604f0d1397946e5341d3d986d2a92180218bd8cafc7dbe479/grpcio_tools-1.68.1-cp313-cp313-linux_armv7l.whl", hash = "sha256:67e49b5ede0cc8a0f988f41f7b72f6bc03180aecdb5213bd985bc1bbfd9ffdac", size = 2342125, upload-time = "2024-12-02T05:24:43.183Z" },
    { url = "https://files.pythonhosted.org/packages/06/fc/9bc572b7ba18afc416a18272f0aaeb0099cbaa354ed5f4518f2556db70e8/grpcio_tools-1.68.1-cp313-cp313-macosx_10_13_universal2.whl", hash = "sha256:b78e38f953062d45ff92ec940da292dc9bfbf26de492c8dc44e12b13493a8e80", size = 5573889, upload-time = "2024-12-02T05:24:45.985Z" },
    { url = "https://files.pythonhosted.org/packages/ff/85/4f114c688c5ede613b91b7f5148189fce11d7ec2898691dbc066406e87cb/grpcio_tools-1.68.1-cp313-cp313-manylinux_2_17_aarch64.whl", hash = "sha256:8ebe9df5bab4121e8f51e013a379be2027179a0c8013e89d686a1e5800e9c205", size = 2305568, upload-time = "2024-12-02T05:24:49.305Z" },
    { url = "https://files.pythonhosted.org/packages/c8/60/19016c06086a4b000bc04ae2e4fdd3c113ba8c44a10d155227d8375b8c9a/grpcio_tools-1.68.1-cp313-cp313-manylinux_2_17_i686.manylinux2014_i686.whl", hash = "sha256:be553e3ea7447ed9e2e2d089f3b0a77000e86d2681b3c77498c98dddffc62d22", size = 2678659, upload-time = "2024-12-02T05:24:52.485Z" },
    { url = "https://files.pythonhosted.org/packages/79/2a/2f2201895af55a2a177494e06890dfff05dc687ca2f9db19420374f8b066/grpcio_tools-1.68.1-cp313-cp313-manylinux_2_17_x86_64.manylinux2014_x86_64.whl", hash = "sha256:d4877f3eabb6185b5691f5218fedc86a84a833734847a294048862ec910a2854", size = 2425005, upload-time = "2024-12-02T05:24:54.905Z" },
    { url = "https://files.pythonhosted.org/packages/62/19/da6105fe5b44537dd6c2c7d5eee046a1304ea408477b9756186f7ae1b593/grpcio_tools-1.68.1-cp313-cp313-musllinux_1_1_i686.whl", hash = "sha256:b98173e536e8f2779eff84a03409cca6497dc1fad3d10a47c8d881b2cb36259b", size = 3288873, upload-time = "2024-12-02T05:24:57.611Z" },
    { url = "https://files.pythonhosted.org/packages/b1/79/e478d43e7c05c0457e1211b8a987deeb7778f3a2de9824272aa4f13334c9/grpcio_tools-1.68.1-cp313-cp313-musllinux_1_1_x86_64.whl", hash = "sha256:5b64035dcd0df70acf3af972c3f103b0ce141d29732fd94eaa8b38cf7c8e62fe", size = 2903212, upload-time = "2024-12-02T05:25:00.072Z" },
    { url = "https://files.pythonhosted.org/packages/32/9c/5e47a4961959d359728c9beea67b74fb07ab3ba2c46dc83ebfa8cd39a717/grpcio_tools-1.68.1-cp313-cp313-win32.whl", hash = "sha256:573f3ed3276df20c308797ae834ac6c5595b1dd2953b243eedadbcd986a287d7", size = 945289, upload-time = "2024-12-02T05:25:03.438Z" },
    { url = "https://files.pythonhosted.org/packages/ca/d3/9edb57f65f2950920efdf726a8c8b82f65bcde5ccf861a686060ca6512f3/grpcio_tools-1.68.1-cp313-cp313-win_amd64.whl", hash = "sha256:c4539c6231015c40db879fbc0feaaf03adb4275c1bd2b4dd26e2323f2a13655a", size = 1096008, upload-time = "2024-12-02T05:25:05.693Z" },
    { url = "https://files.pythonhosted.org/packages/5c/e8/81fd3716d5edd1000832907e9c6c33843b5b2c3be79665c2cab1a47fbb8b/grpcio_tools-1.68.1-cp39-cp39-linux_armv7l.whl", hash = "sha256:31c703dba465956acb83adc105d61297459d0d14b512441d827f6c040cbffe2b", size = 2342645, upload-time = "2024-12-02T05:25:34.407Z" },
    { url = "https://files.pythonhosted.org/packages/a7/f0/8fe5c12e92aa504495cedefa70b9d6c446824d6f1175770f01fb633ef5b8/grpcio_tools-1.68.1-cp39-cp39-macosx_10_9_universal2.whl", hash = "sha256:1093f441751689d225916e3fe02daf98d2becab688b9e167bd2c38454ec50906", size = 5587979, upload-time = "2024-12-02T05:25:37.452Z" },
    { url = "https://files.pythonhosted.org/packages/4b/4c/5553abdb15691671c4eee7287f9942a8eeb6374ebafdadb2e6a116a1321c/grpcio_tools-1.68.1-cp39-cp39-manylinux_2_17_aarch64.whl", hash = "sha256:3543b9205e5b88d2280493aa9b55d35ce9cc45b7a0891c9d84c200652802e22a", size = 2306364, upload-time = "2024-12-02T05:25:40.188Z" },
    { url = "https://files.pythonhosted.org/packages/1c/45/63df96e2ddaadb0cb4c2b0b6a6bd7f65bdd77af2d561470ac39dde57a7d8/grpcio_tools-1.68.1-cp39-cp39-manylinux_2_17_i686.manylinux2014_i686.whl", hash = "sha256:79d575cc5a522b9920d9a07387976fc02d162bdf97ba51cf91fabdca8dfdb491", size = 2679787, upload-time = "2024-12-02T05:25:44.162Z" },
    { url = "https://files.pythonhosted.org/packages/88/68/76f8e6aea6fa9aeea3892f2e13d89e53bfe1141f1f74df329b6eca58b89e/grpcio_tools-1.68.1-cp39-cp39-manylinux_2_17_x86_64.manylinux2014_x86_64.whl", hash = "sha256:d546e4a506288d6227acc0eb625039c5e1ad96218c8cfe9ecf661a41e15e442e", size = 2425755, upload-time = "2024-12-02T05:25:46.771Z" },
    { url = "https://files.pythonhosted.org/packages/e6/1e/988b6df730b776252a8827f6794ceb656c8cc52befd102fe85f3461137c0/grpcio_tools-1.68.1-cp39-cp39-musllinux_1_1_i686.whl", hash = "sha256:aced9c7a4edbf6eff73720bfa6fefd9053ae294535a488dfb92a372913eda10d", size = 3289438, upload-time = "2024-12-02T05:25:50.234Z" },
    { url = "https://files.pythonhosted.org/packages/91/ab/ec873050f4e3e14b1331cdba1e3e39eeb13d5da08ec41430b3b082882c14/grpcio_tools-1.68.1-cp39-cp39-musllinux_1_1_x86_64.whl", hash = "sha256:d3c08d1a244b5025ba3f8ef81d0885b431b93cc20bc4560add4cdfcf38c1bfad", size = 2903802, upload-time = "2024-12-02T05:25:52.802Z" },
    { url = "https://files.pythonhosted.org/packages/26/db/d32322d2eb168e5b761935dd1869c518f8ab55a20a16ff0bc5ac0fd2567d/grpcio_tools-1.68.1-cp39-cp39-win32.whl", hash = "sha256:049f05a3f227e9f696059a20b2858e6d7c1cd6037d8471306d7ab7627b1a4ce4", size = 946364, upload-time = "2024-12-02T05:25:55.179Z" },
    { url = "https://files.pythonhosted.org/packages/b0/36/4620195207c6905145ce67984672069f9e9a50da1531f3e53abc0206e4e6/grpcio_tools-1.68.1-cp39-cp39-win_amd64.whl", hash = "sha256:4c3599c75b1157e6bda24cdbdadb023bf0fe1085aa1e0047a1f35a8778f9b56e", size = 1097635, upload-time = "2024-12-02T05:25:57.847Z" },
]

[[package]]
name = "h11"
version = "0.16.0"
source = { registry = "https://pypi.org/simple" }
sdist = { url = "https://files.pythonhosted.org/packages/01/ee/02a2c011bdab74c6fb3c75474d40b3052059d95df7e73351460c8588d963/h11-0.16.0.tar.gz", hash = "sha256:4e35b956cf45792e4caa5885e69fba00bdbc6ffafbfa020300e549b208ee5ff1", size = 101250, upload-time = "2025-04-24T03:35:25.427Z" }
wheels = [
    { url = "https://files.pythonhosted.org/packages/04/4b/29cac41a4d98d144bf5f6d33995617b185d14b22401f75ca86f384e87ff1/h11-0.16.0-py3-none-any.whl", hash = "sha256:63cf8bbe7522de3bf65932fda1d9c2772064ffb3dae62d55932da54b31cb6c86", size = 37515, upload-time = "2025-04-24T03:35:24.344Z" },
]

[[package]]
name = "idna"
version = "3.11"
source = { registry = "https://pypi.org/simple" }
sdist = { url = "https://files.pythonhosted.org/packages/6f/6d/0703ccc57f3a7233505399edb88de3cbd678da106337b9fcde432b65ed60/idna-3.11.tar.gz", hash = "sha256:795dafcc9c04ed0c1fb032c2aa73654d8e8c5023a7df64a53f39190ada629902", size = 194582, upload-time = "2025-10-12T14:55:20.501Z" }
wheels = [
    { url = "https://files.pythonhosted.org/packages/0e/61/66938bbb5fc52dbdf84594873d5b51fb1f7c7794e9c0f5bd885f30bc507b/idna-3.11-py3-none-any.whl", hash = "sha256:771a87f49d9defaf64091e6e6fe9c18d4833f140bd19464795bc32d966ca37ea", size = 71008, upload-time = "2025-10-12T14:55:18.883Z" },
]

[[package]]
name = "protobuf"
version = "5.29.6"
source = { registry = "https://pypi.org/simple" }
sdist = { url = "https://files.pythonhosted.org/packages/7e/57/394a763c103e0edf87f0938dafcd918d53b4c011dfc5c8ae80f3b0452dbb/protobuf-5.29.6.tar.gz", hash = "sha256:da9ee6a5424b6b30fd5e45c5ea663aef540ca95f9ad99d1e887e819cdf9b8723", size = 425623, upload-time = "2026-02-04T22:54:40.584Z" }
wheels = [
    { url = "https://files.pythonhosted.org/packages/d4/88/9ee58ff7863c479d6f8346686d4636dd4c415b0cbeed7a6a7d0617639c2a/protobuf-5.29.6-cp310-abi3-win32.whl", hash = "sha256:62e8a3114992c7c647bce37dcc93647575fc52d50e48de30c6fcb28a6a291eb1", size = 423357, upload-time = "2026-02-04T22:54:25.805Z" },
    { url = "https://files.pythonhosted.org/packages/1c/66/2dc736a4d576847134fb6d80bd995c569b13cdc7b815d669050bf0ce2d2c/protobuf-5.29.6-cp310-abi3-win_amd64.whl", hash = "sha256:7e6ad413275be172f67fdee0f43484b6de5a904cc1c3ea9804cb6fe2ff366eda", size = 435175, upload-time = "2026-02-04T22:54:28.592Z" },
    { url = "https://files.pythonhosted.org/packages/06/db/49b05966fd208ae3f44dcd33837b6243b4915c57561d730a43f881f24dea/protobuf-5.29.6-cp38-abi3-macosx_10_9_universal2.whl", hash = "sha256:b5a169e664b4057183a34bdc424540e86eea47560f3c123a0d64de4e137f9269", size = 418619, upload-time = "2026-02-04T22:54:30.266Z" },
    { url = "https://files.pythonhosted.org/packages/b7/d7/48cbf6b0c3c39761e47a99cb483405f0fde2be22cf00d71ef316ce52b458/protobuf-5.29.6-cp38-abi3-manylinux2014_aarch64.whl", hash = "sha256:a8866b2cff111f0f863c1b3b9e7572dc7eaea23a7fae27f6fc613304046483e6", size = 320284, upload-time = "2026-02-04T22:54:31.782Z" },
    { url = "https://files.pythonhosted.org/packages/e3/dd/cadd6ec43069247d91f6345fa7a0d2858bef6af366dbd7ba8f05d2c77d3b/protobuf-5.29.6-cp38-abi3-manylinux2014_x86_64.whl", hash = "sha256:e3387f44798ac1106af0233c04fb8abf543772ff241169946f698b3a9a3d3ab9", size = 320478, upload-time = "2026-02-04T22:54:32.909Z" },
    { url = "https://files.pythonhosted.org/packages/30/a4/ff263f5687815e1a10a9243a3a6463af42ca251224bf4b8fc4c93b9f5b80/protobuf-5.29.6-cp39-cp39-win32.whl", hash = "sha256:cb4c86de9cd8a7f3a256b9744220d87b847371c6b2f10bde87768918ef33ba49", size = 423352, upload-time = "2026-02-04T22:54:37.375Z" },
    { url = "https://files.pythonhosted.org/packages/5c/64/e943206d3b5069050d570a2c53a90631240d99adcc9a91c6ff7b41876f4d/protobuf-5.29.6-cp39-cp39-win_amd64.whl", hash = "sha256:76e07e6567f8baf827137e8d5b8204b6c7b6488bbbff1bf0a72b383f77999c18", size = 435222, upload-time = "2026-02-04T22:54:38.418Z" },
    { url = "https://files.pythonhosted.org/packages/5a/cb/e3065b447186cb70aa65acc70c86baf482d82bf75625bf5a2c4f6919c6a3/protobuf-5.29.6-py3-none-any.whl", hash = "sha256:6b9edb641441b2da9fa8f428760fc136a49cf97a52076010cf22a2ff73438a86", size = 173126, upload-time = "2026-02-04T22:54:39.462Z" },
]

[[package]]
name = "setuptools"
version = "82.0.1"
source = { registry = "https://pypi.org/simple" }
sdist = { url = "https://files.pythonhosted.org/packages/4f/db/cfac1baf10650ab4d1c111714410d2fbb77ac5a616db26775db562c8fab2/setuptools-82.0.1.tar.gz", hash = "sha256:7d872682c5d01cfde07da7bccc7b65469d3dca203318515ada1de5eda35efbf9", size = 1152316, upload-time = "2026-03-09T12:47:17.221Z" }
wheels = [
    { url = "https://files.pythonhosted.org/packages/9d/76/f789f7a86709c6b087c5a2f52f911838cad707cc613162401badc665acfe/setuptools-82.0.1-py3-none-any.whl", hash = "sha256:a59e362652f08dcd477c78bb6e7bd9d80a7995bc73ce773050228a348ce2e5bb", size = 1006223, upload-time = "2026-03-09T12:47:15.026Z" },
]

[[package]]
name = "starlette"
version = "0.41.3"
source = { registry = "https://pypi.org/simple" }
dependencies = [
    { name = "anyio", version = "4.12.1", source = { registry = "https://pypi.org/simple" }, marker = "python_full_version < '3.10'" },
    { name = "anyio", version = "4.13.0", source = { registry = "https://pypi.org/simple" }, marker = "python_full_version >= '3.10'" },
    { name = "typing-extensions", marker = "python_full_version < '3.10'" },
]
sdist = { url = "https://files.pythonhosted.org/packages/1a/4c/9b5764bd22eec91c4039ef4c55334e9187085da2d8a2df7bd570869aae18/starlette-0.41.3.tar.gz", hash = "sha256:0e4ab3d16522a255be6b28260b938eae2482f98ce5cc934cb08dce8dc3ba5835", size = 2574159, upload-time = "2024-11-18T19:45:04.283Z" }
wheels = [
    { url = "https://files.pythonhosted.org/packages/96/00/2b325970b3060c7cecebab6d295afe763365822b1306a12eeab198f74323/starlette-0.41.3-py3-none-any.whl", hash = "sha256:44cedb2b7c77a9de33a8b74b2b90e9f50d11fcf25d8270ea525ad71a25374ff7", size = 73225, upload-time = "2024-11-18T19:45:02.027Z" },
]

[[package]]
name = "typing-extensions"
version = "4.15.0"
source = { registry = "https://pypi.org/simple" }
sdist = { url = "https://files.pythonhosted.org/packages/72/94/1a15dd82efb362ac84269196e94cf00f187f7ed21c242792a923cdb1c61f/typing_extensions-4.15.0.tar.gz", hash = "sha256:0cea48d173cc12fa28ecabc3b837ea3cf6f38c6d1136f85cbaaf598984861466", size = 109391, upload-time = "2025-08-25T13:49:26.313Z" }
wheels = [
    { url = "https://files.pythonhosted.org/packages/18/67/36e9267722cc04a6b9f15c7f3441c2363321a3ea07da7ae0c0707beb2a9c/typing_extensions-4.15.0-py3-none-any.whl", hash = "sha256:f0fa19c6845758ab08074a0cfa8b7aecb71c999ca73d62883bc25cc018c4e548", size = 44614, upload-time = "2025-08-25T13:49:24.86Z" },
]

[[package]]
name = "uvicorn"
version = "0.32.1"
source = { registry = "https://pypi.org/simple" }
dependencies = [
    { name = "click", version = "8.1.8", source = { registry = "https://pypi.org/simple" }, marker = "python_full_version < '3.10'" },
    { name = "click", version = "8.3.1", source = { registry = "https://pypi.org/simple" }, marker = "python_full_version >= '3.10'" },
    { name = "h11" },
    { name = "typing-extensions", marker = "python_full_version < '3.11'" },
]
sdist = { url = "https://files.pythonhosted.org/packages/6a/3c/21dba3e7d76138725ef307e3d7ddd29b763119b3aa459d02cc05fefcff75/uvicorn-0.32.1.tar.gz", hash = "sha256:ee9519c246a72b1c084cea8d3b44ed6026e78a4a309cbedae9c37e4cb9fbb175", size = 77630, upload-time = "2024-11-20T19:41:13.341Z" }
wheels = [
    { url = "https://files.pythonhosted.org/packages/50/c1/2d27b0a15826c2b71dcf6e2f5402181ef85acf439617bb2f1453125ce1f3/uvicorn-0.32.1-py3-none-any.whl", hash = "sha256:82ad92fd58da0d12af7482ecdb5f2470a04c9c9a53ced65b9bbb4a205377602e", size = 63828, upload-time = "2024-11-20T19:41:11.244Z" },
]
