version = 1
revision = 3
requires-python = ">=3.9"
resolution-markers = [
    "python_full_version >= '3.10'",
    "python_full_version < '3.10'",
]

[[package]]
name = "click"
version = "8.1.8"
source = { registry = "https://pypi.org/simple" }
resolution-markers = [
    "python_full_version < '3.10'",
]
dependencies = [
    { name = "colorama", marker = "python_full_version < '3.10' and sys_platform == 'win32'" },
]
sdist = { url = "https://files.pythonhosted.org/packages/b9/2e/0090cbf739cee7d23781ad4b89a9894a41538e4fcf4c31dcdd705b78eb8b/click-8.1.8.tar.gz", hash = "sha256:ed53c9d8990d83c2a27deae68e4ee337473f6330c040a31d4225c9574d16096a", size = 226593, upload-time = "2024-12-21T18:38:44.339Z" }
wheels = [
    { url = "https://files.pythonhosted.org/packages/7e/d4/7ebdbd03970677812aac39c869717059dbb71a4cfc033ca6e5221787892c/click-8.1.8-py3-none-any.whl", hash = "sha256:63c132bbbed01578a06712a2d1f497bb62d9c1c0d329b7903a866228027263b2", size = 98188, upload-time = "2024-12-21T18:38:41.666Z" },
]

[[package]]
name = "click"
version = "8.3.1"
source = { registry = "https://pypi.org/simple" }
resolution-markers = [
    "python_full_version >= '3.10'",
]
dependencies = [
    { name = "colorama", marker = "python_full_version >= '3.10' and sys_platform == 'win32'" },
]
sdist = { url = "https://files.pythonhosted.org/packages/3d/fa/656b739db8587d7b5dfa22e22ed02566950fbfbcdc20311993483657a5c0/click-8.3.1.tar.gz", hash = "sha256:12ff4785d337a1bb490bb7e9c2b1ee5da3112e94a8622f26a6c77f5d2fc6842a", size = 295065, upload-time = "2025-11-15T20:45:42.706Z" }
wheels = [
    { url = "https://files.pythonhosted.org/packages/98/78/01c019cdb5d6498122777c1a43056ebb3ebfeef2076d9d026bfe15583b2b/click-8.3.1-py3-none-any.whl", hash = "sha256:981153a64e25f12d547d3426c367a4857371575ee7ad18df2a6183ab0545b2a6", size = 108274, upload-time = "2025-11-15T20:45:41.139Z" },
]

[[package]]
name = "colorama"
version = "0.4.6"
source = { registry = "https://pypi.org/simple" }
sdist = { url = "https://files.pythonhosted.org/packages/d8/53/6f443c9a4a8358a93a6792e2acffb9d9d5cb0a5cfd8802644b7b1c9a02e4/colorama-0.4.6.tar.gz", hash = "sha256:08695f5cb7ed6e0531a20572697297273c47b8cae5a63ffc6d6ed5c201be6e44", size = 27697, upload-time = "2022-10-25T02:36:22.414Z" }
wheels = [
    { url = "https://files.pythonhosted.org/packages/d1/d6/3965ed04c63042e047cb6a3e6ed1a63a35087b6a609aa3a15ed8ac56c221/colorama-0.4.6-py2.py3-none-any.whl", hash = "sha256:4f1d9991f5acc0ca119f9d443620b77f9d6b33703e51011c16baf57afb285fc6", size = 25335, upload-time = "2022-10-25T02:36:20.889Z" },
]

[[package]]
name = "greenlet"
version = "3.2.5"
source = { registry = "https://pypi.org/simple" }
resolution-markers = [
    "python_full_version < '3.10'",
]
sdist = { url = "https://files.pythonhosted.org/packages/b0/f5/3e9eafb4030588337b2a2ae4df46212956854e9069c07b53aa3caabafd47/greenlet-3.2.5.tar.gz", hash = "sha256:c816554eb33e7ecf9ba4defcb1fd8c994e59be6b4110da15480b3e7447ea4286", size = 191501, upload-time = "2026-02-20T20:08:51.539Z" }
wheels = [
    { url = "https://files.pythonhosted.org/packages/ff/d6/b3db928fc329b1b19ba32ffe143d2305f3aaafc583f5e1074c74ec445189/greenlet-3.2.5-cp310-cp310-macosx_11_0_universal2.whl", hash = "sha256:34cc7cf8ab6f4b85298b01e13e881265ee7b3c1daf6bc10a2944abc15d4f87c3", size = 275803, upload-time = "2026-02-20T20:06:42.541Z" },
    { url = "https://files.pythonhosted.org/packages/b3/ff/ab0ad4ff3d9e1faa266de4f6c79763b33fccd9265995f2940192494cc0ec/greenlet-3.2.5-cp310-cp310-manylinux2014_aarch64.manylinux_2_17_aarch64.whl", hash = "sha256:c11fe0cfb0ce33132f0b5d27eeadd1954976a82e5e9b60909ec2c4b884a55382", size = 633556, upload-time = "2026-02-20T20:30:41.594Z" },
    { url = "https://files.pythonhosted.org/packages/da/dd/7b3ac77099a1671af8077ecedb12c9a1be1310e4c35bb69fd34c18ab6093/greenlet-3.2.5-cp310-cp310-manylinux2014_ppc64le.manylinux_2_17_ppc64le.whl", hash = "sha256:a145f4b1c4ed7a2c94561b7f18b4beec3d3fb6f0580db22f7ed1d544e0620b34", size = 644943, upload-time = "2026-02-20T20:37:23.084Z" },
    { url = "https://files.pythonhosted.org/packages/0f/36/84630e9ff1dfc8b7690957c0f77834a84eabdbd9c4977c3a2d0cbd5325c2/greenlet-3.2.5-cp310-cp310-manylinux2014_x86_64.manylinux_2_17_x86_64.whl", hash = "sha256:cc1d01bdd67db3e5711e6246e451d7a0f75fae7bbf40adde129296a7f9aa7cc9", size = 639841, upload-time = "2026-02-20T20:07:17.473Z" },
    { url = "https://files.pythonhosted.org/packages/12/c4/6a2ee6c676dea7a05a3c3c1291fbc8ea44f26456b0accc891471293825af/greenlet-3.2.5-cp310-cp310-manylinux_2_24_x86_64.manylinux_2_28_x86_64.whl", hash = "sha256:bd593db7ee1fa8a513a48a404f8cc4126998a48025e3f5cbbc68d51be0a6bf66", size = 588813, upload-time = "2026-02-20T20:07:56.171Z" },
    { url = "https://files.pythonhosted.org/packages/01/c0/75e75c2c993aa850292561ec80f5c263e3924e5843aa95a38716df69304c/greenlet-3.2.5-cp310-cp310-musllinux_1_1_aarch64.whl", hash = "sha256:ac8db07bced2c39b987bba13a3195f8157b0cfbce54488f86919321444a1cc3c", size = 1117377, upload-time = "2026-02-20T20:32:48.452Z" },
    { url = "https://files.pythonhosted.org/packages/ee/03/e38ebf9024a0873fe8f60f5b7bc36bfb3be5e13efe4d798240f2d1f0fb73/greenlet-3.2.5-cp310-cp310-musllinux_1_1_x86_64.whl", hash = "sha256:4544ab2cfd5912e42458b13516429e029f87d8bbcdc8d5506db772941ae12493", size = 1141246, upload-time = "2026-02-20T20:06:23.576Z" },
    { url = "https://files.pythonhosted.org/packages/d8/7b/c6e1192c795c0c12871e199237909a6bd35757d92c8472c7c019959b8637/greenlet-3.2.5-cp311-cp311-macosx_11_0_universal2.whl", hash = "sha256:acabf468466d18017e2ae5fbf1a5a88b86b48983e550e1ae1437b69a83d9f4ac", size = 276916, upload-time = "2026-02-20T20:06:18.166Z" },
    { url = "https://files.pythonhosted.org/packages/3e/b6/9887b559f3e1952d23052ec352e9977e808a2246c7cb8282a38337221e88/greenlet-3.2.5-cp311-cp311-manylinux2014_aarch64.manylinux_2_17_aarch64.whl", hash = "sha256:472841de62d60f2cafd60edd4fd4dd7253eb70e6eaf14b8990dcaf177f4af957", size = 636107, upload-time = "2026-02-20T20:30:43.362Z" },
    { url = "https://files.pythonhosted.org/packages/8a/be/e3e48b63bbc27d660fa1d98aecb64906b90a12e686a436169c1330ef34b2/greenlet-3.2.5-cp311-cp311-manylinux2014_ppc64le.manylinux_2_17_ppc64le.whl", hash = "sha256:7d951e7d628a6e8b68af469f0fe4f100ef64c4054abeb9cdafbfaa30a920c950", size = 648240, upload-time = "2026-02-20T20:37:24.608Z" },
    { url = "https://files.pythonhosted.org/packages/4c/ac/e731ed62576e91e533b36d0d97325adc2786674ab9e48ed8a6a24f4ef4e9/greenlet-3.2.5-cp311-cp311-manylinux2014_x86_64.manylinux_2_17_x86_64.whl", hash = "sha256:c8317d732e2ae0935d9ed2af2ea876fa714cf6f3b887a31ca150b54329b0a6e9", size = 643313, upload-time = "2026-02-20T20:07:19.012Z" },
    { url = "https://files.pythonhosted.org/packages/70/64/99e5cdceb494bd4c1341c45b93f322601d2c8a5e1e4d1c7a2d24c5ed0570/greenlet-3.2.5-cp311-cp311-manylinux_2_24_x86_64.manylinux_2_28_x86_64.whl", hash = "sha256:ce8aed6fdd5e07d3cbb988cbdc188266a4eb9e1a52db9ef5c6526e59962d3933", size = 591295, upload-time = "2026-02-20T20:07:57.286Z" },
    { url = "https://files.pythonhosted.org/packages/ee/e9/968e11f388c2b8792d3b8b40a57984c894a3b4745dae3662dce722653bc5/greenlet-3.2.5-cp311-cp311-musllinux_1_1_aarch64.whl", hash = "sha256:60c06b502d56d5451f60ca665691da29f79ed95e247bcf8ce5024d7bbe64acb9", size = 1120277, upload-time = "2026-02-20T20:32:50.103Z" },
    { url = "https://files.pythonhosted.org/packages/cb/2c/b5f2c4c68d753dce08218dc5a6b21d82238fdfdc44309032f6fe24d285e6/greenlet-3.2.5-cp311-cp311-musllinux_1_1_x86_64.whl", hash = "sha256:0d2a78e6f1bf3f1672df91e212a2f8314e1e7c922f065d14cbad4bc815059467", size = 1145746, upload-time = "2026-02-20T20:06:26.296Z" },
    { url = "https://files.pythonhosted.org/packages/ad/32/022b21523eee713e7550162d5ca6aed23f913cc2c6232b154b9fd9badc07/greenlet-3.2.5-cp312-cp312-macosx_11_0_universal2.whl", hash = "sha256:2acb30e77042f747ca81f0a10cc153296567e92e666c5e1b117f4595afd43352", size = 278412, upload-time = "2026-02-20T20:03:15.02Z" },
    { url = "https://files.pythonhosted.org/packages/90/c5/8a3b0ed3cc34d8b988a44349437dfa0941f9c23ac108175f7b4ccea97111/greenlet-3.2.5-cp312-cp312-manylinux2014_aarch64.manylinux_2_17_aarch64.whl", hash = "sha256:393c03c26c865f17f31d8db2f09603fadbe0581ad85a5d5908b131549fc38217", size = 644616, upload-time = "2026-02-20T20:30:44.823Z" },
    { url = "https://files.pythonhosted.org/packages/b1/2c/2627bea183554695016af6cae93d7474fa90f61e5a6601a84ae7841cb720/greenlet-3.2.5-cp312-cp312-manylinux2014_ppc64le.manylinux_2_17_ppc64le.whl", hash = "sha256:04e6a202cde56043fd355fefd1552c4caa5c087528121871d950eb4f1b51fa99", size = 658813, upload-time = "2026-02-20T20:37:26.255Z" },
    { url = "https://files.pythonhosted.org/packages/2f/1b/75a5aeff487a26ba427a3837da6372f1fe6f2a9c6b2898e28ac99d491c11/greenlet-3.2.5-cp312-cp312-manylinux2014_x86_64.manylinux_2_17_x86_64.whl", hash = "sha256:45fcea7b697b91290b36eafc12fff479aca6ba6500d98ef6f34d5634c7119cbe", size = 655426, upload-time = "2026-02-20T20:07:20.124Z" },
    { url = "https://files.pythonhosted.org/packages/53/91/9b5dfb4f3c88f8247c7a8f4c3759f0740bfa6bb0c59a9f6bf938e913df56/greenlet-3.2.5-cp312-cp312-manylinux_2_24_x86_64.manylinux_2_28_x86_64.whl", hash = "sha256:f96e2bb8a56b7e1aed1dbfbbe0050cb2ecca99c7c91892fd1771e3afab63b3e3", size = 611138, upload-time = "2026-02-20T20:07:58.966Z" },
    { url = "https://files.pythonhosted.org/packages/b4/8d/d0b086410512d9859c84e9242a9b341de9f5566011ddf3a3f6886b842b61/greenlet-3.2.5-cp312-cp312-musllinux_1_1_aarch64.whl", hash = "sha256:d7456e67b0be653dfe643bb37d9566cd30939c80f858e2ce6d2d54951f75b14a", size = 1126896, upload-time = "2026-02-20T20:32:52.198Z" },
    { url = "https://files.pythonhosted.org/packages/ef/37/59fe12fe456e84ced6ba71781e28cde52a3124d1dd2077bc1727021f49fd/greenlet-3.2.5-cp312-cp312-musllinux_1_1_x86_64.whl", hash = "sha256:5ceb29d1f74c7280befbbfa27b9bf91ba4a07a1a00b2179a5d953fc219b16c42", size = 1154779, upload-time = "2026-02-20T20:06:27.583Z" },
    { url = "https://files.pythonhosted.org/packages/dd/95/d5d332fb73affaf7a1fbe80e49c2c7eae4f17c645af24a3b3fa25736d6f0/greenlet-3.2.5-cp313-cp313-macosx_11_0_universal2.whl", hash = "sha256:f2cc88b50b9006b324c1b9f5f3552f9d4564c78af57cdfb4c7baf4f0aa089146", size = 277166, upload-time = "2026-02-20T20:03:57.077Z" },
    { url = "https://files.pythonhosted.org/packages/6c/77/89458e20db5a4f1c64f9a0191561227e76d809941ca2d7529006d17d3450/greenlet-3.2.5-cp313-cp313-manylinux2014_aarch64.manylinux_2_17_aarch64.whl", hash = "sha256:e66872daffa360b2537170b73ad530f14fa31785b1bc78080125d92edf0a6def", size = 644674, upload-time = "2026-02-20T20:30:46.118Z" },
    { url = "https://files.pythonhosted.org/packages/90/f8/9962175d2f2eaa629a7fd7545abacc8c4deda3baa4e52c1526d2eb5f5546/greenlet-3.2.5-cp313-cp313-manylinux2014_ppc64le.manylinux_2_17_ppc64le.whl", hash = "sha256:c5445ddb7b586d870dad32ca9fc47c287d6022a528d194efdb8912093c5303ad", size = 658834, upload-time = "2026-02-20T20:37:27.466Z" },
    { url = "https://files.pythonhosted.org/packages/f5/d7/826d0e080f0a7ad5ec47c8d143bbd3ca0887657bb806595fe2434d12938a/greenlet-3.2.5-cp313-cp313-manylinux2014_x86_64.manylinux_2_17_x86_64.whl", hash = "sha256:752c896a8c976548faafe8a306d446c6a4c68d4fd24699b84d4393bd9ac69a8e", size = 655760, upload-time = "2026-02-20T20:07:21.551Z" },
    { url = "https://files.pythonhosted.org/packages/41/cc/33bd4c2f816be8c8e16f71740c4130adf3a66a3dd2ba29de72b9d8dd1096/greenlet-3.2.5-cp313-cp313-manylinux_2_24_x86_64.manylinux_2_28_x86_64.whl", hash = "sha256:499b809e7738c8af0ff9ac9d5dd821cb93f4293065a9237543217f0b252f950a", size = 614132, upload-time = "2026-02-20T20:08:00.351Z" },
    { url = "https://files.pythonhosted.org/packages/48/79/f3891dcfc59097474a53cc3c624f2f2465e431ab493bda043b8c873fb20a/greenlet-3.2.5-cp313-cp313-musllinux_1_1_aarch64.whl", hash = "sha256:2c7429f6e9cea7cbf2637d86d3db12806ba970f7f972fcab39d6b54b4457cbaf", size = 1125286, upload-time = "2026-02-20T20:32:54.032Z" },
    { url = "https://files.pythonhosted.org/packages/ca/47/212b47e6d2d7a04c4083db1af2fdd291bc8fe99b7e3571bfa560b65fc361/greenlet-3.2.5-cp313-cp313-musllinux_1_1_x86_64.whl", hash = "sha256:a5e4b25e855800fba17713020c5c33e0a4b7a1829027719344f0c7c8870092a2", size = 1152825, upload-time = "2026-02-20T20:06:29Z" },
    { url = "https://files.pythonhosted.org/packages/f6/9d/4e9b941be05f8da7ba804c6413761d2c11cca05994cbf0a015bd729419f0/greenlet-3.2.5-cp314-cp314-macosx_11_0_universal2.whl", hash = "sha256:7123b29e6bad2f3f89681be4ef316480fca798ebe8d22fbaced9cc3775007a4f", size = 277627, upload-time = "2026-02-20T20:06:04.798Z" },
    { url = "https://files.pythonhosted.org/packages/23/cb/a73625c9a35138330014ecf3740c0d62e0c2b5e7279bb7f2586b1b199fac/greenlet-3.2.5-cp314-cp314-manylinux2014_aarch64.manylinux_2_17_aarch64.whl", hash = "sha256:6e8fe0c72603201a86b2e038daf9b6c8570715f8779566419cff543b6ace88de", size = 690001, upload-time = "2026-02-20T20:30:47.754Z" },
    { url = "https://files.pythonhosted.org/packages/83/49/6d1531109507bce7dfb23acf57a87013627ed3ac058851176e443a6a9134/greenlet-3.2.5-cp314-cp314-manylinux2014_ppc64le.manylinux_2_17_ppc64le.whl", hash = "sha256:050703a60603db0e817364d69e048c70af299040c13a7e67792b9e62d4571196", size = 702953, upload-time = "2026-02-20T20:37:29.125Z" },
    { url = "https://files.pythonhosted.org/packages/f7/38/f958ee90fab93529b30cc1e4a59b27c1112b640570043a84af84da3b3b98/greenlet-3.2.5-cp314-cp314-manylinux2014_x86_64.manylinux_2_17_x86_64.whl", hash = "sha256:6712bfd520530eb67331813f7112d3ee18e206f48b3d026d8a96cd2d2ad20251", size = 698995, upload-time = "2026-02-20T20:07:22.663Z" },
    { url = "https://files.pythonhosted.org/packages/51/c1/a603906e79716d61f08afedaf8aed62017661457aef233d62d6e57ecd511/greenlet-3.2.5-cp314-cp314-manylinux_2_24_x86_64.manylinux_2_28_x86_64.whl", hash = "sha256:0bc06a78fa3ffbe2a75f1ebc7e040eacf6fa1050a9432953ab111fbbbf0d03c1", size = 661175, upload-time = "2026-02-20T20:08:01.477Z" },
    { url = "https://files.pythonhosted.org/packages/3f/8f/f880ff4587d236b4d06893fb34da6b299aa0d00f6c8259673f80e1b6d63c/greenlet-3.2.5-cp39-cp39-macosx_11_0_universal2.whl", hash = "sha256:dbe0e81e24982bb45907ca20152b31c2e3300ca352fdc4acbd4956e4a2cbc195", size = 274946, upload-time = "2026-02-20T20:05:21.979Z" },
    { url = "https://files.pythonhosted.org/packages/3c/50/f6c78b8420187fdfe97fcf2e6d1dd243a7742d272c32fd4d4b1095474b37/greenlet-3.2.5-cp39-cp39-manylinux2014_aarch64.manylinux_2_17_aarch64.whl", hash = "sha256:15871afc0d78ec87d15d8412b337f287fc69f8f669346e391585824970931c48", size = 631781, upload-time = "2026-02-20T20:30:48.845Z" },
    { url = "https://files.pythonhosted.org/packages/26/d6/3277f92e1961e6e9f41d9f173ea74b5c1f7065072637669f761626f26cc0/greenlet-3.2.5-cp39-cp39-manylinux2014_ppc64le.manylinux_2_17_ppc64le.whl", hash = "sha256:5bf0d7d62e356ef2e87e55e46a4e930ac165f9372760fb983b5631bb479e9d3a", size = 643740, upload-time = "2026-02-20T20:37:30.639Z" },
    { url = "https://files.pythonhosted.org/packages/2a/6a/4f79d2e7b5ef3723fc5ffea0d6cb22627e5f95e0f19c973fa12bf1cf7891/greenlet-3.2.5-cp39-cp39-manylinux2014_x86_64.manylinux_2_17_x86_64.whl", hash = "sha256:6dff6433742073e5b6ad40953a78a0e8cddcb3f6869e5ea635d29a810ca5e7d0", size = 638382, upload-time = "2026-02-20T20:07:23.883Z" },
    { url = "https://files.pythonhosted.org/packages/4d/59/7aadf33f23c65dbf4db27e7f5b60c414797a61e954352ae4a86c5c8b0553/greenlet-3.2.5-cp39-cp39-manylinux_2_24_x86_64.manylinux_2_28_x86_64.whl", hash = "sha256:bdd67619cefe1cc9fcab57c8853d2bb36eca9f166c0058cc0d428d471f7c785c", size = 587516, upload-time = "2026-02-20T20:08:02.841Z" },
    { url = "https://files.pythonhosted.org/packages/1d/46/b3422959f830de28a4eea447414e6bd7b980d755892f66ab52ad805da1c4/greenlet-3.2.5-cp39-cp39-musllinux_1_1_aarch64.whl", hash = "sha256:3828b309dfb1f117fe54867512a8265d8d4f00f8de6908eef9b885f4d8789062", size = 1115818, upload-time = "2026-02-20T20:32:55.786Z" },
    { url = "https://files.pythonhosted.org/packages/54/4a/3d1c9728f093415637cf3696909fa10852632e33e68238fb8ca60eb90de1/greenlet-3.2.5-cp39-cp39-musllinux_1_1_x86_64.whl", hash = "sha256:67725ae9fea62c95cf1aa230f1b8d4dc38f7cd14f6103d1df8a5a95657eb8e54", size = 1140219, upload-time = "2026-02-20T20:06:30.334Z" },
]

[[package]]
name = "greenlet"
version = "3.3.2"
source = { registry = "https://pypi.org/simple" }
resolution-markers = [
    "python_full_version >= '3.10'",
]
sdist = { url = "https://files.pythonhosted.org/packages/a3/51/1664f6b78fc6ebbd98019a1fd730e83fa78f2db7058f72b1463d3612b8db/greenlet-3.3.2.tar.gz", hash = "sha256:2eaf067fc6d886931c7962e8c6bede15d2f01965560f3359b27c80bde2d151f2", size = 188267, upload-time = "2026-02-20T20:54:15.531Z" }
wheels = [
    { url = "https://files.pythonhosted.org/packages/38/3f/9859f655d11901e7b2996c6e3d33e0caa9a1d4572c3bc61ed0faa64b2f4c/greenlet-3.3.2-cp310-cp310-macosx_11_0_universal2.whl", hash = "sha256:9bc885b89709d901859cf95179ec9f6bb67a3d2bb1f0e88456461bd4b7f8fd0d", size = 277747, upload-time = "2026-02-20T20:16:21.325Z" },
    { url = "https://files.pythonhosted.org/packages/fb/07/cb284a8b5c6498dbd7cba35d31380bb123d7dceaa7907f606c8ff5993cbf/greenlet-3.3.2-cp310-cp310-manylinux_2_24_aarch64.manylinux_2_28_aarch64.whl", hash = "sha256:b568183cf65b94919be4438dc28416b234b678c608cafac8874dfeeb2a9bbe13", size = 579202, upload-time = "2026-02-20T20:47:28.955Z" },
    { url = "https://files.pythonhosted.org/packages/ed/45/67922992b3a152f726163b19f890a85129a992f39607a2a53155de3448b8/greenlet-3.3.2-cp310-cp310-manylinux_2_24_ppc64le.manylinux_2_28_ppc64le.whl", hash = "sha256:527fec58dc9f90efd594b9b700662ed3fb2493c2122067ac9c740d98080a620e", size = 590620, upload-time = "2026-02-20T20:55:55.581Z" },
    { url = "https://files.pythonhosted.org/packages/ad/55/9f1ebb5a825215fadcc0f7d5073f6e79e3007e3282b14b22d6aba7ca6cb8/greenlet-3.3.2-cp310-cp310-manylinux_2_24_x86_64.manylinux_2_28_x86_64.whl", hash = "sha256:ad0c8917dd42a819fe77e6bdfcb84e3379c0de956469301d9fd36427a1ca501f", size = 591729, upload-time = "2026-02-20T20:20:58.395Z" },
    { url = "https://files.pythonhosted.org/packages/24/b4/21f5455773d37f94b866eb3cf5caed88d6cea6dd2c6e1f9c34f463cba3ec/greenlet-3.3.2-cp310-cp310-musllinux_1_2_aarch64.whl", hash = "sha256:97245cc10e5515dbc8c3104b2928f7f02b6813002770cfaffaf9a6e0fc2b94ef", size = 1551946, upload-time = "2026-02-20T20:49:31.102Z" },
    { url = "https://files.pythonhosted.org/packages/00/68/91f061a926abead128fe1a87f0b453ccf07368666bd59ffa46016627a930/greenlet-3.3.2-cp310-cp310-musllinux_1_2_x86_64.whl", hash = "sha256:8c1fdd7d1b309ff0da81d60a9688a8bd044ac4e18b250320a96fc68d31c209ca", size = 1618494, upload-time = "2026-02-20T20:21:06.541Z" },
    { url = "https://files.pythonhosted.org/packages/ac/78/f93e840cbaef8becaf6adafbaf1319682a6c2d8c1c20224267a5c6c8c891/greenlet-3.3.2-cp310-cp310-win_amd64.whl", hash = "sha256:5d0e35379f93a6d0222de929a25ab47b5eb35b5ef4721c2b9cbcc4036129ff1f", size = 230092, upload-time = "2026-02-20T20:17:09.379Z" },
    { url = "https://files.pythonhosted.org/packages/f3/47/16400cb42d18d7a6bb46f0626852c1718612e35dcb0dffa16bbaffdf5dd2/greenlet-3.3.2-cp311-cp311-macosx_11_0_universal2.whl", hash = "sha256:c56692189a7d1c7606cb794be0a8381470d95c57ce5be03fb3d0ef57c7853b86", size = 278890, upload-time = "2026-02-20T20:19:39.263Z" },
    { url = "https://files.pythonhosted.org/packages/a3/90/42762b77a5b6aa96cd8c0e80612663d39211e8ae8a6cd47c7f1249a66262/greenlet-3.3.2-cp311-cp311-manylinux_2_24_aarch64.manylinux_2_28_aarch64.whl", hash = "sha256:1ebd458fa8285960f382841da585e02201b53a5ec2bac6b156fc623b5ce4499f", size = 581120, upload-time = "2026-02-20T20:47:30.161Z" },
    { url = "https://files.pythonhosted.org/packages/bf/6f/f3d64f4fa0a9c7b5c5b3c810ff1df614540d5aa7d519261b53fba55d4df9/greenlet-3.3.2-cp311-cp311-manylinux_2_24_ppc64le.manylinux_2_28_ppc64le.whl", hash = "sha256:a443358b33c4ec7b05b79a7c8b466f5d275025e750298be7340f8fc63dff2a55", size = 594363, upload-time = "2026-02-20T20:55:56.965Z" },
    { url = "https://files.pythonhosted.org/packages/72/83/3e06a52aca8128bdd4dcd67e932b809e76a96ab8c232a8b025b2850264c5/greenlet-3.3.2-cp311-cp311-manylinux_2_24_x86_64.manylinux_2_28_x86_64.whl", hash = "sha256:8e2cd90d413acbf5e77ae41e5d3c9b3ac1d011a756d7284d7f3f2b806bbd6358", size = 594156, upload-time = "2026-02-20T20:20:59.955Z" },
    { url = "https://files.pythonhosted.org/packages/70/79/0de5e62b873e08fe3cef7dbe84e5c4bc0e8ed0c7ff131bccb8405cd107c8/greenlet-3.3.2-cp311-cp311-musllinux_1_2_aarch64.whl", hash = "sha256:442b6057453c8cb29b4fb36a2ac689382fc71112273726e2423f7f17dc73bf99", size = 1554649, upload-time = "2026-02-20T20:49:32.293Z" },
    { url = "https://files.pythonhosted.org/packages/5a/00/32d30dee8389dc36d42170a9c66217757289e2afb0de59a3565260f38373/greenlet-3.3.2-cp311-cp311-musllinux_1_2_x86_64.whl", hash = "sha256:45abe8eb6339518180d5a7fa47fa01945414d7cca5ecb745346fc6a87d2750be", size = 1619472, upload-time = "2026-02-20T20:21:07.966Z" },
    { url = "https://files.pythonhosted.org/packages/f1/3a/efb2cf697fbccdf75b24e2c18025e7dfa54c4f31fab75c51d0fe79942cef/greenlet-3.3.2-cp311-cp311-win_amd64.whl", hash = "sha256:1e692b2dae4cc7077cbb11b47d258533b48c8fde69a33d0d8a82e2fe8d8531d5", size = 230389, upload-time = "2026-02-20T20:17:18.772Z" },
    { url = "https://files.pythonhosted.org/packages/e1/a1/65bbc059a43a7e2143ec4fc1f9e3f673e04f9c7b371a494a101422ac4fd5/greenlet-3.3.2-cp311-cp311-win_arm64.whl", hash = "sha256:02b0a8682aecd4d3c6c18edf52bc8e51eacdd75c8eac52a790a210b06aa295fd", size = 229645, upload-time = "2026-02-20T20:18:18.695Z" },
    { url = "https://files.pythonhosted.org/packages/ea/ab/1608e5a7578e62113506740b88066bf09888322a311cff602105e619bd87/greenlet-3.3.2-cp312-cp312-macosx_11_0_universal2.whl", hash = "sha256:ac8d61d4343b799d1e526db579833d72f23759c71e07181c2d2944e429eb09cd", size = 280358, upload-time = "2026-02-20T20:17:43.971Z" },
    { url = "https://files.pythonhosted.org/packages/a5/23/0eae412a4ade4e6623ff7626e38998cb9b11e9ff1ebacaa021e4e108ec15/greenlet-3.3.2-cp312-cp312-manylinux_2_24_aarch64.manylinux_2_28_aarch64.whl", hash = "sha256:3ceec72030dae6ac0c8ed7591b96b70410a8be370b6a477b1dbc072856ad02bd", size = 601217, upload-time = "2026-02-20T20:47:31.462Z" },
    { url = "https://files.pythonhosted.org/packages/f8/16/5b1678a9c07098ecb9ab2dd159fafaf12e963293e61ee8d10ecb55273e5e/greenlet-3.3.2-cp312-cp312-manylinux_2_24_ppc64le.manylinux_2_28_ppc64le.whl", hash = "sha256:a2a5be83a45ce6188c045bcc44b0ee037d6a518978de9a5d97438548b953a1ac", size = 611792, upload-time = "2026-02-20T20:55:58.423Z" },
    { url = "https://files.pythonhosted.org/packages/50/1f/5155f55bd71cabd03765a4aac9ac446be129895271f73872c36ebd4b04b6/greenlet-3.3.2-cp312-cp312-manylinux_2_24_x86_64.manylinux_2_28_x86_64.whl", hash = "sha256:43e99d1749147ac21dde49b99c9abffcbc1e2d55c67501465ef0930d6e78e070", size = 613875, upload-time = "2026-02-20T20:21:01.102Z" },
    { url = "https://files.pythonhosted.org/packages/fc/dd/845f249c3fcd69e32df80cdab059b4be8b766ef5830a3d0aa9d6cad55beb/greenlet-3.3.2-cp312-cp312-musllinux_1_2_aarch64.whl", hash = "sha256:4c956a19350e2c37f2c48b336a3afb4bff120b36076d9d7fb68cb44e05d95b79", size = 1571467, upload-time = "2026-02-20T20:49:33.495Z" },
    { url = "https://files.pythonhosted.org/packages/2a/50/2649fe21fcc2b56659a452868e695634722a6655ba245d9f77f5656010bf/greenlet-3.3.2-cp312-cp312-musllinux_1_2_x86_64.whl", hash = "sha256:6c6f8ba97d17a1e7d664151284cb3315fc5f8353e75221ed4324f84eb162b395", size = 1640001, upload-time = "2026-02-20T20:21:09.154Z" },
    { url = "https://files.pythonhosted.org/packages/9b/40/cc802e067d02af8b60b6771cea7d57e21ef5e6659912814babb42b864713/greenlet-3.3.2-cp312-cp312-win_amd64.whl", hash = "sha256:34308836d8370bddadb41f5a7ce96879b72e2fdfb4e87729330c6ab52376409f", size = 231081, upload-time = "2026-02-20T20:17:28.121Z" },
    { url = "https://files.pythonhosted.org/packages/58/2e/fe7f36ff1982d6b10a60d5e0740c759259a7d6d2e1dc41da6d96de32fff6/greenlet-3.3.2-cp312-cp312-win_arm64.whl", hash = "sha256:d3a62fa76a32b462a97198e4c9e99afb9ab375115e74e9a83ce180e7a496f643", size = 230331, upload-time = "2026-02-20T20:17:23.34Z" },
    { url = "https://files.pythonhosted.org/packages/ac/48/f8b875fa7dea7dd9b33245e37f065af59df6a25af2f9561efa8d822fde51/greenlet-3.3.2-cp313-cp313-macosx_11_0_universal2.whl", hash = "sha256:aa6ac98bdfd716a749b84d4034486863fd81c3abde9aa3cf8eff9127981a4ae4", size = 279120, upload-time = "2026-02-20T20:19:01.9Z" },
    { url = "https://files.pythonhosted.org/packages/49/8d/9771d03e7a8b1ee456511961e1b97a6d77ae1dea4a34a5b98eee706689d3/greenlet-3.3.2-cp313-cp313-manylinux_2_24_aarch64.manylinux_2_28_aarch64.whl", hash = "sha256:ab0c7e7901a00bc0a7284907273dc165b32e0d109a6713babd04471327ff7986", size = 603238, upload-time = "2026-02-20T20:47:32.873Z" },
    { url = "https://files.pythonhosted.org/packages/59/0e/4223c2bbb63cd5c97f28ffb2a8aee71bdfb30b323c35d409450f51b91e3e/greenlet-3.3.2-cp313-cp313-manylinux_2_24_ppc64le.manylinux_2_28_ppc64le.whl", hash = "sha256:d248d8c23c67d2291ffd47af766e2a3aa9fa1c6703155c099feb11f526c63a92", size = 614219, upload-time = "2026-02-20T20:55:59.817Z" },
    { url = "https://files.pythonhosted.org/packages/7a/34/259b28ea7a2a0c904b11cd36c79b8cef8019b26ee5dbe24e73b469dea347/greenlet-3.3.2-cp313-cp313-manylinux_2_24_x86_64.manylinux_2_28_x86_64.whl", hash = "sha256:b6997d360a4e6a4e936c0f9625b1c20416b8a0ea18a8e19cabbefc712e7397ab", size = 616774, upload-time = "2026-02-20T20:21:02.454Z" },
    { url = "https://files.pythonhosted.org/packages/0a/03/996c2d1689d486a6e199cb0f1cf9e4aa940c500e01bdf201299d7d61fa69/greenlet-3.3.2-cp313-cp313-musllinux_1_2_aarch64.whl", hash = "sha256:64970c33a50551c7c50491671265d8954046cb6e8e2999aacdd60e439b70418a", size = 1571277, upload-time = "2026-02-20T20:49:34.795Z" },
    { url = "https://files.pythonhosted.org/packages/d9/c4/2570fc07f34a39f2caf0bf9f24b0a1a0a47bc2e8e465b2c2424821389dfc/greenlet-3.3.2-cp313-cp313-musllinux_1_2_x86_64.whl", hash = "sha256:1a9172f5bf6bd88e6ba5a84e0a68afeac9dc7b6b412b245dd64f52d83c81e55b", size = 1640455, upload-time = "2026-02-20T20:21:10.261Z" },
    { url = "https://files.pythonhosted.org/packages/91/39/5ef5aa23bc545aa0d31e1b9b55822b32c8da93ba657295840b6b34124009/greenlet-3.3.2-cp313-cp313-win_amd64.whl", hash = "sha256:a7945dd0eab63ded0a48e4dcade82939783c172290a7903ebde9e184333ca124", size = 230961, upload-time = "2026-02-20T20:16:58.461Z" },
    { url = "https://files.pythonhosted.org/packages/62/6b/a89f8456dcb06becff288f563618e9f20deed8dd29beea14f9a168aef64b/greenlet-3.3.2-cp313-cp313-win_arm64.whl", hash = "sha256:394ead29063ee3515b4e775216cb756b2e3b4a7e55ae8fd884f17fa579e6b327", size = 230221, upload-time = "2026-02-20T20:17:37.152Z" },
    { url = "https://files.pythonhosted.org/packages/3f/ae/8bffcbd373b57a5992cd077cbe8858fff39110480a9d50697091faea6f39/greenlet-3.3.2-cp314-cp314-macosx_11_0_universal2.whl", hash = "sha256:8d1658d7291f9859beed69a776c10822a0a799bc4bfe1bd4272bb60e62507dab", size = 279650, upload-time = "2026-02-20T20:18:00.783Z" },
    { url = "https://files.pythonhosted.org/packages/d1/c0/45f93f348fa49abf32ac8439938726c480bd96b2a3c6f4d949ec0124b69f/greenlet-3.3.2-cp314-cp314-manylinux_2_24_aarch64.manylinux_2_28_aarch64.whl", hash = "sha256:18cb1b7337bca281915b3c5d5ae19f4e76d35e1df80f4ad3c1a7be91fadf1082", size = 650295, upload-time = "2026-02-20T20:47:34.036Z" },
    { url = "https://files.pythonhosted.org/packages/b3/de/dd7589b3f2b8372069ab3e4763ea5329940fc7ad9dcd3e272a37516d7c9b/greenlet-3.3.2-cp314-cp314-manylinux_2_24_ppc64le.manylinux_2_28_ppc64le.whl", hash = "sha256:c2e47408e8ce1c6f1ceea0dffcdf6ebb85cc09e55c7af407c99f1112016e45e9", size = 662163, upload-time = "2026-02-20T20:56:01.295Z" },
    { url = "https://files.pythonhosted.org/packages/d2/d8/09bfa816572a4d83bccd6750df1926f79158b1c36c5f73786e26dbe4ee38/greenlet-3.3.2-cp314-cp314-manylinux_2_24_x86_64.manylinux_2_28_x86_64.whl", hash = "sha256:63d10328839d1973e5ba35e98cccbca71b232b14051fd957b6f8b6e8e80d0506", size = 664160, upload-time = "2026-02-20T20:21:04.015Z" },
    { url = "https://files.pythonhosted.org/packages/48/cf/56832f0c8255d27f6c35d41b5ec91168d74ec721d85f01a12131eec6b93c/greenlet-3.3.2-cp314-cp314-musllinux_1_2_aarch64.whl", hash = "sha256:8e4ab3cfb02993c8cc248ea73d7dae6cec0253e9afa311c9b37e603ca9fad2ce", size = 1619181, upload-time = "2026-02-20T20:49:36.052Z" },
    { url = "https://files.pythonhosted.org/packages/0a/23/b90b60a4aabb4cec0796e55f25ffbfb579a907c3898cd2905c8918acaa16/greenlet-3.3.2-cp314-cp314-musllinux_1_2_x86_64.whl", hash = "sha256:94ad81f0fd3c0c0681a018a976e5c2bd2ca2d9d94895f23e7bb1af4e8af4e2d5", size = 1687713, upload-time = "2026-02-20T20:21:11.684Z" },
    { url = "https://files.pythonhosted.org/packages/f3/ca/2101ca3d9223a1dc125140dbc063644dca76df6ff356531eb27bc267b446/greenlet-3.3.2-cp314-cp314-win_amd64.whl", hash = "sha256:8c4dd0f3997cf2512f7601563cc90dfb8957c0cff1e3a1b23991d4ea1776c492", size = 232034, upload-time = "2026-02-20T20:20:08.186Z" },
    { url = "https://files.pythonhosted.org/packages/f6/4a/ecf894e962a59dea60f04877eea0fd5724618da89f1867b28ee8b91e811f/greenlet-3.3.2-cp314-cp314-win_arm64.whl", hash = "sha256:cd6f9e2bbd46321ba3bbb4c8a15794d32960e3b0ae2cc4d49a1a53d314805d71", size = 231437, upload-time = "2026-02-20T20:18:59.722Z" },
    { url = "https://files.pythonhosted.org/packages/98/6d/8f2ef704e614bcf58ed43cfb8d87afa1c285e98194ab2cfad351bf04f81e/greenlet-3.3.2-cp314-cp314t-macosx_11_0_universal2.whl", hash = "sha256:e26e72bec7ab387ac80caa7496e0f908ff954f31065b0ffc1f8ecb1338b11b54", size = 286617, upload-time = "2026-02-20T20:19:29.856Z" },
    { url = "https://files.pythonhosted.org/packages/5e/0d/93894161d307c6ea237a43988f27eba0947b360b99ac5239ad3fe09f0b47/greenlet-3.3.2-cp314-cp314t-manylinux_2_24_aarch64.manylinux_2_28_aarch64.whl", hash = "sha256:8b466dff7a4ffda6ca975979bab80bdadde979e29fc947ac3be4451428d8b0e4", size = 655189, upload-time = "2026-02-20T20:47:35.742Z" },
    { url = "https://files.pythonhosted.org/packages/f5/2c/d2d506ebd8abcb57386ec4f7ba20f4030cbe56eae541bc6fd6ef399c0b41/greenlet-3.3.2-cp314-cp314t-manylinux_2_24_ppc64le.manylinux_2_28_ppc64le.whl", hash = "sha256:b8bddc5b73c9720bea487b3bffdb1840fe4e3656fba3bd40aa1489e9f37877ff", size = 658225, upload-time = "2026-02-20T20:56:02.527Z" },
    { url = "https://files.pythonhosted.org/packages/8e/30/3a09155fbf728673a1dea713572d2d31159f824a37c22da82127056c44e4/greenlet-3.3.2-cp314-cp314t-manylinux_2_24_x86_64.manylinux_2_28_x86_64.whl", hash = "sha256:b26b0f4428b871a751968285a1ac9648944cea09807177ac639b030bddebcea4", size = 657907, upload-time = "2026-02-20T20:21:05.259Z" },
    { url = "https://files.pythonhosted.org/packages/f3/fd/d05a4b7acd0154ed758797f0a43b4c0962a843bedfe980115e842c5b2d08/greenlet-3.3.2-cp314-cp314t-musllinux_1_2_aarch64.whl", hash = "sha256:1fb39a11ee2e4d94be9a76671482be9398560955c9e568550de0224e41104727", size = 1618857, upload-time = "2026-02-20T20:49:37.309Z" },
    { url = "https://files.pythonhosted.org/packages/6f/e1/50ee92a5db521de8f35075b5eff060dd43d39ebd46c2181a2042f7070385/greenlet-3.3.2-cp314-cp314t-musllinux_1_2_x86_64.whl", hash = "sha256:20154044d9085151bc309e7689d6f7ba10027f8f5a8c0676ad398b951913d89e", size = 1680010, upload-time = "2026-02-20T20:21:13.427Z" },
    { url = "https://files.pythonhosted.org/packages/29/4b/45d90626aef8e65336bed690106d1382f7a43665e2249017e9527df8823b/greenlet-3.3.2-cp314-cp314t-win_amd64.whl", hash = "sha256:c04c5e06ec3e022cbfe2cd4a846e1d4e50087444f875ff6d2c2ad8445495cf1a", size = 237086, upload-time = "2026-02-20T20:20:45.786Z" },
]

[[package]]
name = "h11"
version = "0.16.0"
source = { registry = "https://pypi.org/simple" }
sdist = { url = "https://files.pythonhosted.org/packages/01/ee/02a2c011bdab74c6fb3c75474d40b3052059d95df7e73351460c8588d963/h11-0.16.0.tar.gz", hash = "sha256:4e35b956cf45792e4caa5885e69fba00bdbc6ffafbfa020300e549b208ee5ff1", size = 101250, upload-time = "2025-04-24T03:35:25.427Z" }
wheels = [
    { url = "https://files.pythonhosted.org/packages/04/4b/29cac41a4d98d144bf5f6d33995617b185d14b22401f75ca86f384e87ff1/h11-0.16.0-py3-none-any.whl", hash = "sha256:63cf8bbe7522de3bf65932fda1d9c2772064ffb3dae62d55932da54b31cb6c86", size = 37515, upload-time = "2025-04-24T03:35:24.344Z" },
]

[[package]]
name = "sqlalchemy"
version = "2.0.23"
source = { registry = "https://pypi.org/simple" }
dependencies = [
    { name = "greenlet", version = "3.2.5", source = { registry = "https://pypi.org/simple" }, marker = "(python_full_version < '3.10' and platform_machine == 'AMD64') or (python_full_version < '3.10' and platform_machine == 'WIN32') or (python_full_version < '3.10' and platform_machine == 'aarch64') or (python_full_version < '3.10' and platform_machine == 'amd64') or (python_full_version < '3.10' and platform_machine == 'ppc64le') or (python_full_version < '3.10' and platform_machine == 'win32') or (python_full_version < '3.10' and platform_machine == 'x86_64')" },
    { name = "greenlet", version = "3.3.2", source = { registry = "https://pypi.org/simple" }, marker = "(python_full_version >= '3.10' and platform_machine == 'AMD64') or (python_full_version >= '3.10' and platform_machine == 'WIN32') or (python_full_version >= '3.10' and platform_machine == 'aarch64') or (python_full_version >= '3.10' and platform_machine == 'amd64') or (python_full_version >= '3.10' and platform_machine == 'ppc64le') or (python_full_version >= '3.10' and platform_machine == 'win32') or (python_full_version >= '3.10' and platform_machine == 'x86_64')" },
    { name = "typing-extensions" },
]
sdist = { url = "https://files.pythonhosted.org/packages/ee/46/a3196db7ffd2609c7935798730e21bed8806d9bf4401921587dac4be0747/SQLAlchemy-2.0.23.tar.gz", hash = "sha256:c1bda93cbbe4aa2aa0aa8655c5aeda505cd219ff3e8da91d1d329e143e4aff69", size = 9474103, upload-time = "2023-11-02T14:52:02.134Z" }
wheels = [
    { url = "https://files.pythonhosted.org/packages/53/ce/d7262dcc228f66c4d805c8975f71deca581e8a56b46612eb35708ec5cb51/SQLAlchemy-2.0.23-cp310-cp310-macosx_10_9_x86_64.whl", hash = "sha256:638c2c0b6b4661a4fd264f6fb804eccd392745c5887f9317feb64bb7cb03b3ea", size = 2063139, upload-time = "2023-11-02T15:46:20.056Z" },
    { url = "https://files.pythonhosted.org/packages/e7/25/cfcc50c21cb133ae44f9aba61b48285451b6ecb882af291fe9da6445f4da/SQLAlchemy-2.0.23-cp310-cp310-macosx_11_0_arm64.whl", hash = "sha256:e3b5036aa326dc2df50cba3c958e29b291a80f604b1afa4c8ce73e78e1c9f01d", size = 2054797, upload-time = "2023-11-02T15:46:24.409Z" },
    { url = "https://files.pythonhosted.org/packages/53/30/339fd68c0200a8f70d9198ca250c2ba0e4683ba11ba42423f300a041dfc9/SQLAlchemy-2.0.23-cp310-cp310-manylinux_2_17_aarch64.manylinux2014_aarch64.whl", hash = "sha256:787af80107fb691934a01889ca8f82a44adedbf5ef3d6ad7d0f0b9ac557e0c34", size = 3036611, upload-time = "2023-11-02T19:32:31.548Z" },
    { url = "https://files.pythonhosted.org/packages/aa/1c/0b66318368b1c9ef51c5c8560530b8ef842164e10eea08cacb06739388e0/SQLAlchemy-2.0.23-cp310-cp310-manylinux_2_17_x86_64.manylinux2014_x86_64.whl", hash = "sha256:c14eba45983d2f48f7546bb32b47937ee2cafae353646295f0e99f35b14286ab", size = 3044388, upload-time = "2023-11-02T15:53:03.539Z" },
    { url = "https://files.pythonhosted.org/packages/1d/40/9c7169cb4dc66c0a2d4cf5ff016faab417d30a1d2deea57780b329dd4fe5/SQLAlchemy-2.0.23-cp310-cp310-musllinux_1_1_aarch64.whl", hash = "sha256:0666031df46b9badba9bed00092a1ffa3aa063a5e68fa244acd9f08070e936d3", size = 3079318, upload-time = "2023-11-02T19:32:36.816Z" },
    { url = "https://files.pythonhosted.org/packages/ac/40/efe4320de1de9af3b6e538f89e2f1d56f83209fddbec77bafa06ee4f42c6/SQLAlchemy-2.0.23-cp310-cp310-musllinux_1_1_x86_64.whl", hash = "sha256:89a01238fcb9a8af118eaad3ffcc5dedaacbd429dc6fdc43fe430d3a941ff965", size = 3077310, upload-time = "2023-11-02T15:53:07.064Z" },
    { url = "https://files.pythonhosted.org/packages/f2/e0/fa52d06ed2ad85d6f3c61133559c7bc174e7dc6d3987a633ae9bbbd716bc/SQLAlchemy-2.0.23-cp310-cp310-win32.whl", hash = "sha256:cabafc7837b6cec61c0e1e5c6d14ef250b675fa9c3060ed8a7e38653bd732ff8", size = 2033698, upload-time = "2023-11-02T15:50:14.654Z" },
    { url = "https://files.pythonhosted.org/packages/2d/ca/1ad0106300c9cbd14e2b88bffe9f52f03ce2abe48f3b88747e520180014e/SQLAlchemy-2.0.23-cp310-cp310-win_amd64.whl", hash = "sha256:87a3d6b53c39cd173990de2f5f4b83431d534a74f0e2f88bd16eabb5667e65c6", size = 2058793, upload-time = "2023-11-02T15:50:18.254Z" },
    { url = "https://files.pythonhosted.org/packages/be/67/7c054e93e1cca2d04ed69548ebf21134ace9c74efd008f936aa371a001be/SQLAlchemy-2.0.23-cp311-cp311-macosx_10_9_x86_64.whl", hash = "sha256:d5578e6863eeb998980c212a39106ea139bdc0b3f73291b96e27c929c90cd8e1", size = 2064616, upload-time = "2023-11-02T15:16:18.124Z" },
    { url = "https://files.pythonhosted.org/packages/c7/55/d1d2ad054fb7e9188681d56df40ed81c2c198314a805b180b0ec99019da1/SQLAlchemy-2.0.23-cp311-cp311-macosx_11_0_arm64.whl", hash = "sha256:62d9e964870ea5ade4bc870ac4004c456efe75fb50404c03c5fd61f8bc669a72", size = 2055920, upload-time = "2023-11-02T15:16:23.831Z" },
    { url = "https://files.pythonhosted.org/packages/17/60/8cfa64fe57a8e9a5cca61027519e7fb44b0e9124a9cb0509708f30d38cc1/SQLAlchemy-2.0.23-cp311-cp311-manylinux_2_17_aarch64.manylinux2014_aarch64.whl", hash = "sha256:c80c38bd2ea35b97cbf7c21aeb129dcbebbf344ee01a7141016ab7b851464f8e", size = 3172630, upload-time = "2023-11-02T16:52:10.793Z" },
    { url = "https://files.pythonhosted.org/packages/90/00/f588b08bb2ce214df96e7a045ddf9ffafab6bfac75e6c75f0a50fb9f8d2a/SQLAlchemy-2.0.23-cp311-cp311-manylinux_2_17_x86_64.manylinux2014_x86_64.whl", hash = "sha256:75eefe09e98043cff2fb8af9796e20747ae870c903dc61d41b0c2e55128f958d", size = 3172623, upload-time = "2023-11-02T15:30:49.309Z" },
    { url = "https://files.pythonhosted.org/packages/5c/b2/4914a76c35952d899dc5f4385c55fab15b718e9aff68c8104a8d193c23bd/SQLAlchemy-2.0.23-cp311-cp311-musllinux_1_1_aarch64.whl", hash = "sha256:bd45a5b6c68357578263d74daab6ff9439517f87da63442d244f9f23df56138d", size = 3178817, upload-time = "2023-11-02T16:52:15.443Z" },
    { url = "https://files.pythonhosted.org/packages/90/63/981fb1f20f1705e0bd31153a68d0fdf59a3ae6e41baa8b410a9f0d5aa901/SQLAlchemy-2.0.23-cp311-cp311-musllinux_1_1_x86_64.whl", hash = "sha256:a86cb7063e2c9fb8e774f77fbf8475516d270a3e989da55fa05d08089d77f8c4", size = 3172928, upload-time = "2023-11-02T15:30:54.367Z" },
    { url = "https://files.pythonhosted.org/packages/d0/35/baf485da71f15b37d8d8e926d471490ed7b9c0ce1bd82da58f7d46509107/SQLAlchemy-2.0.23-cp311-cp311-win32.whl", hash = "sha256:b41f5d65b54cdf4934ecede2f41b9c60c9f785620416e8e6c48349ab18643855", size = 2033264, upload-time = "2023-11-02T15:20:36.614Z" },
    { url = "https://files.pythonhosted.org/packages/67/e7/7c77fd5290646f929b499992607cf1bc940573098a593080fcc8f7e13a08/SQLAlchemy-2.0.23-cp311-cp311-win_amd64.whl", hash = "sha256:9ca922f305d67605668e93991aaf2c12239c78207bca3b891cd51a4515c72e22", size = 2059355, upload-time = "2023-11-02T15:20:38.957Z" },
    { url = "https://files.pythonhosted.org/packages/2f/4e/cbbb63dc6eb55138311a949ab4221e69a0aff8d95bf294fd948727392a14/SQLAlchemy-2.0.23-cp312-cp312-macosx_10_9_x86_64.whl", hash = "sha256:d0f7fb0c7527c41fa6fcae2be537ac137f636a41b4c5a4c58914541e2f436b45", size = 2062508, upload-time = "2023-11-02T15:16:26.635Z" },
    { url = "https://files.pythonhosted.org/packages/5c/e4/f2b196d8779c09c32337ff1e17d6edd57547fe674413b3a82e42a370a65c/SQLAlchemy-2.0.23-cp312-cp312-macosx_11_0_arm64.whl", hash = "sha256:7c424983ab447dab126c39d3ce3be5bee95700783204a72549c3dceffe0fc8f4", size = 2055202, upload-time = "2023-11-02T15:16:29.395Z" },
    { url = "https://files.pythonhosted.org/packages/12/61/ee1619cea002a94e954c353c2e93a4da85cb1106a24a7c66d5794301e84e/SQLAlchemy-2.0.23-cp312-cp312-manylinux_2_17_aarch64.manylinux2014_aarch64.whl", hash = "sha256:f508ba8f89e0a5ecdfd3761f82dda2a3d7b678a626967608f4273e0dba8f07ac", size = 3207052, upload-time = "2023-11-02T16:52:18.86Z" },
    { url = "https://files.pythonhosted.org/packages/9c/af/c61d98f6c21f35b13f22259e38b47669afe960a348e2c01ce262f183dcbe/SQLAlchemy-2.0.23-cp312-cp312-manylinux_2_17_x86_64.manylinux2014_x86_64.whl", hash = "sha256:6463aa765cf02b9247e38b35853923edbf2f6fd1963df88706bc1d02410a5577", size = 3218600, upload-time = "2023-11-02T15:30:56.632Z" },
    { url = "https://files.pythonhosted.org/packages/36/70/202467dc568aa211d234acedab908ca4e09dfbb6b8eedc91217c2e9208ac/SQLAlchemy-2.0.23-cp312-cp312-musllinux_1_1_aarch64.whl", hash = "sha256:e599a51acf3cc4d31d1a0cf248d8f8d863b6386d2b6782c5074427ebb7803bda", size = 3211710, upload-time = "2023-11-02T16:52:22.593Z" },
    { url = "https://files.pythonhosted.org/packages/b7/a8/4495f521f8ac6bde513436867755788c9efe632cb2a2e9d5add880e889bb/SQLAlchemy-2.0.23-cp312-cp312-musllinux_1_1_x86_64.whl", hash = "sha256:fd54601ef9cc455a0c61e5245f690c8a3ad67ddb03d3b91c361d076def0b4c60", size = 3218047, upload-time = "2023-11-02T15:31:01.195Z" },
    { url = "https://files.pythonhosted.org/packages/4d/e0/d9551da0fc8c01c5a8342b7b30a7552329abf7a2a4a60411dd004e4b4501/SQLAlchemy-2.0.23-cp312-cp312-win32.whl", hash = "sha256:42d0b0290a8fb0165ea2c2781ae66e95cca6e27a2fbe1016ff8db3112ac1e846", size = 2031812, upload-time = "2023-11-02T15:20:41.889Z" },
    { url = "https://files.pythonhosted.org/packages/d3/8a/321205f6ab88307618650f916f7c04f51864cd716c9583a25230ace70dc3/SQLAlchemy-2.0.23-cp312-cp312-win_amd64.whl", hash = "sha256:227135ef1e48165f37590b8bfc44ed7ff4c074bf04dc8d6f8e7f1c14a94aa6ca", size = 2057952, upload-time = "2023-11-02T15:20:44.653Z" },
    { url = "https://files.pythonhosted.org/packages/62/20/3a0cbfbb17b311c6323769c09ec559a2324e09871a2f66d6040bec930031/SQLAlchemy-2.0.23-cp39-cp39-macosx_10_9_x86_64.whl", hash = "sha256:616fe7bcff0a05098f64b4478b78ec2dfa03225c23734d83d6c169eb41a93e55", size = 2066151, upload-time = "2023-11-02T15:46:26.668Z" },
    { url = "https://files.pythonhosted.org/packages/9b/41/e92e465f91aeeea7974a77549edc6736544cf881448ddb4b133903d008fe/SQLAlchemy-2.0.23-cp39-cp39-macosx_11_0_arm64.whl", hash = "sha256:0e680527245895aba86afbd5bef6c316831c02aa988d1aad83c47ffe92655e74", size = 2057641, upload-time = "2023-11-02T15:46:28.905Z" },
    { url = "https://files.pythonhosted.org/packages/55/b6/928ed9857b9974d40741bc1cd07f569f38904d13a5fa61fc782f3245e130/SQLAlchemy-2.0.23-cp39-cp39-manylinux_2_17_aarch64.manylinux2014_aarch64.whl", hash = "sha256:9585b646ffb048c0250acc7dad92536591ffe35dba624bb8fd9b471e25212a35", size = 3052037, upload-time = "2023-11-02T19:32:40.17Z" },
    { url = "https://files.pythonhosted.org/packages/5c/e7/d363abf1882ef31e780821b27bda4750d31fd46149da6b3741e99b23f873/SQLAlchemy-2.0.23-cp39-cp39-manylinux_2_17_x86_64.manylinux2014_x86_64.whl", hash = "sha256:4895a63e2c271ffc7a81ea424b94060f7b3b03b4ea0cd58ab5bb676ed02f4221", size = 3058943, upload-time = "2023-11-02T15:53:10.278Z" },
    { url = "https://files.pythonhosted.org/packages/36/29/15a839fa2faf9d588afd7d0ea4ed9c323232bc682dbb683daaca3fbec0f6/SQLAlchemy-2.0.23-cp39-cp39-musllinux_1_1_aarch64.whl", hash = "sha256:cc1d21576f958c42d9aec68eba5c1a7d715e5fc07825a629015fe8e3b0657fb0", size = 3099617, upload-time = "2023-11-02T19:32:43.281Z" },
    { url = "https://files.pythonhosted.org/packages/97/9b/bb6a4c80c2e62719330fcdb57f024329fb2a2ce17664ddabcc74d2cda812/SQLAlchemy-2.0.23-cp39-cp39-musllinux_1_1_x86_64.whl", hash = "sha256:967c0b71156f793e6662dd839da54f884631755275ed71f1539c95bbada9aaab", size = 3097418, upload-time = "2023-11-02T15:53:13.717Z" },
    { url = "https://files.pythonhosted.org/packages/da/9b/ba3591423ad1d62f0f98132040aba67ae460073ecbfa956df63014f89580/SQLAlchemy-2.0.23-cp39-cp39-win32.whl", hash = "sha256:0a8c6aa506893e25a04233bc721c6b6cf844bafd7250535abb56cb6cc1368884", size = 2036378, upload-time = "2023-11-02T15:50:20.495Z" },
    { url = "https://files.pythonhosted.org/packages/7c/1f/d34a789e188c754560f54893f9a559c432af3b3ef6d9401d406f10d6c1ab/SQLAlchemy-2.0.23-cp39-cp39-win_amd64.whl", hash = "sha256:f3420d00d2cb42432c1d0e44540ae83185ccbbc67a6054dcc8ab5387add6620b", size = 2061323, upload-time = "2023-11-02T15:50:23.013Z" },
    { url = "https://files.pythonhosted.org/packages/a9/a3/9afc2bf14c5892640c15d050bd9c9bfefead29cb041560734dff13bf0890/SQLAlchemy-2.0.23-py3-none-any.whl", hash = "sha256:31952bbc527d633b9479f5f81e8b9dfada00b91d6baba021a869095f1a97006d", size = 1854703, upload-time = "2023-11-02T15:32:06.218Z" },
]

[[package]]
name = "sqlalchemy-app"
version = "0.1.0"
source = { editable = "." }
dependencies = [
    { name = "sqlalchemy" },
    { name = "starlette" },
    { name = "uvicorn" },
]

[package.metadata]
requires-dist = [
    { name = "sqlalchemy", specifier = "==2.0.23" },
    { name = "starlette", specifier = "==0.13.8" },
    { name = "uvicorn", specifier = "==0.20.0" },
]

[[package]]
name = "starlette"
version = "0.13.8"
source = { registry = "https://pypi.org/simple" }
sdist = { url = "https://files.pythonhosted.org/packages/86/f5/2713195e0d2f449554f3e0b749cc9d8ec5d00035279d6dfa02d4410adcbd/starlette-0.13.8.tar.gz", hash = "sha256:82df29b2149437ad828a883674bf031788600c876dae50835e98398bd1706183", size = 49422, upload-time = "2020-08-14T03:53:01.564Z" }
wheels = [
    { url = "https://files.pythonhosted.org/packages/85/a1/309e5ca23ec0ab6757275c9be777430399c5292608e30f63fb2ab2acb8dc/starlette-0.13.8-py3-none-any.whl", hash = "sha256:40afea6ffa830849800cc4efdf006a86ad579d6ba6b64cb1925a1897b020ba6e", size = 60222, upload-time = "2020-08-14T03:53:00.426Z" },
]

[[package]]
name = "typing-extensions"
version = "4.15.0"
source = { registry = "https://pypi.org/simple" }
sdist = { url = "https://files.pythonhosted.org/packages/72/94/1a15dd82efb362ac84269196e94cf00f187f7ed21c242792a923cdb1c61f/typing_extensions-4.15.0.tar.gz", hash = "sha256:0cea48d173cc12fa28ecabc3b837ea3cf6f38c6d1136f85cbaaf598984861466", size = 109391, upload-time = "2025-08-25T13:49:26.313Z" }
wheels = [
    { url = "https://files.pythonhosted.org/packages/18/67/36e9267722cc04a6b9f15c7f3441c2363321a3ea07da7ae0c0707beb2a9c/typing_extensions-4.15.0-py3-none-any.whl", hash = "sha256:f0fa19c6845758ab08074a0cfa8b7aecb71c999ca73d62883bc25cc018c4e548", size = 44614, upload-time = "2025-08-25T13:49:24.86Z" },
]

[[package]]
name = "uvicorn"
version = "0.20.0"
source = { registry = "https://pypi.org/simple" }
dependencies = [
    { name = "click", version = "8.1.8", source = { registry = "https://pypi.org/simple" }, marker = "python_full_version < '3.10'" },
    { name = "click", version = "8.3.1", source = { registry = "https://pypi.org/simple" }, marker = "python_full_version >= '3.10'" },
    { name = "h11" },
]
sdist = { url = "https://files.pythonhosted.org/packages/95/3c/9f4650ff609370456f796bb96a355dcddef1ded67e05d1b4eb3481088329/uvicorn-0.20.0.tar.gz", hash = "sha256:a4e12017b940247f836bc90b72e725d7dfd0c8ed1c51eb365f5ba30d9f5127d8", size = 36809, upload-time = "2022-11-20T12:34:04.947Z" }
wheels = [
    { url = "https://files.pythonhosted.org/packages/96/f3/f39ac8ac3bdf356b4934b8f7e56173e96681f67ef0cd92bd33a5059fae9e/uvicorn-0.20.0-py3-none-any.whl", hash = "sha256:c3ed1598a5668208723f2bb49336f4509424ad198d6ab2615b7783db58d919fd", size = 56878, upload-time = "2022-11-20T12:34:01.117Z" },
]
