version = 1
revision = 3
requires-python = ">=3.9"
resolution-markers = [
    "python_full_version >= '3.13'",
    "python_full_version >= '3.10' and python_full_version < '3.13'",
    "python_full_version < '3.10'",
]

[[package]]
name = "hupper"
version = "1.12.1"
source = { registry = "https://pypi.org/simple" }
sdist = { url = "https://files.pythonhosted.org/packages/bd/e6/bb064537288eee2be97f3e0fcad8e7242bc5bbe9664ae57c7d29b3fa18c2/hupper-1.12.1.tar.gz", hash = "sha256:06bf54170ff4ecf4c84ad5f188dee3901173ab449c2608ad05b9bfd6b13e32eb", size = 43231, upload-time = "2024-01-26T09:14:57.294Z" }
wheels = [
    { url = "https://files.pythonhosted.org/packages/86/7d/3888833e4f5ea56af4a9935066ec09a83228e533d7b8877f65889d706ee4/hupper-1.12.1-py3-none-any.whl", hash = "sha256:e872b959f09d90be5fb615bd2e62de89a0b57efc037bdf9637fb09cdf8552b19", size = 22830, upload-time = "2024-01-26T09:14:55.176Z" },
]

[[package]]
name = "legacy-cgi"
version = "2.6.4"
source = { registry = "https://pypi.org/simple" }
sdist = { url = "https://files.pythonhosted.org/packages/f4/9c/91c7d2c5ebbdf0a1a510bfa0ddeaa2fbb5b78677df5ac0a0aa51cf7125b0/legacy_cgi-2.6.4.tar.gz", hash = "sha256:abb9dfc7835772f7c9317977c63253fd22a7484b5c9bbcdca60a29dcce97c577", size = 24603, upload-time = "2025-10-27T05:20:05.395Z" }
wheels = [
    { url = "https://files.pythonhosted.org/packages/8c/7e/e7394eeb49a41cc514b3eb49020223666cbf40d86f5721c2f07871e6d84a/legacy_cgi-2.6.4-py3-none-any.whl", hash = "sha256:7e235ce58bf1e25d1fc9b2d299015e4e2cd37305eccafec1e6bac3fc04b878cd", size = 20035, upload-time = "2025-10-27T05:20:04.289Z" },
]

[[package]]
name = "pastedeploy"
version = "3.1.0"
source = { registry = "https://pypi.org/simple" }
sdist = { url = "https://files.pythonhosted.org/packages/e3/97/0c4a613ec96a54d21daa7e089178263915554320402e89b4e319436a63cb/PasteDeploy-3.1.0.tar.gz", hash = "sha256:9ddbaf152f8095438a9fe81f82c78a6714b92ae8e066bed418b6a7ff6a095a95", size = 37841, upload-time = "2023-11-21T04:54:33.203Z" }
wheels = [
    { url = "https://files.pythonhosted.org/packages/85/30/cdddd9a88969683a59222a6d61cd6dce923977f2e9f9ffba38e1324149cd/PasteDeploy-3.1.0-py3-none-any.whl", hash = "sha256:76388ad53a661448d436df28c798063108f70e994ddc749540d733cdbd1b38cf", size = 16943, upload-time = "2023-11-21T04:54:28.226Z" },
]

[[package]]
name = "plaster"
version = "1.1.2"
source = { registry = "https://pypi.org/simple" }
sdist = { url = "https://files.pythonhosted.org/packages/26/93/66df0f87f1442d8afea8531ae8a4a9eca656006a54eac2b4489427e92c10/plaster-1.1.2.tar.gz", hash = "sha256:f8befc54bf8c1147c10ab40297ec84c2676fa2d4ea5d6f524d9436a80074ef98", size = 33232, upload-time = "2022-11-21T01:44:54.49Z" }
wheels = [
    { url = "https://files.pythonhosted.org/packages/e7/8b/3f98db1448e3b4d2d142716874a7e02f6101685fdaa0f55a8668e9ffa048/plaster-1.1.2-py2.py3-none-any.whl", hash = "sha256:42992ab1f4865f1278e2ad740e8ad145683bb4022e03534265528f0c23c0df2d", size = 11554, upload-time = "2022-11-21T01:44:52.984Z" },
]

[[package]]
name = "plaster-pastedeploy"
version = "1.0.1"
source = { registry = "https://pypi.org/simple" }
dependencies = [
    { name = "pastedeploy" },
    { name = "plaster" },
]
sdist = { url = "https://files.pythonhosted.org/packages/c7/af/01a22f73ce97c6375c88d7ceaf6f5f4f345e940da93c94f98833d898a449/plaster_pastedeploy-1.0.1.tar.gz", hash = "sha256:be262e6d2e41a7264875daa2fe2850cbb0615728bcdc92828fdc72736e381412", size = 20915, upload-time = "2022-11-07T01:23:05.348Z" }
wheels = [
    { url = "https://files.pythonhosted.org/packages/bd/30/2d4cf89035c22a89bf0e34dbc50fdc07c42c9bdc90fd972d495257ad2b6e/plaster_pastedeploy-1.0.1-py2.py3-none-any.whl", hash = "sha256:ad3550cc744648969ed3b810f33c9344f515ee8d8a8cec18e8f2c4a643c2181f", size = 7823, upload-time = "2022-11-07T01:23:03.23Z" },
]

[[package]]
name = "pyramid"
version = "2.0.2"
source = { registry = "https://pypi.org/simple" }
dependencies = [
    { name = "hupper" },
    { name = "plaster" },
    { name = "plaster-pastedeploy" },
    { name = "setuptools" },
    { name = "translationstring" },
    { name = "venusian" },
    { name = "webob" },
    { name = "zope-deprecation" },
    { name = "zope-interface", version = "8.0.1", source = { registry = "https://pypi.org/simple" }, marker = "python_full_version < '3.10'" },
    { name = "zope-interface", version = "8.2", source = { registry = "https://pypi.org/simple" }, marker = "python_full_version >= '3.10'" },
]
sdist = { url = "https://files.pythonhosted.org/packages/47/c3/5d5736e692fc7ff052577f03136b5edfdf1e2e177eff2f4b91206acae11d/pyramid-2.0.2.tar.gz", hash = "sha256:372138a738e4216535cc76dcce6eddd5a1aaca95130f2354fb834264c06f18de", size = 2637533, upload-time = "2023-08-25T06:33:23.642Z" }
wheels = [
    { url = "https://files.pythonhosted.org/packages/db/41/a2114b8dd2187ae007e022a2baabdc7937cc78211cefc0c01fc5452193af/pyramid-2.0.2-py3-none-any.whl", hash = "sha256:2e6585ac55c147f0a51bc00dadf72075b3bdd9a871b332ff9e5e04117ccd76fa", size = 247277, upload-time = "2023-08-25T06:33:20.883Z" },
]

[[package]]
name = "pyramid-app"
version = "0.1.0"
source = { editable = "." }
dependencies = [
    { name = "pyramid" },
    { name = "waitress" },
]

[package.metadata]
requires-dist = [
    { name = "pyramid", specifier = "==2.0.2" },
    { name = "waitress", specifier = "==3.0.2" },
]

[[package]]
name = "setuptools"
version = "82.0.1"
source = { registry = "https://pypi.org/simple" }
sdist = { url = "https://files.pythonhosted.org/packages/4f/db/cfac1baf10650ab4d1c111714410d2fbb77ac5a616db26775db562c8fab2/setuptools-82.0.1.tar.gz", hash = "sha256:7d872682c5d01cfde07da7bccc7b65469d3dca203318515ada1de5eda35efbf9", size = 1152316, upload-time = "2026-03-09T12:47:17.221Z" }
wheels = [
    { url = "https://files.pythonhosted.org/packages/9d/76/f789f7a86709c6b087c5a2f52f911838cad707cc613162401badc665acfe/setuptools-82.0.1-py3-none-any.whl", hash = "sha256:a59e362652f08dcd477c78bb6e7bd9d80a7995bc73ce773050228a348ce2e5bb", size = 1006223, upload-time = "2026-03-09T12:47:15.026Z" },
]

[[package]]
name = "translationstring"
version = "1.4"
source = { registry = "https://pypi.org/simple" }
sdist = { url = "https://files.pythonhosted.org/packages/14/39/32325add93da9439775d7fe4b4887eb7986dbc1d5675b0431f4531f560e5/translationstring-1.4.tar.gz", hash = "sha256:bf947538d76e69ba12ab17283b10355a9ecfbc078e6123443f43f2107f6376f3", size = 24199, upload-time = "2020-07-09T11:58:32.041Z" }
wheels = [
    { url = "https://files.pythonhosted.org/packages/3b/98/36187601a15e3d37e9bfcf0e0e1055532b39d044353b06861c3a519737a9/translationstring-1.4-py2.py3-none-any.whl", hash = "sha256:5f4dc4d939573db851c8d840551e1a0fb27b946afe3b95aafc22577eed2d6262", size = 15028, upload-time = "2020-07-09T11:58:30.995Z" },
]

[[package]]
name = "venusian"
version = "3.1.1"
source = { registry = "https://pypi.org/simple" }
sdist = { url = "https://files.pythonhosted.org/packages/70/4c/eefa68085c555dc11e6744b9c6fbe5966b1c9378c47267776a448923e9a5/venusian-3.1.1.tar.gz", hash = "sha256:534fb3b355669283eb3954581931e5d1d071fce61d029d58f3219a5e3a6f0c41", size = 39269, upload-time = "2024-12-02T02:35:04.033Z" }
wheels = [
    { url = "https://files.pythonhosted.org/packages/5a/4b/34d926eba40db81b204066a60b4efdc5d8867a8efcbfe44d69b634b1c907/venusian-3.1.1-py3-none-any.whl", hash = "sha256:0845808a985976acbceaa1fbb871c7fac4fb28ae75453232970e9c2c2866dbf4", size = 14026, upload-time = "2024-12-02T02:35:03.056Z" },
]

[[package]]
name = "waitress"
version = "3.0.2"
source = { registry = "https://pypi.org/simple" }
sdist = { url = "https://files.pythonhosted.org/packages/bf/cb/04ddb054f45faa306a230769e868c28b8065ea196891f09004ebace5b184/waitress-3.0.2.tar.gz", hash = "sha256:682aaaf2af0c44ada4abfb70ded36393f0e307f4ab9456a215ce0020baefc31f", size = 179901, upload-time = "2024-11-16T20:02:35.195Z" }
wheels = [
    { url = "https://files.pythonhosted.org/packages/8d/57/a27182528c90ef38d82b636a11f606b0cbb0e17588ed205435f8affe3368/waitress-3.0.2-py3-none-any.whl", hash = "sha256:c56d67fd6e87c2ee598b76abdd4e96cfad1f24cacdea5078d382b1f9d7b5ed2e", size = 56232, upload-time = "2024-11-16T20:02:33.858Z" },
]

[[package]]
name = "webob"
version = "1.8.9"
source = { registry = "https://pypi.org/simple" }
dependencies = [
    { name = "legacy-cgi", marker = "python_full_version >= '3.13'" },
]
sdist = { url = "https://files.pythonhosted.org/packages/85/0b/1732085540b01f65e4e7999e15864fe14cd18b12a95731a43fd6fd11b26a/webob-1.8.9.tar.gz", hash = "sha256:ad6078e2edb6766d1334ec3dee072ac6a7f95b1e32ce10def8ff7f0f02d56589", size = 279775, upload-time = "2024-10-24T03:19:20.651Z" }
wheels = [
    { url = "https://files.pythonhosted.org/packages/50/bd/c336448be43d40be28e71f2e0f3caf7ccb28e2755c58f4c02c065bfe3e8e/WebOb-1.8.9-py2.py3-none-any.whl", hash = "sha256:45e34c58ed0c7e2ecd238ffd34432487ff13d9ad459ddfd77895e67abba7c1f9", size = 115364, upload-time = "2024-10-24T03:19:18.642Z" },
]

[[package]]
name = "zope-deprecation"
version = "6.0"
source = { registry = "https://pypi.org/simple" }
dependencies = [
    { name = "setuptools" },
]
sdist = { url = "https://files.pythonhosted.org/packages/56/05/8eaa04876e1fde656f1bfd8f62a4140d7ac23bcf16db67dd4036698dae1f/zope_deprecation-6.0.tar.gz", hash = "sha256:18727ebda8e63a6d4bd28a290e8b46852e9f14473debb5cc40a0a2dccfadf15f", size = 24480, upload-time = "2025-09-12T07:06:06.779Z" }
wheels = [
    { url = "https://files.pythonhosted.org/packages/e9/ed/da7f8b1c73caf989a0ff7096cc73c59e6c36f35a8f967c51104098602e2d/zope_deprecation-6.0-py3-none-any.whl", hash = "sha256:ff72d51c88b516b9ddf2cfb826381cc49f99a6a89b7d35c97faca7bee3b46da6", size = 9512, upload-time = "2025-09-12T07:06:05.847Z" },
]

[[package]]
name = "zope-interface"
version = "8.0.1"
source = { registry = "https://pypi.org/simple" }
resolution-markers = [
    "python_full_version < '3.10'",
]
sdist = { url = "https://files.pythonhosted.org/packages/88/3a/7fcf02178b8fad0a51e67e32765cd039ae505d054d744d76b8c2bbcba5ba/zope_interface-8.0.1.tar.gz", hash = "sha256:eba5610d042c3704a48222f7f7c6ab5b243ed26f917e2bc69379456b115e02d1", size = 253746, upload-time = "2025-09-25T05:55:51.285Z" }
wheels = [
    { url = "https://files.pythonhosted.org/packages/75/e5/ffef169d17b92c6236b3b18b890c0ce73502f3cbd5b6532ff20d412d94a3/zope_interface-8.0.1-cp310-cp310-macosx_10_9_x86_64.whl", hash = "sha256:fd7195081b8637eeed8d73e4d183b07199a1dc738fb28b3de6666b1b55662570", size = 207364, upload-time = "2025-09-25T05:58:50.262Z" },
    { url = "https://files.pythonhosted.org/packages/35/b6/87aca626c09af829d3a32011599d6e18864bc8daa0ad3a7e258f3d7f8bcf/zope_interface-8.0.1-cp310-cp310-macosx_11_0_arm64.whl", hash = "sha256:f7c4bc4021108847bce763673ce70d0716b08dfc2ba9889e7bad46ac2b3bb924", size = 207901, upload-time = "2025-09-25T05:58:51.74Z" },
    { url = "https://files.pythonhosted.org/packages/d8/c1/eec33cc9f847ebeb0bc6234d7d45fe3fc0a6fe8fc5b5e6be0442bd2c684d/zope_interface-8.0.1-cp310-cp310-manylinux1_i686.manylinux2014_i686.manylinux_2_17_i686.manylinux_2_5_i686.whl", hash = "sha256:758803806b962f32c87b31bb18c298b022965ba34fe532163831cc39118c24ab", size = 249358, upload-time = "2025-09-25T05:58:16.979Z" },
    { url = "https://files.pythonhosted.org/packages/58/7d/1e3476a1ef0175559bd8492dc7bb921ad0df5b73861d764b1f824ad5484a/zope_interface-8.0.1-cp310-cp310-manylinux1_x86_64.manylinux2014_x86_64.manylinux_2_17_x86_64.manylinux_2_5_x86_64.whl", hash = "sha256:f8e88f35f86bbe8243cad4b2972deef0fdfca0a0723455abbebdc83bbab96b69", size = 254475, upload-time = "2025-09-25T05:58:10.032Z" },
    { url = "https://files.pythonhosted.org/packages/bc/67/ba5ea98ff23f723c5cbe7db7409f2e43c9fe2df1ced67881443c01e64478/zope_interface-8.0.1-cp310-cp310-manylinux2014_aarch64.manylinux_2_17_aarch64.whl", hash = "sha256:7844765695937d9b0d83211220b72e2cf6ac81a08608ad2b58f2c094af498d83", size = 254913, upload-time = "2025-09-25T06:26:22.263Z" },
    { url = "https://files.pythonhosted.org/packages/2b/a7/b1b8b6c13fba955c043cdee409953ee85f652b106493e2e931a84f95c1aa/zope_interface-8.0.1-cp310-cp310-win_amd64.whl", hash = "sha256:64fa7b206dd9669f29d5c1241a768bebe8ab1e8a4b63ee16491f041e058c09d0", size = 211753, upload-time = "2025-09-25T05:59:00.561Z" },
    { url = "https://files.pythonhosted.org/packages/f2/2f/c10c739bcb9b072090c97c2e08533777497190daa19d190d72b4cce9c7cb/zope_interface-8.0.1-cp311-cp311-macosx_10_9_x86_64.whl", hash = "sha256:4bd01022d2e1bce4a4a4ed9549edb25393c92e607d7daa6deff843f1f68b479d", size = 207903, upload-time = "2025-09-25T05:58:21.671Z" },
    { url = "https://files.pythonhosted.org/packages/b5/e1/9845ac3697f108d9a1af6912170c59a23732090bbfb35955fe77e5544955/zope_interface-8.0.1-cp311-cp311-macosx_11_0_arm64.whl", hash = "sha256:29be8db8b712d94f1c05e24ea230a879271d787205ba1c9a6100d1d81f06c69a", size = 208345, upload-time = "2025-09-25T05:58:24.217Z" },
    { url = "https://files.pythonhosted.org/packages/f2/49/6573bc8b841cfab18e80c8e8259f1abdbbf716140011370de30231be79ad/zope_interface-8.0.1-cp311-cp311-manylinux1_i686.manylinux2014_i686.manylinux_2_17_i686.manylinux_2_5_i686.whl", hash = "sha256:51ae1b856565b30455b7879fdf0a56a88763b401d3f814fa9f9542d7410dbd7e", size = 255027, upload-time = "2025-09-25T05:58:19.975Z" },
    { url = "https://files.pythonhosted.org/packages/e2/fd/908b0fd4b1ab6e412dfac9bd2b606f2893ef9ba3dd36d643f5e5b94c57b3/zope_interface-8.0.1-cp311-cp311-manylinux1_x86_64.manylinux2014_x86_64.manylinux_2_17_x86_64.manylinux_2_5_x86_64.whl", hash = "sha256:d2e7596149cb1acd1d4d41b9f8fe2ffc0e9e29e2e91d026311814181d0d9efaf", size = 259800, upload-time = "2025-09-25T05:58:11.487Z" },
    { url = "https://files.pythonhosted.org/packages/dc/78/8419a2b4e88410520ed4b7f93bbd25a6d4ae66c4e2b131320f2b90f43077/zope_interface-8.0.1-cp311-cp311-manylinux2014_aarch64.manylinux_2_17_aarch64.whl", hash = "sha256:b2737c11c34fb9128816759864752d007ec4f987b571c934c30723ed881a7a4f", size = 260978, upload-time = "2025-09-25T06:26:24.483Z" },
    { url = "https://files.pythonhosted.org/packages/e5/90/caf68152c292f1810e2bd3acd2177badf08a740aa8a348714617d6c9ad0b/zope_interface-8.0.1-cp311-cp311-win_amd64.whl", hash = "sha256:cf66e4bf731aa7e0ced855bb3670e8cda772f6515a475c6a107bad5cb6604103", size = 212155, upload-time = "2025-09-25T05:59:40.318Z" },
    { url = "https://files.pythonhosted.org/packages/dc/a6/0f08713ddda834c428ebf97b2a7fd8dea50c0100065a8955924dbd94dae8/zope_interface-8.0.1-cp312-cp312-macosx_10_9_x86_64.whl", hash = "sha256:115f27c1cc95ce7a517d960ef381beedb0a7ce9489645e80b9ab3cbf8a78799c", size = 208609, upload-time = "2025-09-25T05:58:53.698Z" },
    { url = "https://files.pythonhosted.org/packages/e9/5e/d423045f54dc81e0991ec655041e7a0eccf6b2642535839dd364b35f4d7f/zope_interface-8.0.1-cp312-cp312-macosx_11_0_arm64.whl", hash = "sha256:af655c573b84e3cb6a4f6fd3fbe04e4dc91c63c6b6f99019b3713ef964e589bc", size = 208797, upload-time = "2025-09-25T05:58:56.258Z" },
    { url = "https://files.pythonhosted.org/packages/c6/43/39d4bb3f7a80ebd261446792493cfa4e198badd47107224f5b6fe1997ad9/zope_interface-8.0.1-cp312-cp312-manylinux1_i686.manylinux2014_i686.manylinux_2_17_i686.manylinux_2_5_i686.whl", hash = "sha256:23f82ef9b2d5370750cc1bf883c3b94c33d098ce08557922a3fbc7ff3b63dfe1", size = 259242, upload-time = "2025-09-25T05:58:21.602Z" },
    { url = "https://files.pythonhosted.org/packages/da/29/49effcff64ef30731e35520a152a9dfcafec86cf114b4c2aff942e8264ba/zope_interface-8.0.1-cp312-cp312-manylinux1_x86_64.manylinux2014_x86_64.manylinux_2_17_x86_64.manylinux_2_5_x86_64.whl", hash = "sha256:35a1565d5244997f2e629c5c68715b3d9d9036e8df23c4068b08d9316dcb2822", size = 264696, upload-time = "2025-09-25T05:58:13.351Z" },
    { url = "https://files.pythonhosted.org/packages/c7/39/b947673ec9a258eeaa20208dd2f6127d9fbb3e5071272a674ebe02063a78/zope_interface-8.0.1-cp312-cp312-manylinux2014_aarch64.manylinux_2_17_aarch64.whl", hash = "sha256:029ea1db7e855a475bf88d9910baab4e94d007a054810e9007ac037a91c67c6f", size = 264229, upload-time = "2025-09-25T06:26:26.226Z" },
    { url = "https://files.pythonhosted.org/packages/8f/ee/eed6efd1fc3788d1bef7a814e0592d8173b7fe601c699b935009df035fc2/zope_interface-8.0.1-cp312-cp312-win_amd64.whl", hash = "sha256:0beb3e7f7dc153944076fcaf717a935f68d39efa9fce96ec97bafcc0c2ea6cab", size = 212270, upload-time = "2025-09-25T05:58:53.584Z" },
    { url = "https://files.pythonhosted.org/packages/5f/dc/3c12fca01c910c793d636ffe9c0984e0646abaf804e44552070228ed0ede/zope_interface-8.0.1-cp313-cp313-macosx_10_9_x86_64.whl", hash = "sha256:c7cc027fc5c61c5d69e5080c30b66382f454f43dc379c463a38e78a9c6bab71a", size = 208992, upload-time = "2025-09-25T05:58:40.712Z" },
    { url = "https://files.pythonhosted.org/packages/46/71/6127b7282a3e380ca927ab2b40778a9c97935a4a57a2656dadc312db5f30/zope_interface-8.0.1-cp313-cp313-macosx_11_0_arm64.whl", hash = "sha256:fcf9097ff3003b7662299f1c25145e15260ec2a27f9a9e69461a585d79ca8552", size = 209051, upload-time = "2025-09-25T05:58:42.182Z" },
    { url = "https://files.pythonhosted.org/packages/56/86/4387a9f951ee18b0e41fda77da77d59c33e59f04660578e2bad688703e64/zope_interface-8.0.1-cp313-cp313-manylinux1_i686.manylinux2014_i686.manylinux_2_17_i686.manylinux_2_5_i686.whl", hash = "sha256:6d965347dd1fb9e9a53aa852d4ded46b41ca670d517fd54e733a6b6a4d0561c2", size = 259223, upload-time = "2025-09-25T05:58:23.191Z" },
    { url = "https://files.pythonhosted.org/packages/61/08/ce60a114466abc067c68ed41e2550c655f551468ae17b4b17ea360090146/zope_interface-8.0.1-cp313-cp313-manylinux1_x86_64.manylinux2014_x86_64.manylinux_2_17_x86_64.manylinux_2_5_x86_64.whl", hash = "sha256:9a3b8bb77a4b89427a87d1e9eb969ab05e38e6b4a338a9de10f6df23c33ec3c2", size = 264690, upload-time = "2025-09-25T05:58:15.052Z" },
    { url = "https://files.pythonhosted.org/packages/36/9a/62a9ba3a919594605a07c34eee3068659bbd648e2fa0c4a86d876810b674/zope_interface-8.0.1-cp313-cp313-manylinux2014_aarch64.manylinux_2_17_aarch64.whl", hash = "sha256:87e6b089002c43231fb9afec89268391bcc7a3b66e76e269ffde19a8112fb8d5", size = 264201, upload-time = "2025-09-25T06:26:27.797Z" },
    { url = "https://files.pythonhosted.org/packages/da/06/8fe88bd7edef60566d21ef5caca1034e10f6b87441ea85de4bbf9ea74768/zope_interface-8.0.1-cp313-cp313-win_amd64.whl", hash = "sha256:64a43f5280aa770cbafd0307cb3d1ff430e2a1001774e8ceb40787abe4bb6658", size = 212273, upload-time = "2025-09-25T06:00:25.398Z" },
    { url = "https://files.pythonhosted.org/packages/e5/24/d5c5e7936e014276b7a98a076de4f5dc2587100fea95779c1e36650b8770/zope_interface-8.0.1-cp39-cp39-macosx_10_9_x86_64.whl", hash = "sha256:b84464a9fcf801289fa8b15bfc0829e7855d47fb4a8059555effc6f2d1d9a613", size = 207443, upload-time = "2025-09-25T05:59:34.299Z" },
    { url = "https://files.pythonhosted.org/packages/8a/76/565cf6db478ba344b27cfd6828f17da2888cf1beb521bce31142b3041fb5/zope_interface-8.0.1-cp39-cp39-macosx_11_0_arm64.whl", hash = "sha256:7b915cf7e747b5356d741be79a153aa9107e8923bc93bcd65fc873caf0fb5c50", size = 207928, upload-time = "2025-09-25T05:59:35.524Z" },
    { url = "https://files.pythonhosted.org/packages/65/03/9780355205c3b3f55e9ce700e52846b40d0bab99c078e102c0d7e2f3e022/zope_interface-8.0.1-cp39-cp39-manylinux1_i686.manylinux2014_i686.manylinux_2_17_i686.manylinux_2_5_i686.whl", hash = "sha256:110c73ddf974b369ef3c6e7b0d87d44673cf4914eba3fe8a33bfb21c6c606ad8", size = 248605, upload-time = "2025-09-25T05:58:25.586Z" },
    { url = "https://files.pythonhosted.org/packages/44/09/b10eda92f1373cd8e4e9dd376559414d1759a8b54e98eeef0d81844f0638/zope_interface-8.0.1-cp39-cp39-manylinux1_x86_64.manylinux2014_x86_64.manylinux_2_17_x86_64.manylinux_2_5_x86_64.whl", hash = "sha256:9e9bdca901c1bcc34e438001718512c65b3b8924aabcd732b6e7a7f0cd715f17", size = 253793, upload-time = "2025-09-25T05:58:16.92Z" },
    { url = "https://files.pythonhosted.org/packages/62/37/3529065a2b6b7dc8f287ff3c8d1e8b7d8c4681c069e520bd3c4ac995a95c/zope_interface-8.0.1-cp39-cp39-manylinux2014_aarch64.manylinux_2_17_aarch64.whl", hash = "sha256:bbd22d4801ad3e8ec704ba9e3e6a4ac2e875e4d77e363051ccb76153d24c5519", size = 254263, upload-time = "2025-09-25T06:26:29.371Z" },
    { url = "https://files.pythonhosted.org/packages/c3/31/42588bea7ddad3abd2d4987ec3b767bd09394cc091a4918b1cf7b9de07ae/zope_interface-8.0.1-cp39-cp39-win_amd64.whl", hash = "sha256:a0016ca85f93b938824e2f9a43534446e95134a2945b084944786e1ace2020bc", size = 211780, upload-time = "2025-09-25T05:59:50.015Z" },
]

[[package]]
name = "zope-interface"
version = "8.2"
source = { registry = "https://pypi.org/simple" }
resolution-markers = [
    "python_full_version >= '3.13'",
    "python_full_version >= '3.10' and python_full_version < '3.13'",
]
sdist = { url = "https://files.pythonhosted.org/packages/86/a4/77daa5ba398996d16bb43fc721599d27d03eae68fe3c799de1963c72e228/zope_interface-8.2.tar.gz", hash = "sha256:afb20c371a601d261b4f6edb53c3c418c249db1a9717b0baafc9a9bb39ba1224", size = 254019, upload-time = "2026-01-09T07:51:07.253Z" }
wheels = [
    { url = "https://files.pythonhosted.org/packages/b1/fa/6d9eb3a33998a3019d7eb4fa1802d01d6602fad90e0aea443e6e0fe8e49a/zope_interface-8.2-cp310-cp310-macosx_10_9_x86_64.whl", hash = "sha256:788c293f3165964ec6527b2d861072c68eef53425213f36d3893ebee89a89623", size = 207541, upload-time = "2026-01-09T08:04:55.378Z" },
    { url = "https://files.pythonhosted.org/packages/19/8c/ad23c96fdee84cb1f768f6695dac187cc26e9038e01c69713ba0f7dc46ab/zope_interface-8.2-cp310-cp310-macosx_11_0_arm64.whl", hash = "sha256:9a4e785097e741a1c953b3970ce28f2823bd63c00adc5d276f2981dd66c96c15", size = 208075, upload-time = "2026-01-09T08:04:57.118Z" },
    { url = "https://files.pythonhosted.org/packages/dd/35/1bfd5fec31a307f0cf4065ee74ade63858ded3e2a71e248f1508118fcc95/zope_interface-8.2-cp310-cp310-manylinux1_i686.manylinux2014_i686.manylinux_2_17_i686.manylinux_2_5_i686.whl", hash = "sha256:16c69da19a06566664ddd4785f37cad5693a51d48df1515d264c20d005d322e2", size = 249528, upload-time = "2026-01-09T08:04:59.074Z" },
    { url = "https://files.pythonhosted.org/packages/c6/3a/5d50b5fdb0f8226a2edff6adb7efdd3762ec95dff827dbab1761cb9a9e85/zope_interface-8.2-cp310-cp310-manylinux1_x86_64.manylinux2014_x86_64.manylinux_2_17_x86_64.manylinux_2_5_x86_64.whl", hash = "sha256:c31acfa3d7cde48bec45701b0e1f4698daffc378f559bfb296837d8c834732f6", size = 254646, upload-time = "2026-01-09T08:05:00.964Z" },
    { url = "https://files.pythonhosted.org/packages/2f/2a/ee7d675e151578eaf77828b8faac2b7ed9a69fead350bf5cf0e4afe7c73d/zope_interface-8.2-cp310-cp310-manylinux2014_aarch64.manylinux_2_17_aarch64.whl", hash = "sha256:0723507127f8269b8f3f22663168f717e9c9742107d1b6c9f419df561b71aa6d", size = 255083, upload-time = "2026-01-09T08:05:02.857Z" },
    { url = "https://files.pythonhosted.org/packages/5d/07/99e2342f976c3700e142eddc01524e375a9e9078869a6885d9c72f3a3659/zope_interface-8.2-cp310-cp310-win_amd64.whl", hash = "sha256:3bf73a910bb27344def2d301a03329c559a79b308e1e584686b74171d736be4e", size = 211924, upload-time = "2026-01-09T08:05:04.702Z" },
    { url = "https://files.pythonhosted.org/packages/98/97/9c2aa8caae79915ed64eb114e18816f178984c917aa9adf2a18345e4f2e5/zope_interface-8.2-cp311-cp311-macosx_10_9_x86_64.whl", hash = "sha256:c65ade7ea85516e428651048489f5e689e695c79188761de8c622594d1e13322", size = 208081, upload-time = "2026-01-09T08:05:06.623Z" },
    { url = "https://files.pythonhosted.org/packages/34/86/4e2fcb01a8f6780ac84923748e450af0805531f47c0956b83065c99ab543/zope_interface-8.2-cp311-cp311-macosx_11_0_arm64.whl", hash = "sha256:a1ef4b43659e1348f35f38e7d1a6bbc1682efde239761f335ffc7e31e798b65b", size = 208522, upload-time = "2026-01-09T08:05:07.986Z" },
    { url = "https://files.pythonhosted.org/packages/f6/eb/08e277da32ddcd4014922854096cf6dcb7081fad415892c2da1bedefbf02/zope_interface-8.2-cp311-cp311-manylinux1_i686.manylinux2014_i686.manylinux_2_17_i686.manylinux_2_5_i686.whl", hash = "sha256:dfc4f44e8de2ff4eba20af4f0a3ca42d3c43ab24a08e49ccd8558b7a4185b466", size = 255198, upload-time = "2026-01-09T08:05:09.532Z" },
    { url = "https://files.pythonhosted.org/packages/ea/a1/b32484f3281a5dc83bc713ad61eca52c543735cdf204543172087a074a74/zope_interface-8.2-cp311-cp311-manylinux1_x86_64.manylinux2014_x86_64.manylinux_2_17_x86_64.manylinux_2_5_x86_64.whl", hash = "sha256:8f094bfb49179ec5dc9981cb769af1275702bd64720ef94874d9e34da1390d4c", size = 259970, upload-time = "2026-01-09T08:05:11.477Z" },
    { url = "https://files.pythonhosted.org/packages/f6/81/bca0e8ae1e487d4093a8a7cfed2118aa2d4758c8cfd66e59d2af09d71f1c/zope_interface-8.2-cp311-cp311-manylinux2014_aarch64.manylinux_2_17_aarch64.whl", hash = "sha256:d2bb8e7364e18f083bf6744ccf30433b2a5f236c39c95df8514e3c13007098ce", size = 261153, upload-time = "2026-01-09T08:05:13.402Z" },
    { url = "https://files.pythonhosted.org/packages/40/1e/e3ff2a708011e56b10b271b038d4cb650a8ad5b7d24352fe2edf6d6b187a/zope_interface-8.2-cp311-cp311-win_amd64.whl", hash = "sha256:6f4b4dfcfdfaa9177a600bb31cebf711fdb8c8e9ed84f14c61c420c6aa398489", size = 212330, upload-time = "2026-01-09T08:05:15.267Z" },
    { url = "https://files.pythonhosted.org/packages/e0/a0/1e1fabbd2e9c53ef92b69df6d14f4adc94ec25583b1380336905dc37e9a0/zope_interface-8.2-cp312-cp312-macosx_10_9_x86_64.whl", hash = "sha256:624b6787fc7c3e45fa401984f6add2c736b70a7506518c3b537ffaacc4b29d4c", size = 208785, upload-time = "2026-01-09T08:05:17.348Z" },
    { url = "https://files.pythonhosted.org/packages/c3/2a/88d098a06975c722a192ef1fb7d623d1b57c6a6997cf01a7aabb45ab1970/zope_interface-8.2-cp312-cp312-macosx_11_0_arm64.whl", hash = "sha256:bc9ded9e97a0ed17731d479596ed1071e53b18e6fdb2fc33af1e43f5fd2d3aaa", size = 208976, upload-time = "2026-01-09T08:05:18.792Z" },
    { url = "https://files.pythonhosted.org/packages/e9/e8/757398549fdfd2f8c89f32c82ae4d2f0537ae2a5d2f21f4a2f711f5a059f/zope_interface-8.2-cp312-cp312-manylinux1_i686.manylinux2014_i686.manylinux_2_17_i686.manylinux_2_5_i686.whl", hash = "sha256:532367553e4420c80c0fc0cabcc2c74080d495573706f66723edee6eae53361d", size = 259411, upload-time = "2026-01-09T08:05:20.567Z" },
    { url = "https://files.pythonhosted.org/packages/91/af/502601f0395ce84dff622f63cab47488657a04d0065547df42bee3a680ff/zope_interface-8.2-cp312-cp312-manylinux1_x86_64.manylinux2014_x86_64.manylinux_2_17_x86_64.manylinux_2_5_x86_64.whl", hash = "sha256:2bf9cf275468bafa3c72688aad8cfcbe3d28ee792baf0b228a1b2d93bd1d541a", size = 264859, upload-time = "2026-01-09T08:05:22.234Z" },
    { url = "https://files.pythonhosted.org/packages/89/0c/d2f765b9b4814a368a7c1b0ac23b68823c6789a732112668072fe596945d/zope_interface-8.2-cp312-cp312-manylinux2014_aarch64.manylinux_2_17_aarch64.whl", hash = "sha256:0009d2d3c02ea783045d7804da4fd016245e5c5de31a86cebba66dd6914d59a2", size = 264398, upload-time = "2026-01-09T08:05:23.853Z" },
    { url = "https://files.pythonhosted.org/packages/4a/81/2f171fbc4222066957e6b9220c4fb9146792540102c37e6d94e5d14aad97/zope_interface-8.2-cp312-cp312-win_amd64.whl", hash = "sha256:845d14e580220ae4544bd4d7eb800f0b6034fe5585fc2536806e0a26c2ee6640", size = 212444, upload-time = "2026-01-09T08:05:25.148Z" },
    { url = "https://files.pythonhosted.org/packages/66/47/45188fb101fa060b20e6090e500682398ab415e516a0c228fbb22bc7def2/zope_interface-8.2-cp313-cp313-macosx_10_9_x86_64.whl", hash = "sha256:6068322004a0158c80dfd4708dfb103a899635408c67c3b10e9acec4dbacefec", size = 209170, upload-time = "2026-01-09T08:05:26.616Z" },
    { url = "https://files.pythonhosted.org/packages/09/03/f6b9336c03c2b48403c4eb73a1ec961d94dc2fb5354c583dfb5fa05fd41f/zope_interface-8.2-cp313-cp313-macosx_11_0_arm64.whl", hash = "sha256:2499de92e8275d0dd68f84425b3e19e9268cd1fa8507997900fa4175f157733c", size = 209229, upload-time = "2026-01-09T08:05:28.521Z" },
    { url = "https://files.pythonhosted.org/packages/07/b1/65fe1dca708569f302ade02e6cdca309eab6752bc9f80105514f5b708651/zope_interface-8.2-cp313-cp313-manylinux1_i686.manylinux2014_i686.manylinux_2_17_i686.manylinux_2_5_i686.whl", hash = "sha256:f777e68c76208503609c83ca021a6864902b646530a1a39abb9ed310d1100664", size = 259393, upload-time = "2026-01-09T08:05:29.897Z" },
    { url = "https://files.pythonhosted.org/packages/eb/a5/97b49cfceb6ed53d3dcfb3f3ebf24d83b5553194f0337fbbb3a9fec6cf78/zope_interface-8.2-cp313-cp313-manylinux1_x86_64.manylinux2014_x86_64.manylinux_2_17_x86_64.manylinux_2_5_x86_64.whl", hash = "sha256:9b05a919fdb0ed6ea942e5a7800e09a8b6cdae6f98fee1bef1c9d1a3fc43aaa0", size = 264863, upload-time = "2026-01-09T08:05:31.501Z" },
    { url = "https://files.pythonhosted.org/packages/cb/02/0b7a77292810efe3a0586a505b077ebafd5114e10c6e6e659f0c8e387e1f/zope_interface-8.2-cp313-cp313-manylinux2014_aarch64.manylinux_2_17_aarch64.whl", hash = "sha256:ccc62b5712dd7bd64cfba3ee63089fb11e840f5914b990033beeae3b2180b6cb", size = 264369, upload-time = "2026-01-09T08:05:32.941Z" },
    { url = "https://files.pythonhosted.org/packages/fb/1d/0d1ff3846302ed1b5bbf659316d8084b30106770a5f346b7ff4e9f540f80/zope_interface-8.2-cp313-cp313-win_amd64.whl", hash = "sha256:34f877d1d3bb7565c494ed93828fa6417641ca26faf6e8f044e0d0d500807028", size = 212447, upload-time = "2026-01-09T08:05:35.064Z" },
    { url = "https://files.pythonhosted.org/packages/1a/da/3c89de3917751446728b8898b4d53318bc2f8f6bf8196e150a063c59905e/zope_interface-8.2-cp314-cp314-macosx_10_9_x86_64.whl", hash = "sha256:46c7e4e8cbc698398a67e56ca985d19cb92365b4aafbeb6a712e8c101090f4cb", size = 209223, upload-time = "2026-01-09T08:05:36.449Z" },
    { url = "https://files.pythonhosted.org/packages/00/7f/62d00ec53f0a6e5df0c984781e6f3999ed265129c4c3413df8128d1e0207/zope_interface-8.2-cp314-cp314-macosx_11_0_arm64.whl", hash = "sha256:a87fc7517f825a97ff4a4ca4c8a950593c59e0f8e7bfe1b6f898a38d5ba9f9cf", size = 209366, upload-time = "2026-01-09T08:05:38.197Z" },
    { url = "https://files.pythonhosted.org/packages/ef/a2/f241986315174be8e00aabecfc2153cf8029c1327cab8ed53a9d979d7e08/zope_interface-8.2-cp314-cp314-manylinux1_i686.manylinux2014_i686.manylinux_2_17_i686.manylinux_2_5_i686.whl", hash = "sha256:ccf52f7d44d669203c2096c1a0c2c15d52e36b2e7a9413df50f48392c7d4d080", size = 261037, upload-time = "2026-01-09T08:05:39.568Z" },
    { url = "https://files.pythonhosted.org/packages/02/cc/b321c51d6936ede296a1b8860cf173bee2928357fe1fff7f97234899173f/zope_interface-8.2-cp314-cp314-manylinux1_x86_64.manylinux2014_x86_64.manylinux_2_17_x86_64.manylinux_2_5_x86_64.whl", hash = "sha256:aae807efc7bd26302eb2fea05cd6de7d59269ed6ae23a6de1ee47add6de99b8c", size = 264219, upload-time = "2026-01-09T08:05:41.624Z" },
    { url = "https://files.pythonhosted.org/packages/ab/fb/5f5e7b40a2f4efd873fe173624795ca47eaa22e29051270c981361b45209/zope_interface-8.2-cp314-cp314-manylinux2014_aarch64.manylinux_2_17_aarch64.whl", hash = "sha256:05a0e42d6d830f547e114de2e7cd15750dc6c0c78f8138e6c5035e51ddfff37c", size = 264390, upload-time = "2026-01-09T08:05:42.936Z" },
    { url = "https://files.pythonhosted.org/packages/f9/82/3f2bc594370bc3abd58e5f9085d263bf682a222f059ed46275cde0570810/zope_interface-8.2-cp314-cp314-win_amd64.whl", hash = "sha256:561ce42390bee90bae51cf1c012902a8033b2aaefbd0deed81e877562a116d48", size = 212585, upload-time = "2026-01-09T08:05:44.419Z" },
]
